{
  "version": 4,
  "terraform_version": "1.9.7",
  "serial": 91,
  "lineage": "de250707-db51-c5eb-99c6-93aefb48f142",
  "outputs": {},
  "resources": [
    {
      "mode": "managed",
      "type": "helm_release",
      "name": "keycloak",
      "provider": "provider[\"registry.terraform.io/hashicorp/helm\"]",
      "instances": [
        {
          "schema_version": 1,
          "attributes": {
            "atomic": false,
            "chart": "keycloak",
            "cleanup_on_fail": false,
            "create_namespace": false,
            "dependency_update": false,
            "description": null,
            "devel": null,
            "disable_crd_hooks": false,
            "disable_openapi_validation": false,
            "disable_webhooks": false,
            "force_update": false,
            "id": "keycloak",
            "keyring": null,
            "lint": false,
            "manifest": null,
            "max_history": 0,
            "metadata": [
              {
                "app_version": "26.0.0",
                "chart": "keycloak",
                "first_deployed": 1728665724,
                "last_deployed": 1728665724,
                "name": "keycloak",
                "namespace": "gamify-it",
                "notes": "CHART NAME: keycloak\nCHART VERSION: 24.0.0\nAPP VERSION: 26.0.0\n\n** Please be patient while the chart is being deployed **\n\nKeycloak can be accessed through the following DNS name from within your cluster:\n\n    gamify-it-keycloak.gamify-it.svc.cluster.local (port 80)\n\nTo access Keycloak from outside the cluster execute the following commands:\n\n1. Get the Keycloak URL by running these commands:\n\n    export HTTP_SERVICE_PORT=$(kubectl get --namespace gamify-it -o jsonpath=\"{.spec.ports[?(@.name=='http')].port}\" services gamify-it-keycloak)\n    kubectl port-forward --namespace gamify-it svc/gamify-it-keycloak ${HTTP_SERVICE_PORT}:${HTTP_SERVICE_PORT} \u0026\n\n    echo \"http://127.0.0.1:${HTTP_SERVICE_PORT}/\"\n\n2. Access Keycloak using the obtained URL.\n3. Access the Administration Console using the following credentials:\n\n  echo Username: admin\n  echo Password: $(kubectl get secret --namespace gamify-it gamify-it-keycloak -o jsonpath=\"{.data.admin-password}\" | base64 -d)\n\nYou can access the Prometheus metrics following the steps below:\n\n1. Get the Keycloak Prometheus metrics URL by running:\n    kubectl port-forward --namespace gamify-it svc/gamify-it-keycloak-metrics 8080:8080 \u0026\n    echo \"Keycloak Prometheus metrics URL: http://127.0.0.1:8080/metrics\"\n\n2. Open a browser and access Keycloak Prometheus metrics using the obtained URL.\nWARNING: Rolling tag detected (bitnami/keycloak:26), please note that it is strongly recommended to avoid using rolling tags in a production environment.\n+info https://docs.vmware.com/en/VMware-Tanzu-Application-Catalog/services/tutorials/GUID-understand-rolling-tags-containers-index.html\n\nWARNING: There are \"resources\" sections in the chart not set. Using \"resourcesPreset\" is not recommended for production. For production installations, please set the following values according to your workload needs:\n  - resources\n+info https://kubernetes.io/docs/concepts/configuration/manage-resources-containers/\nCHART NAME: postgresql\nCHART VERSION: 16.0.1\nAPP VERSION: 17.0.0\n\n** Please be patient while the chart is being deployed **\n\nPostgreSQL can be accessed via port 5432 on the following DNS names from within your cluster:\n\n    keycloak-postgresql.gamify-it.svc.cluster.local - Read/Write connection\n\nTo get the password for \"postgres\" run:\n\n    export POSTGRES_ADMIN_PASSWORD=$(kubectl get secret --namespace gamify-it keycloak-postgresql -o jsonpath=\"{.data.postgres-password}\" | base64 -d)\n\nTo get the password for \"gamify-it\" run:\n\n    export POSTGRES_PASSWORD=$(kubectl get secret --namespace gamify-it keycloak-postgresql -o jsonpath=\"{.data.password}\" | base64 -d)\n\nTo connect to your database run the following command:\n\n    kubectl run keycloak-postgresql-client --rm --tty -i --restart='Never' --namespace gamify-it --image docker.io/bitnami/postgresql:17.0.0-debian-12-r1 --env=\"PGPASSWORD=$POSTGRES_PASSWORD\" \\\n      --command -- psql --host keycloak-postgresql -U gamify-it -d gamify-it -p 5432\n\n    \u003e NOTE: If you access the container using bash, make sure that you execute \"/opt/bitnami/scripts/postgresql/entrypoint.sh /bin/bash\" in order to avoid the error \"psql: local user with ID 1001} does not exist\"\n\nTo connect to your database from outside the cluster execute the following commands:\n\n    kubectl port-forward --namespace gamify-it svc/keycloak-postgresql 5432:5432 \u0026\n    PGPASSWORD=\"$POSTGRES_PASSWORD\" psql --host 127.0.0.1 -U gamify-it -d gamify-it -p 5432\n\nWARNING: The configured password will be ignored on new installation in case when previous PostgreSQL release was deleted through the helm command. In that case, old PVC will have an old password, and setting it through helm won't take effect. Deleting persistent volumes (PVs) will solve the issue.\n\nWARNING: There are \"resources\" sections in the chart not set. Using \"resourcesPreset\" is not recommended for production. For production installations, please set the following values according to your workload needs:\n  - primary.resources\n  - readReplicas.resources\n+info https://kubernetes.io/docs/concepts/configuration/manage-resources-containers/",
                "revision": 1,
                "values": "{\"auth\":{\"adminPassword\":\"admin\",\"adminUser\":\"admin\"},\"extraEnvVars\":[{\"name\":\"KEYCLOAK_EXTRA_ARGS\",\"value\":\"--import-realm\"}],\"extraVolumeMounts\":[{\"mountPath\":\"/opt/bitnami/keycloak/data/import\",\"name\":\"gamify-it-keycloak-realm\"}],\"extraVolumes\":[{\"configMap\":{\"name\":\"gamify-it-keycloak-realm-config\"},\"name\":\"gamify-it-keycloak-realm\"}],\"fullnameOverride\":\"gamify-it-keycloak\",\"httpRelativePath\":\"/keycloak/\",\"image\":{\"tag\":\"26\"},\"metrics\":{\"enabled\":true},\"postgresql\":{\"auth\":{\"database\":\"gamify-it\",\"password\":\"JZE68rzESNw0Uxnf5FpZFMX9qZA5DFjY\",\"username\":\"gamify-it\"}},\"production\":true,\"proxy\":\"edge\"}",
                "version": "24.0.0"
              }
            ],
            "name": "keycloak",
            "namespace": "gamify-it",
            "pass_credentials": false,
            "postrender": [],
            "recreate_pods": false,
            "render_subchart_notes": true,
            "replace": false,
            "repository": "oci://registry-1.docker.io/bitnamicharts",
            "repository_ca_file": null,
            "repository_cert_file": null,
            "repository_key_file": null,
            "repository_password": null,
            "repository_username": null,
            "reset_values": false,
            "reuse_values": false,
            "set": [],
            "set_list": [],
            "set_sensitive": [],
            "skip_crds": false,
            "status": "deployed",
            "timeout": 300,
            "upgrade_install": null,
            "values": [
              "fullnameOverride: \"gamify-it-keycloak\"\r\nimage:\r\n  tag: \"26\"\r\nextraEnvVars:\r\n  - name: \"KEYCLOAK_EXTRA_ARGS\"\r\n    value: \"--import-realm\"\r\nauth:\r\n  adminUser: admin\r\n  adminPassword: admin\r\nproxy: \"edge\"\r\nproduction: true\r\npostgresql:\r\n  auth:\r\n    username: \"gamify-it\"\r\n    password: \"JZE68rzESNw0Uxnf5FpZFMX9qZA5DFjY\"\r\n    database: \"gamify-it\"\r\nhttpRelativePath: \"/keycloak/\"\r\nmetrics:\r\n  enabled: true\r\nextraVolumes:\r\n  - name: gamify-it-keycloak-realm\r\n    configMap:\r\n       name: gamify-it-keycloak-realm-config\r\nextraVolumeMounts:\r\n  - name: gamify-it-keycloak-realm\r\n    mountPath: \"/opt/bitnami/keycloak/data/import\"\r\n"
            ],
            "verify": false,
            "version": "24.0.0",
            "wait": true,
            "wait_for_jobs": false
          },
          "sensitive_attributes": [
            [
              {
                "type": "get_attr",
                "value": "values"
              },
              {
                "type": "index",
                "value": {
                  "value": 0,
                  "type": "number"
                }
              }
            ],
            [
              {
                "type": "get_attr",
                "value": "repository_password"
              }
            ]
          ],
          "private": "eyJzY2hlbWFfdmVyc2lvbiI6IjEifQ==",
          "dependencies": [
            "kubernetes_config_map.keycloak_realm_config",
            "kubernetes_namespace.gamify-it",
            "random_password.keycloak_db_password"
          ]
        }
      ]
    },
    {
      "mode": "managed",
      "type": "helm_release",
      "name": "postgres_db",
      "provider": "provider[\"registry.terraform.io/hashicorp/helm\"]",
      "instances": [
        {
          "index_key": "bugfinder",
          "schema_version": 1,
          "attributes": {
            "atomic": false,
            "chart": "postgresql",
            "cleanup_on_fail": false,
            "create_namespace": false,
            "dependency_update": false,
            "description": null,
            "devel": null,
            "disable_crd_hooks": false,
            "disable_openapi_validation": false,
            "disable_webhooks": false,
            "force_update": false,
            "id": "gamify-it-bugfinder-db",
            "keyring": null,
            "lint": false,
            "manifest": null,
            "max_history": 0,
            "metadata": [
              {
                "app_version": "17.0.0",
                "chart": "postgresql",
                "first_deployed": 1728665719,
                "last_deployed": 1728665719,
                "name": "gamify-it-bugfinder-db",
                "namespace": "gamify-it",
                "notes": "CHART NAME: postgresql\nCHART VERSION: 16.0.1\nAPP VERSION: 17.0.0\n\n** Please be patient while the chart is being deployed **\n\nPostgreSQL can be accessed via port 5432 on the following DNS names from within your cluster:\n\n    gamify-it-bugfinder-db.gamify-it.svc.cluster.local - Read/Write connection\n\nTo get the password for \"postgres\" run:\n\n    export POSTGRES_PASSWORD=$(kubectl get secret --namespace gamify-it gamify-it-bugfinder-db -o jsonpath=\"{.data.postgres-password}\" | base64 -d)\n\nTo connect to your database run the following command:\n\n    kubectl run gamify-it-bugfinder-db-client --rm --tty -i --restart='Never' --namespace gamify-it --image docker.io/bitnami/postgresql:17.0.0-debian-12-r1 --env=\"PGPASSWORD=$POSTGRES_PASSWORD\" \\\n      --command -- psql --host gamify-it-bugfinder-db -U postgres -d gropius -p 5432\n\n    \u003e NOTE: If you access the container using bash, make sure that you execute \"/opt/bitnami/scripts/postgresql/entrypoint.sh /bin/bash\" in order to avoid the error \"psql: local user with ID 1001} does not exist\"\n\nTo connect to your database from outside the cluster execute the following commands:\n\n    kubectl port-forward --namespace gamify-it svc/gamify-it-bugfinder-db 5432:5432 \u0026\n    PGPASSWORD=\"$POSTGRES_PASSWORD\" psql --host 127.0.0.1 -U postgres -d gropius -p 5432\n\nWARNING: The configured password will be ignored on new installation in case when previous PostgreSQL release was deleted through the helm command. In that case, old PVC will have an old password, and setting it through helm won't take effect. Deleting persistent volumes (PVs) will solve the issue.\n\nWARNING: There are \"resources\" sections in the chart not set. Using \"resourcesPreset\" is not recommended for production. For production installations, please set the following values according to your workload needs:\n  - primary.resources\n  - readReplicas.resources\n+info https://kubernetes.io/docs/concepts/configuration/manage-resources-containers/",
                "revision": 1,
                "values": "{\"fullnameOverride\":\"gamify-it-bugfinder-db\",\"global\":{\"postgresql\":{\"auth\":{\"database\":\"gropius\",\"password\":\"zlKu1BPdR6UfcwKUNIP9AQoc2zPtz3Lv\",\"username\":\"postgres\"}}},\"postgres\":{\"auth\":{\"enablePostgresUser\":false}}}",
                "version": "16.0.1"
              }
            ],
            "name": "gamify-it-bugfinder-db",
            "namespace": "gamify-it",
            "pass_credentials": false,
            "postrender": [],
            "recreate_pods": false,
            "render_subchart_notes": true,
            "replace": false,
            "repository": "oci://registry-1.docker.io/bitnamicharts",
            "repository_ca_file": null,
            "repository_cert_file": null,
            "repository_key_file": null,
            "repository_password": null,
            "repository_username": null,
            "reset_values": false,
            "reuse_values": false,
            "set": [
              {
                "name": "fullnameOverride",
                "type": "",
                "value": "gamify-it-bugfinder-db"
              },
              {
                "name": "global.postgresql.auth.database",
                "type": "",
                "value": "gropius"
              },
              {
                "name": "global.postgresql.auth.password",
                "type": "",
                "value": "zlKu1BPdR6UfcwKUNIP9AQoc2zPtz3Lv"
              },
              {
                "name": "global.postgresql.auth.username",
                "type": "",
                "value": "postgres"
              },
              {
                "name": "postgres.auth.enablePostgresUser",
                "type": "",
                "value": "false"
              }
            ],
            "set_list": [],
            "set_sensitive": [],
            "skip_crds": false,
            "status": "deployed",
            "timeout": 300,
            "upgrade_install": null,
            "values": null,
            "verify": false,
            "version": "16.0.1",
            "wait": true,
            "wait_for_jobs": false
          },
          "sensitive_attributes": [
            [
              {
                "type": "get_attr",
                "value": "repository_password"
              }
            ],
            [
              {
                "type": "get_attr",
                "value": "set"
              }
            ]
          ],
          "private": "eyJzY2hlbWFfdmVyc2lvbiI6IjEifQ==",
          "dependencies": [
            "kubernetes_namespace.gamify-it",
            "random_password.postgres_password"
          ]
        },
        {
          "index_key": "chickenshock",
          "schema_version": 1,
          "attributes": {
            "atomic": false,
            "chart": "postgresql",
            "cleanup_on_fail": false,
            "create_namespace": false,
            "dependency_update": false,
            "description": null,
            "devel": null,
            "disable_crd_hooks": false,
            "disable_openapi_validation": false,
            "disable_webhooks": false,
            "force_update": false,
            "id": "gamify-it-chickenshock-db",
            "keyring": null,
            "lint": false,
            "manifest": null,
            "max_history": 0,
            "metadata": [
              {
                "app_version": "17.0.0",
                "chart": "postgresql",
                "first_deployed": 1728665720,
                "last_deployed": 1728665720,
                "name": "gamify-it-chickenshock-db",
                "namespace": "gamify-it",
                "notes": "CHART NAME: postgresql\nCHART VERSION: 16.0.1\nAPP VERSION: 17.0.0\n\n** Please be patient while the chart is being deployed **\n\nPostgreSQL can be accessed via port 5432 on the following DNS names from within your cluster:\n\n    gamify-it-chickenshock-db.gamify-it.svc.cluster.local - Read/Write connection\n\nTo get the password for \"postgres\" run:\n\n    export POSTGRES_PASSWORD=$(kubectl get secret --namespace gamify-it gamify-it-chickenshock-db -o jsonpath=\"{.data.postgres-password}\" | base64 -d)\n\nTo connect to your database run the following command:\n\n    kubectl run gamify-it-chickenshock-db-client --rm --tty -i --restart='Never' --namespace gamify-it --image docker.io/bitnami/postgresql:17.0.0-debian-12-r1 --env=\"PGPASSWORD=$POSTGRES_PASSWORD\" \\\n      --command -- psql --host gamify-it-chickenshock-db -U postgres -d gropius -p 5432\n\n    \u003e NOTE: If you access the container using bash, make sure that you execute \"/opt/bitnami/scripts/postgresql/entrypoint.sh /bin/bash\" in order to avoid the error \"psql: local user with ID 1001} does not exist\"\n\nTo connect to your database from outside the cluster execute the following commands:\n\n    kubectl port-forward --namespace gamify-it svc/gamify-it-chickenshock-db 5432:5432 \u0026\n    PGPASSWORD=\"$POSTGRES_PASSWORD\" psql --host 127.0.0.1 -U postgres -d gropius -p 5432\n\nWARNING: The configured password will be ignored on new installation in case when previous PostgreSQL release was deleted through the helm command. In that case, old PVC will have an old password, and setting it through helm won't take effect. Deleting persistent volumes (PVs) will solve the issue.\n\nWARNING: There are \"resources\" sections in the chart not set. Using \"resourcesPreset\" is not recommended for production. For production installations, please set the following values according to your workload needs:\n  - primary.resources\n  - readReplicas.resources\n+info https://kubernetes.io/docs/concepts/configuration/manage-resources-containers/",
                "revision": 1,
                "values": "{\"fullnameOverride\":\"gamify-it-chickenshock-db\",\"global\":{\"postgresql\":{\"auth\":{\"database\":\"gropius\",\"password\":\"XlSO3kQeXI1y0PvL5wlXVfe5KXq9SxiB\",\"username\":\"postgres\"}}},\"postgres\":{\"auth\":{\"enablePostgresUser\":false}}}",
                "version": "16.0.1"
              }
            ],
            "name": "gamify-it-chickenshock-db",
            "namespace": "gamify-it",
            "pass_credentials": false,
            "postrender": [],
            "recreate_pods": false,
            "render_subchart_notes": true,
            "replace": false,
            "repository": "oci://registry-1.docker.io/bitnamicharts",
            "repository_ca_file": null,
            "repository_cert_file": null,
            "repository_key_file": null,
            "repository_password": null,
            "repository_username": null,
            "reset_values": false,
            "reuse_values": false,
            "set": [
              {
                "name": "fullnameOverride",
                "type": "",
                "value": "gamify-it-chickenshock-db"
              },
              {
                "name": "global.postgresql.auth.database",
                "type": "",
                "value": "gropius"
              },
              {
                "name": "global.postgresql.auth.password",
                "type": "",
                "value": "XlSO3kQeXI1y0PvL5wlXVfe5KXq9SxiB"
              },
              {
                "name": "global.postgresql.auth.username",
                "type": "",
                "value": "postgres"
              },
              {
                "name": "postgres.auth.enablePostgresUser",
                "type": "",
                "value": "false"
              }
            ],
            "set_list": [],
            "set_sensitive": [],
            "skip_crds": false,
            "status": "deployed",
            "timeout": 300,
            "upgrade_install": null,
            "values": null,
            "verify": false,
            "version": "16.0.1",
            "wait": true,
            "wait_for_jobs": false
          },
          "sensitive_attributes": [
            [
              {
                "type": "get_attr",
                "value": "repository_password"
              }
            ],
            [
              {
                "type": "get_attr",
                "value": "set"
              }
            ]
          ],
          "private": "eyJzY2hlbWFfdmVyc2lvbiI6IjEifQ==",
          "dependencies": [
            "kubernetes_namespace.gamify-it",
            "random_password.postgres_password"
          ]
        },
        {
          "index_key": "crosswordpuzzle",
          "schema_version": 1,
          "attributes": {
            "atomic": false,
            "chart": "postgresql",
            "cleanup_on_fail": false,
            "create_namespace": false,
            "dependency_update": false,
            "description": null,
            "devel": null,
            "disable_crd_hooks": false,
            "disable_openapi_validation": false,
            "disable_webhooks": false,
            "force_update": false,
            "id": "gamify-it-crosswordpuzzle-db",
            "keyring": null,
            "lint": false,
            "manifest": null,
            "max_history": 0,
            "metadata": [
              {
                "app_version": "17.0.0",
                "chart": "postgresql",
                "first_deployed": 1728665715,
                "last_deployed": 1728665715,
                "name": "gamify-it-crosswordpuzzle-db",
                "namespace": "gamify-it",
                "notes": "CHART NAME: postgresql\nCHART VERSION: 16.0.1\nAPP VERSION: 17.0.0\n\n** Please be patient while the chart is being deployed **\n\nPostgreSQL can be accessed via port 5432 on the following DNS names from within your cluster:\n\n    gamify-it-crosswordpuzzle-db.gamify-it.svc.cluster.local - Read/Write connection\n\nTo get the password for \"postgres\" run:\n\n    export POSTGRES_PASSWORD=$(kubectl get secret --namespace gamify-it gamify-it-crosswordpuzzle-db -o jsonpath=\"{.data.postgres-password}\" | base64 -d)\n\nTo connect to your database run the following command:\n\n    kubectl run gamify-it-crosswordpuzzle-db-client --rm --tty -i --restart='Never' --namespace gamify-it --image docker.io/bitnami/postgresql:17.0.0-debian-12-r1 --env=\"PGPASSWORD=$POSTGRES_PASSWORD\" \\\n      --command -- psql --host gamify-it-crosswordpuzzle-db -U postgres -d gropius -p 5432\n\n    \u003e NOTE: If you access the container using bash, make sure that you execute \"/opt/bitnami/scripts/postgresql/entrypoint.sh /bin/bash\" in order to avoid the error \"psql: local user with ID 1001} does not exist\"\n\nTo connect to your database from outside the cluster execute the following commands:\n\n    kubectl port-forward --namespace gamify-it svc/gamify-it-crosswordpuzzle-db 5432:5432 \u0026\n    PGPASSWORD=\"$POSTGRES_PASSWORD\" psql --host 127.0.0.1 -U postgres -d gropius -p 5432\n\nWARNING: The configured password will be ignored on new installation in case when previous PostgreSQL release was deleted through the helm command. In that case, old PVC will have an old password, and setting it through helm won't take effect. Deleting persistent volumes (PVs) will solve the issue.\n\nWARNING: There are \"resources\" sections in the chart not set. Using \"resourcesPreset\" is not recommended for production. For production installations, please set the following values according to your workload needs:\n  - primary.resources\n  - readReplicas.resources\n+info https://kubernetes.io/docs/concepts/configuration/manage-resources-containers/",
                "revision": 1,
                "values": "{\"fullnameOverride\":\"gamify-it-crosswordpuzzle-db\",\"global\":{\"postgresql\":{\"auth\":{\"database\":\"gropius\",\"password\":\"6W0PwslhXAZAmsOZiz6aAiblKEYrcvcP\",\"username\":\"postgres\"}}},\"postgres\":{\"auth\":{\"enablePostgresUser\":false}}}",
                "version": "16.0.1"
              }
            ],
            "name": "gamify-it-crosswordpuzzle-db",
            "namespace": "gamify-it",
            "pass_credentials": false,
            "postrender": [],
            "recreate_pods": false,
            "render_subchart_notes": true,
            "replace": false,
            "repository": "oci://registry-1.docker.io/bitnamicharts",
            "repository_ca_file": null,
            "repository_cert_file": null,
            "repository_key_file": null,
            "repository_password": null,
            "repository_username": null,
            "reset_values": false,
            "reuse_values": false,
            "set": [
              {
                "name": "fullnameOverride",
                "type": "",
                "value": "gamify-it-crosswordpuzzle-db"
              },
              {
                "name": "global.postgresql.auth.database",
                "type": "",
                "value": "gropius"
              },
              {
                "name": "global.postgresql.auth.password",
                "type": "",
                "value": "6W0PwslhXAZAmsOZiz6aAiblKEYrcvcP"
              },
              {
                "name": "global.postgresql.auth.username",
                "type": "",
                "value": "postgres"
              },
              {
                "name": "postgres.auth.enablePostgresUser",
                "type": "",
                "value": "false"
              }
            ],
            "set_list": [],
            "set_sensitive": [],
            "skip_crds": false,
            "status": "deployed",
            "timeout": 300,
            "upgrade_install": null,
            "values": null,
            "verify": false,
            "version": "16.0.1",
            "wait": true,
            "wait_for_jobs": false
          },
          "sensitive_attributes": [
            [
              {
                "type": "get_attr",
                "value": "set"
              }
            ],
            [
              {
                "type": "get_attr",
                "value": "repository_password"
              }
            ]
          ],
          "private": "eyJzY2hlbWFfdmVyc2lvbiI6IjEifQ==",
          "dependencies": [
            "kubernetes_namespace.gamify-it",
            "random_password.postgres_password"
          ]
        },
        {
          "index_key": "finitequiz",
          "schema_version": 1,
          "attributes": {
            "atomic": false,
            "chart": "postgresql",
            "cleanup_on_fail": false,
            "create_namespace": false,
            "dependency_update": false,
            "description": null,
            "devel": null,
            "disable_crd_hooks": false,
            "disable_openapi_validation": false,
            "disable_webhooks": false,
            "force_update": false,
            "id": "gamify-it-finitequiz-db",
            "keyring": null,
            "lint": false,
            "manifest": null,
            "max_history": 0,
            "metadata": [
              {
                "app_version": "17.0.0",
                "chart": "postgresql",
                "first_deployed": 1728665701,
                "last_deployed": 1728665701,
                "name": "gamify-it-finitequiz-db",
                "namespace": "gamify-it",
                "notes": "CHART NAME: postgresql\nCHART VERSION: 16.0.1\nAPP VERSION: 17.0.0\n\n** Please be patient while the chart is being deployed **\n\nPostgreSQL can be accessed via port 5432 on the following DNS names from within your cluster:\n\n    gamify-it-finitequiz-db.gamify-it.svc.cluster.local - Read/Write connection\n\nTo get the password for \"postgres\" run:\n\n    export POSTGRES_PASSWORD=$(kubectl get secret --namespace gamify-it gamify-it-finitequiz-db -o jsonpath=\"{.data.postgres-password}\" | base64 -d)\n\nTo connect to your database run the following command:\n\n    kubectl run gamify-it-finitequiz-db-client --rm --tty -i --restart='Never' --namespace gamify-it --image docker.io/bitnami/postgresql:17.0.0-debian-12-r1 --env=\"PGPASSWORD=$POSTGRES_PASSWORD\" \\\n      --command -- psql --host gamify-it-finitequiz-db -U postgres -d gropius -p 5432\n\n    \u003e NOTE: If you access the container using bash, make sure that you execute \"/opt/bitnami/scripts/postgresql/entrypoint.sh /bin/bash\" in order to avoid the error \"psql: local user with ID 1001} does not exist\"\n\nTo connect to your database from outside the cluster execute the following commands:\n\n    kubectl port-forward --namespace gamify-it svc/gamify-it-finitequiz-db 5432:5432 \u0026\n    PGPASSWORD=\"$POSTGRES_PASSWORD\" psql --host 127.0.0.1 -U postgres -d gropius -p 5432\n\nWARNING: The configured password will be ignored on new installation in case when previous PostgreSQL release was deleted through the helm command. In that case, old PVC will have an old password, and setting it through helm won't take effect. Deleting persistent volumes (PVs) will solve the issue.\n\nWARNING: There are \"resources\" sections in the chart not set. Using \"resourcesPreset\" is not recommended for production. For production installations, please set the following values according to your workload needs:\n  - primary.resources\n  - readReplicas.resources\n+info https://kubernetes.io/docs/concepts/configuration/manage-resources-containers/",
                "revision": 1,
                "values": "{\"fullnameOverride\":\"gamify-it-finitequiz-db\",\"global\":{\"postgresql\":{\"auth\":{\"database\":\"gropius\",\"password\":\"kE0xLnIABF7Y0uKMvu8ene4oxVvKv6Tj\",\"username\":\"postgres\"}}},\"postgres\":{\"auth\":{\"enablePostgresUser\":false}}}",
                "version": "16.0.1"
              }
            ],
            "name": "gamify-it-finitequiz-db",
            "namespace": "gamify-it",
            "pass_credentials": false,
            "postrender": [],
            "recreate_pods": false,
            "render_subchart_notes": true,
            "replace": false,
            "repository": "oci://registry-1.docker.io/bitnamicharts",
            "repository_ca_file": null,
            "repository_cert_file": null,
            "repository_key_file": null,
            "repository_password": null,
            "repository_username": null,
            "reset_values": false,
            "reuse_values": false,
            "set": [
              {
                "name": "fullnameOverride",
                "type": "",
                "value": "gamify-it-finitequiz-db"
              },
              {
                "name": "global.postgresql.auth.database",
                "type": "",
                "value": "gropius"
              },
              {
                "name": "global.postgresql.auth.password",
                "type": "",
                "value": "kE0xLnIABF7Y0uKMvu8ene4oxVvKv6Tj"
              },
              {
                "name": "global.postgresql.auth.username",
                "type": "",
                "value": "postgres"
              },
              {
                "name": "postgres.auth.enablePostgresUser",
                "type": "",
                "value": "false"
              }
            ],
            "set_list": [],
            "set_sensitive": [],
            "skip_crds": false,
            "status": "deployed",
            "timeout": 300,
            "upgrade_install": null,
            "values": null,
            "verify": false,
            "version": "16.0.1",
            "wait": true,
            "wait_for_jobs": false
          },
          "sensitive_attributes": [
            [
              {
                "type": "get_attr",
                "value": "repository_password"
              }
            ],
            [
              {
                "type": "get_attr",
                "value": "set"
              }
            ]
          ],
          "private": "eyJzY2hlbWFfdmVyc2lvbiI6IjEifQ==",
          "dependencies": [
            "kubernetes_namespace.gamify-it",
            "random_password.postgres_password"
          ]
        },
        {
          "index_key": "memory",
          "schema_version": 1,
          "attributes": {
            "atomic": false,
            "chart": "postgresql",
            "cleanup_on_fail": false,
            "create_namespace": false,
            "dependency_update": false,
            "description": null,
            "devel": null,
            "disable_crd_hooks": false,
            "disable_openapi_validation": false,
            "disable_webhooks": false,
            "force_update": false,
            "id": "gamify-it-memory-db",
            "keyring": null,
            "lint": false,
            "manifest": null,
            "max_history": 0,
            "metadata": [
              {
                "app_version": "17.0.0",
                "chart": "postgresql",
                "first_deployed": 1728665711,
                "last_deployed": 1728665711,
                "name": "gamify-it-memory-db",
                "namespace": "gamify-it",
                "notes": "CHART NAME: postgresql\nCHART VERSION: 16.0.1\nAPP VERSION: 17.0.0\n\n** Please be patient while the chart is being deployed **\n\nPostgreSQL can be accessed via port 5432 on the following DNS names from within your cluster:\n\n    gamify-it-memory-db.gamify-it.svc.cluster.local - Read/Write connection\n\nTo get the password for \"postgres\" run:\n\n    export POSTGRES_PASSWORD=$(kubectl get secret --namespace gamify-it gamify-it-memory-db -o jsonpath=\"{.data.postgres-password}\" | base64 -d)\n\nTo connect to your database run the following command:\n\n    kubectl run gamify-it-memory-db-client --rm --tty -i --restart='Never' --namespace gamify-it --image docker.io/bitnami/postgresql:17.0.0-debian-12-r1 --env=\"PGPASSWORD=$POSTGRES_PASSWORD\" \\\n      --command -- psql --host gamify-it-memory-db -U postgres -d gropius -p 5432\n\n    \u003e NOTE: If you access the container using bash, make sure that you execute \"/opt/bitnami/scripts/postgresql/entrypoint.sh /bin/bash\" in order to avoid the error \"psql: local user with ID 1001} does not exist\"\n\nTo connect to your database from outside the cluster execute the following commands:\n\n    kubectl port-forward --namespace gamify-it svc/gamify-it-memory-db 5432:5432 \u0026\n    PGPASSWORD=\"$POSTGRES_PASSWORD\" psql --host 127.0.0.1 -U postgres -d gropius -p 5432\n\nWARNING: The configured password will be ignored on new installation in case when previous PostgreSQL release was deleted through the helm command. In that case, old PVC will have an old password, and setting it through helm won't take effect. Deleting persistent volumes (PVs) will solve the issue.\n\nWARNING: There are \"resources\" sections in the chart not set. Using \"resourcesPreset\" is not recommended for production. For production installations, please set the following values according to your workload needs:\n  - primary.resources\n  - readReplicas.resources\n+info https://kubernetes.io/docs/concepts/configuration/manage-resources-containers/",
                "revision": 1,
                "values": "{\"fullnameOverride\":\"gamify-it-memory-db\",\"global\":{\"postgresql\":{\"auth\":{\"database\":\"gropius\",\"password\":\"pfupMukRC0PTS9X72lMPyjSm1tpq8HO4\",\"username\":\"postgres\"}}},\"postgres\":{\"auth\":{\"enablePostgresUser\":false}}}",
                "version": "16.0.1"
              }
            ],
            "name": "gamify-it-memory-db",
            "namespace": "gamify-it",
            "pass_credentials": false,
            "postrender": [],
            "recreate_pods": false,
            "render_subchart_notes": true,
            "replace": false,
            "repository": "oci://registry-1.docker.io/bitnamicharts",
            "repository_ca_file": null,
            "repository_cert_file": null,
            "repository_key_file": null,
            "repository_password": null,
            "repository_username": null,
            "reset_values": false,
            "reuse_values": false,
            "set": [
              {
                "name": "fullnameOverride",
                "type": "",
                "value": "gamify-it-memory-db"
              },
              {
                "name": "global.postgresql.auth.database",
                "type": "",
                "value": "gropius"
              },
              {
                "name": "global.postgresql.auth.password",
                "type": "",
                "value": "pfupMukRC0PTS9X72lMPyjSm1tpq8HO4"
              },
              {
                "name": "global.postgresql.auth.username",
                "type": "",
                "value": "postgres"
              },
              {
                "name": "postgres.auth.enablePostgresUser",
                "type": "",
                "value": "false"
              }
            ],
            "set_list": [],
            "set_sensitive": [],
            "skip_crds": false,
            "status": "deployed",
            "timeout": 300,
            "upgrade_install": null,
            "values": null,
            "verify": false,
            "version": "16.0.1",
            "wait": true,
            "wait_for_jobs": false
          },
          "sensitive_attributes": [
            [
              {
                "type": "get_attr",
                "value": "set"
              }
            ],
            [
              {
                "type": "get_attr",
                "value": "repository_password"
              }
            ]
          ],
          "private": "eyJzY2hlbWFfdmVyc2lvbiI6IjEifQ==",
          "dependencies": [
            "kubernetes_namespace.gamify-it",
            "random_password.postgres_password"
          ]
        },
        {
          "index_key": "overworld",
          "schema_version": 1,
          "attributes": {
            "atomic": false,
            "chart": "postgresql",
            "cleanup_on_fail": false,
            "create_namespace": false,
            "dependency_update": false,
            "description": null,
            "devel": null,
            "disable_crd_hooks": false,
            "disable_openapi_validation": false,
            "disable_webhooks": false,
            "force_update": false,
            "id": "gamify-it-overworld-db",
            "keyring": null,
            "lint": false,
            "manifest": null,
            "max_history": 0,
            "metadata": [
              {
                "app_version": "17.0.0",
                "chart": "postgresql",
                "first_deployed": 1728665723,
                "last_deployed": 1728665723,
                "name": "gamify-it-overworld-db",
                "namespace": "gamify-it",
                "notes": "CHART NAME: postgresql\nCHART VERSION: 16.0.1\nAPP VERSION: 17.0.0\n\n** Please be patient while the chart is being deployed **\n\nPostgreSQL can be accessed via port 5432 on the following DNS names from within your cluster:\n\n    gamify-it-overworld-db.gamify-it.svc.cluster.local - Read/Write connection\n\nTo get the password for \"postgres\" run:\n\n    export POSTGRES_PASSWORD=$(kubectl get secret --namespace gamify-it gamify-it-overworld-db -o jsonpath=\"{.data.postgres-password}\" | base64 -d)\n\nTo connect to your database run the following command:\n\n    kubectl run gamify-it-overworld-db-client --rm --tty -i --restart='Never' --namespace gamify-it --image docker.io/bitnami/postgresql:17.0.0-debian-12-r1 --env=\"PGPASSWORD=$POSTGRES_PASSWORD\" \\\n      --command -- psql --host gamify-it-overworld-db -U postgres -d gropius -p 5432\n\n    \u003e NOTE: If you access the container using bash, make sure that you execute \"/opt/bitnami/scripts/postgresql/entrypoint.sh /bin/bash\" in order to avoid the error \"psql: local user with ID 1001} does not exist\"\n\nTo connect to your database from outside the cluster execute the following commands:\n\n    kubectl port-forward --namespace gamify-it svc/gamify-it-overworld-db 5432:5432 \u0026\n    PGPASSWORD=\"$POSTGRES_PASSWORD\" psql --host 127.0.0.1 -U postgres -d gropius -p 5432\n\nWARNING: The configured password will be ignored on new installation in case when previous PostgreSQL release was deleted through the helm command. In that case, old PVC will have an old password, and setting it through helm won't take effect. Deleting persistent volumes (PVs) will solve the issue.\n\nWARNING: There are \"resources\" sections in the chart not set. Using \"resourcesPreset\" is not recommended for production. For production installations, please set the following values according to your workload needs:\n  - primary.resources\n  - readReplicas.resources\n+info https://kubernetes.io/docs/concepts/configuration/manage-resources-containers/",
                "revision": 1,
                "values": "{\"fullnameOverride\":\"gamify-it-overworld-db\",\"global\":{\"postgresql\":{\"auth\":{\"database\":\"gropius\",\"password\":\"RSXl121T6qPbqnGTZZ8nihxKsPoJiGFI\",\"username\":\"postgres\"}}},\"postgres\":{\"auth\":{\"enablePostgresUser\":false}}}",
                "version": "16.0.1"
              }
            ],
            "name": "gamify-it-overworld-db",
            "namespace": "gamify-it",
            "pass_credentials": false,
            "postrender": [],
            "recreate_pods": false,
            "render_subchart_notes": true,
            "replace": false,
            "repository": "oci://registry-1.docker.io/bitnamicharts",
            "repository_ca_file": null,
            "repository_cert_file": null,
            "repository_key_file": null,
            "repository_password": null,
            "repository_username": null,
            "reset_values": false,
            "reuse_values": false,
            "set": [
              {
                "name": "fullnameOverride",
                "type": "",
                "value": "gamify-it-overworld-db"
              },
              {
                "name": "global.postgresql.auth.database",
                "type": "",
                "value": "gropius"
              },
              {
                "name": "global.postgresql.auth.password",
                "type": "",
                "value": "RSXl121T6qPbqnGTZZ8nihxKsPoJiGFI"
              },
              {
                "name": "global.postgresql.auth.username",
                "type": "",
                "value": "postgres"
              },
              {
                "name": "postgres.auth.enablePostgresUser",
                "type": "",
                "value": "false"
              }
            ],
            "set_list": [],
            "set_sensitive": [],
            "skip_crds": false,
            "status": "deployed",
            "timeout": 300,
            "upgrade_install": null,
            "values": null,
            "verify": false,
            "version": "16.0.1",
            "wait": true,
            "wait_for_jobs": false
          },
          "sensitive_attributes": [
            [
              {
                "type": "get_attr",
                "value": "set"
              }
            ],
            [
              {
                "type": "get_attr",
                "value": "repository_password"
              }
            ]
          ],
          "private": "eyJzY2hlbWFfdmVyc2lvbiI6IjEifQ==",
          "dependencies": [
            "kubernetes_namespace.gamify-it",
            "random_password.postgres_password"
          ]
        },
        {
          "index_key": "regexgame",
          "schema_version": 1,
          "attributes": {
            "atomic": false,
            "chart": "postgresql",
            "cleanup_on_fail": false,
            "create_namespace": false,
            "dependency_update": false,
            "description": null,
            "devel": null,
            "disable_crd_hooks": false,
            "disable_openapi_validation": false,
            "disable_webhooks": false,
            "force_update": false,
            "id": "gamify-it-regexgame-db",
            "keyring": null,
            "lint": false,
            "manifest": null,
            "max_history": 0,
            "metadata": [
              {
                "app_version": "17.0.0",
                "chart": "postgresql",
                "first_deployed": 1728665709,
                "last_deployed": 1728665709,
                "name": "gamify-it-regexgame-db",
                "namespace": "gamify-it",
                "notes": "CHART NAME: postgresql\nCHART VERSION: 16.0.1\nAPP VERSION: 17.0.0\n\n** Please be patient while the chart is being deployed **\n\nPostgreSQL can be accessed via port 5432 on the following DNS names from within your cluster:\n\n    gamify-it-regexgame-db.gamify-it.svc.cluster.local - Read/Write connection\n\nTo get the password for \"postgres\" run:\n\n    export POSTGRES_PASSWORD=$(kubectl get secret --namespace gamify-it gamify-it-regexgame-db -o jsonpath=\"{.data.postgres-password}\" | base64 -d)\n\nTo connect to your database run the following command:\n\n    kubectl run gamify-it-regexgame-db-client --rm --tty -i --restart='Never' --namespace gamify-it --image docker.io/bitnami/postgresql:17.0.0-debian-12-r1 --env=\"PGPASSWORD=$POSTGRES_PASSWORD\" \\\n      --command -- psql --host gamify-it-regexgame-db -U postgres -d gropius -p 5432\n\n    \u003e NOTE: If you access the container using bash, make sure that you execute \"/opt/bitnami/scripts/postgresql/entrypoint.sh /bin/bash\" in order to avoid the error \"psql: local user with ID 1001} does not exist\"\n\nTo connect to your database from outside the cluster execute the following commands:\n\n    kubectl port-forward --namespace gamify-it svc/gamify-it-regexgame-db 5432:5432 \u0026\n    PGPASSWORD=\"$POSTGRES_PASSWORD\" psql --host 127.0.0.1 -U postgres -d gropius -p 5432\n\nWARNING: The configured password will be ignored on new installation in case when previous PostgreSQL release was deleted through the helm command. In that case, old PVC will have an old password, and setting it through helm won't take effect. Deleting persistent volumes (PVs) will solve the issue.\n\nWARNING: There are \"resources\" sections in the chart not set. Using \"resourcesPreset\" is not recommended for production. For production installations, please set the following values according to your workload needs:\n  - primary.resources\n  - readReplicas.resources\n+info https://kubernetes.io/docs/concepts/configuration/manage-resources-containers/",
                "revision": 1,
                "values": "{\"fullnameOverride\":\"gamify-it-regexgame-db\",\"global\":{\"postgresql\":{\"auth\":{\"database\":\"gropius\",\"password\":\"jswSPmQfz1Kj39Mub5Uhn8egeeK7rKW9\",\"username\":\"postgres\"}}},\"postgres\":{\"auth\":{\"enablePostgresUser\":false}}}",
                "version": "16.0.1"
              }
            ],
            "name": "gamify-it-regexgame-db",
            "namespace": "gamify-it",
            "pass_credentials": false,
            "postrender": [],
            "recreate_pods": false,
            "render_subchart_notes": true,
            "replace": false,
            "repository": "oci://registry-1.docker.io/bitnamicharts",
            "repository_ca_file": null,
            "repository_cert_file": null,
            "repository_key_file": null,
            "repository_password": null,
            "repository_username": null,
            "reset_values": false,
            "reuse_values": false,
            "set": [
              {
                "name": "fullnameOverride",
                "type": "",
                "value": "gamify-it-regexgame-db"
              },
              {
                "name": "global.postgresql.auth.database",
                "type": "",
                "value": "gropius"
              },
              {
                "name": "global.postgresql.auth.password",
                "type": "",
                "value": "jswSPmQfz1Kj39Mub5Uhn8egeeK7rKW9"
              },
              {
                "name": "global.postgresql.auth.username",
                "type": "",
                "value": "postgres"
              },
              {
                "name": "postgres.auth.enablePostgresUser",
                "type": "",
                "value": "false"
              }
            ],
            "set_list": [],
            "set_sensitive": [],
            "skip_crds": false,
            "status": "deployed",
            "timeout": 300,
            "upgrade_install": null,
            "values": null,
            "verify": false,
            "version": "16.0.1",
            "wait": true,
            "wait_for_jobs": false
          },
          "sensitive_attributes": [
            [
              {
                "type": "get_attr",
                "value": "repository_password"
              }
            ],
            [
              {
                "type": "get_attr",
                "value": "set"
              }
            ]
          ],
          "private": "eyJzY2hlbWFfdmVyc2lvbiI6IjEifQ==",
          "dependencies": [
            "kubernetes_namespace.gamify-it",
            "random_password.postgres_password"
          ]
        },
        {
          "index_key": "towercrush",
          "schema_version": 1,
          "attributes": {
            "atomic": false,
            "chart": "postgresql",
            "cleanup_on_fail": false,
            "create_namespace": false,
            "dependency_update": false,
            "description": null,
            "devel": null,
            "disable_crd_hooks": false,
            "disable_openapi_validation": false,
            "disable_webhooks": false,
            "force_update": false,
            "id": "gamify-it-towercrush-db",
            "keyring": null,
            "lint": false,
            "manifest": null,
            "max_history": 0,
            "metadata": [
              {
                "app_version": "17.0.0",
                "chart": "postgresql",
                "first_deployed": 1728665722,
                "last_deployed": 1728665722,
                "name": "gamify-it-towercrush-db",
                "namespace": "gamify-it",
                "notes": "CHART NAME: postgresql\nCHART VERSION: 16.0.1\nAPP VERSION: 17.0.0\n\n** Please be patient while the chart is being deployed **\n\nPostgreSQL can be accessed via port 5432 on the following DNS names from within your cluster:\n\n    gamify-it-towercrush-db.gamify-it.svc.cluster.local - Read/Write connection\n\nTo get the password for \"postgres\" run:\n\n    export POSTGRES_PASSWORD=$(kubectl get secret --namespace gamify-it gamify-it-towercrush-db -o jsonpath=\"{.data.postgres-password}\" | base64 -d)\n\nTo connect to your database run the following command:\n\n    kubectl run gamify-it-towercrush-db-client --rm --tty -i --restart='Never' --namespace gamify-it --image docker.io/bitnami/postgresql:17.0.0-debian-12-r1 --env=\"PGPASSWORD=$POSTGRES_PASSWORD\" \\\n      --command -- psql --host gamify-it-towercrush-db -U postgres -d gropius -p 5432\n\n    \u003e NOTE: If you access the container using bash, make sure that you execute \"/opt/bitnami/scripts/postgresql/entrypoint.sh /bin/bash\" in order to avoid the error \"psql: local user with ID 1001} does not exist\"\n\nTo connect to your database from outside the cluster execute the following commands:\n\n    kubectl port-forward --namespace gamify-it svc/gamify-it-towercrush-db 5432:5432 \u0026\n    PGPASSWORD=\"$POSTGRES_PASSWORD\" psql --host 127.0.0.1 -U postgres -d gropius -p 5432\n\nWARNING: The configured password will be ignored on new installation in case when previous PostgreSQL release was deleted through the helm command. In that case, old PVC will have an old password, and setting it through helm won't take effect. Deleting persistent volumes (PVs) will solve the issue.\n\nWARNING: There are \"resources\" sections in the chart not set. Using \"resourcesPreset\" is not recommended for production. For production installations, please set the following values according to your workload needs:\n  - primary.resources\n  - readReplicas.resources\n+info https://kubernetes.io/docs/concepts/configuration/manage-resources-containers/",
                "revision": 1,
                "values": "{\"fullnameOverride\":\"gamify-it-towercrush-db\",\"global\":{\"postgresql\":{\"auth\":{\"database\":\"gropius\",\"password\":\"gsqSi8yHtpl0nKbhMm4VeT93U4rm0UsA\",\"username\":\"postgres\"}}},\"postgres\":{\"auth\":{\"enablePostgresUser\":false}}}",
                "version": "16.0.1"
              }
            ],
            "name": "gamify-it-towercrush-db",
            "namespace": "gamify-it",
            "pass_credentials": false,
            "postrender": [],
            "recreate_pods": false,
            "render_subchart_notes": true,
            "replace": false,
            "repository": "oci://registry-1.docker.io/bitnamicharts",
            "repository_ca_file": null,
            "repository_cert_file": null,
            "repository_key_file": null,
            "repository_password": null,
            "repository_username": null,
            "reset_values": false,
            "reuse_values": false,
            "set": [
              {
                "name": "fullnameOverride",
                "type": "",
                "value": "gamify-it-towercrush-db"
              },
              {
                "name": "global.postgresql.auth.database",
                "type": "",
                "value": "gropius"
              },
              {
                "name": "global.postgresql.auth.password",
                "type": "",
                "value": "gsqSi8yHtpl0nKbhMm4VeT93U4rm0UsA"
              },
              {
                "name": "global.postgresql.auth.username",
                "type": "",
                "value": "postgres"
              },
              {
                "name": "postgres.auth.enablePostgresUser",
                "type": "",
                "value": "false"
              }
            ],
            "set_list": [],
            "set_sensitive": [],
            "skip_crds": false,
            "status": "deployed",
            "timeout": 300,
            "upgrade_install": null,
            "values": null,
            "verify": false,
            "version": "16.0.1",
            "wait": true,
            "wait_for_jobs": false
          },
          "sensitive_attributes": [
            [
              {
                "type": "get_attr",
                "value": "set"
              }
            ],
            [
              {
                "type": "get_attr",
                "value": "repository_password"
              }
            ]
          ],
          "private": "eyJzY2hlbWFfdmVyc2lvbiI6IjEifQ==",
          "dependencies": [
            "kubernetes_namespace.gamify-it",
            "random_password.postgres_password"
          ]
        },
        {
          "index_key": "towerdefense",
          "schema_version": 1,
          "attributes": {
            "atomic": false,
            "chart": "postgresql",
            "cleanup_on_fail": false,
            "create_namespace": false,
            "dependency_update": false,
            "description": null,
            "devel": null,
            "disable_crd_hooks": false,
            "disable_openapi_validation": false,
            "disable_webhooks": false,
            "force_update": false,
            "id": "gamify-it-towerdefense-db",
            "keyring": null,
            "lint": false,
            "manifest": null,
            "max_history": 0,
            "metadata": [
              {
                "app_version": "17.0.0",
                "chart": "postgresql",
                "first_deployed": 1728665710,
                "last_deployed": 1728665710,
                "name": "gamify-it-towerdefense-db",
                "namespace": "gamify-it",
                "notes": "CHART NAME: postgresql\nCHART VERSION: 16.0.1\nAPP VERSION: 17.0.0\n\n** Please be patient while the chart is being deployed **\n\nPostgreSQL can be accessed via port 5432 on the following DNS names from within your cluster:\n\n    gamify-it-towerdefense-db.gamify-it.svc.cluster.local - Read/Write connection\n\nTo get the password for \"postgres\" run:\n\n    export POSTGRES_PASSWORD=$(kubectl get secret --namespace gamify-it gamify-it-towerdefense-db -o jsonpath=\"{.data.postgres-password}\" | base64 -d)\n\nTo connect to your database run the following command:\n\n    kubectl run gamify-it-towerdefense-db-client --rm --tty -i --restart='Never' --namespace gamify-it --image docker.io/bitnami/postgresql:17.0.0-debian-12-r1 --env=\"PGPASSWORD=$POSTGRES_PASSWORD\" \\\n      --command -- psql --host gamify-it-towerdefense-db -U postgres -d gropius -p 5432\n\n    \u003e NOTE: If you access the container using bash, make sure that you execute \"/opt/bitnami/scripts/postgresql/entrypoint.sh /bin/bash\" in order to avoid the error \"psql: local user with ID 1001} does not exist\"\n\nTo connect to your database from outside the cluster execute the following commands:\n\n    kubectl port-forward --namespace gamify-it svc/gamify-it-towerdefense-db 5432:5432 \u0026\n    PGPASSWORD=\"$POSTGRES_PASSWORD\" psql --host 127.0.0.1 -U postgres -d gropius -p 5432\n\nWARNING: The configured password will be ignored on new installation in case when previous PostgreSQL release was deleted through the helm command. In that case, old PVC will have an old password, and setting it through helm won't take effect. Deleting persistent volumes (PVs) will solve the issue.\n\nWARNING: There are \"resources\" sections in the chart not set. Using \"resourcesPreset\" is not recommended for production. For production installations, please set the following values according to your workload needs:\n  - primary.resources\n  - readReplicas.resources\n+info https://kubernetes.io/docs/concepts/configuration/manage-resources-containers/",
                "revision": 1,
                "values": "{\"fullnameOverride\":\"gamify-it-towerdefense-db\",\"global\":{\"postgresql\":{\"auth\":{\"database\":\"gropius\",\"password\":\"Um82PxoCugQagQDpFij3kHzNYb4m9HqI\",\"username\":\"postgres\"}}},\"postgres\":{\"auth\":{\"enablePostgresUser\":false}}}",
                "version": "16.0.1"
              }
            ],
            "name": "gamify-it-towerdefense-db",
            "namespace": "gamify-it",
            "pass_credentials": false,
            "postrender": [],
            "recreate_pods": false,
            "render_subchart_notes": true,
            "replace": false,
            "repository": "oci://registry-1.docker.io/bitnamicharts",
            "repository_ca_file": null,
            "repository_cert_file": null,
            "repository_key_file": null,
            "repository_password": null,
            "repository_username": null,
            "reset_values": false,
            "reuse_values": false,
            "set": [
              {
                "name": "fullnameOverride",
                "type": "",
                "value": "gamify-it-towerdefense-db"
              },
              {
                "name": "global.postgresql.auth.database",
                "type": "",
                "value": "gropius"
              },
              {
                "name": "global.postgresql.auth.password",
                "type": "",
                "value": "Um82PxoCugQagQDpFij3kHzNYb4m9HqI"
              },
              {
                "name": "global.postgresql.auth.username",
                "type": "",
                "value": "postgres"
              },
              {
                "name": "postgres.auth.enablePostgresUser",
                "type": "",
                "value": "false"
              }
            ],
            "set_list": [],
            "set_sensitive": [],
            "skip_crds": false,
            "status": "deployed",
            "timeout": 300,
            "upgrade_install": null,
            "values": null,
            "verify": false,
            "version": "16.0.1",
            "wait": true,
            "wait_for_jobs": false
          },
          "sensitive_attributes": [
            [
              {
                "type": "get_attr",
                "value": "set"
              }
            ],
            [
              {
                "type": "get_attr",
                "value": "repository_password"
              }
            ]
          ],
          "private": "eyJzY2hlbWFfdmVyc2lvbiI6IjEifQ==",
          "dependencies": [
            "kubernetes_namespace.gamify-it",
            "random_password.postgres_password"
          ]
        }
      ]
    },
    {
      "mode": "managed",
      "type": "kubernetes_config_map",
      "name": "keycloak_realm_config",
      "provider": "provider[\"registry.terraform.io/hashicorp/kubernetes\"]",
      "instances": [
        {
          "schema_version": 0,
          "attributes": {
            "binary_data": {},
            "data": {
              "gamify-it-realm.json": "{\r\n  \"id\": \"b1fffe98-6c87-4c74-9607-fb4b4c6f837d\",\r\n  \"realm\": \"Gamify-IT\",\r\n  \"notBefore\": 0,\r\n  \"defaultSignatureAlgorithm\": \"RS256\",\r\n  \"revokeRefreshToken\": false,\r\n  \"refreshTokenMaxReuse\": 0,\r\n  \"accessTokenLifespan\": 300,\r\n  \"accessTokenLifespanForImplicitFlow\": 900,\r\n  \"ssoSessionIdleTimeout\": 1800,\r\n  \"ssoSessionMaxLifespan\": 36000,\r\n  \"ssoSessionIdleTimeoutRememberMe\": 0,\r\n  \"ssoSessionMaxLifespanRememberMe\": 0,\r\n  \"offlineSessionIdleTimeout\": 2592000,\r\n  \"offlineSessionMaxLifespanEnabled\": false,\r\n  \"offlineSessionMaxLifespan\": 5184000,\r\n  \"clientSessionIdleTimeout\": 0,\r\n  \"clientSessionMaxLifespan\": 0,\r\n  \"clientOfflineSessionIdleTimeout\": 0,\r\n  \"clientOfflineSessionMaxLifespan\": 0,\r\n  \"accessCodeLifespan\": 60,\r\n  \"accessCodeLifespanUserAction\": 300,\r\n  \"accessCodeLifespanLogin\": 1800,\r\n  \"actionTokenGeneratedByAdminLifespan\": 43200,\r\n  \"actionTokenGeneratedByUserLifespan\": 300,\r\n  \"oauth2DeviceCodeLifespan\": 600,\r\n  \"oauth2DevicePollingInterval\": 5,\r\n  \"enabled\": true,\r\n  \"sslRequired\": \"external\",\r\n  \"registrationAllowed\": true,\r\n  \"registrationEmailAsUsername\": false,\r\n  \"rememberMe\": false,\r\n  \"verifyEmail\": false,\r\n  \"loginWithEmailAllowed\": true,\r\n  \"duplicateEmailsAllowed\": false,\r\n  \"resetPasswordAllowed\": false,\r\n  \"editUsernameAllowed\": false,\r\n  \"bruteForceProtected\": false,\r\n  \"permanentLockout\": false,\r\n  \"maxTemporaryLockouts\": 0,\r\n  \"maxFailureWaitSeconds\": 900,\r\n  \"minimumQuickLoginWaitSeconds\": 60,\r\n  \"waitIncrementSeconds\": 60,\r\n  \"quickLoginCheckMilliSeconds\": 1000,\r\n  \"maxDeltaTimeSeconds\": 43200,\r\n  \"failureFactor\": 30,\r\n  \"roles\": {\r\n    \"realm\": [\r\n      {\r\n        \"id\": \"85e2770c-3c76-4325-87a0-e905817353bf\",\r\n        \"name\": \"lecturer\",\r\n        \"description\": \"\",\r\n        \"composite\": false,\r\n        \"clientRole\": false,\r\n        \"containerId\": \"b1fffe98-6c87-4c74-9607-fb4b4c6f837d\",\r\n        \"attributes\": {}\r\n      },\r\n      {\r\n        \"id\": \"ab94ef07-a9c1-4d49-aadd-05fc58cfc176\",\r\n        \"name\": \"student\",\r\n        \"description\": \"\",\r\n        \"composite\": false,\r\n        \"clientRole\": false,\r\n        \"containerId\": \"b1fffe98-6c87-4c74-9607-fb4b4c6f837d\",\r\n        \"attributes\": {}\r\n      },\r\n      {\r\n        \"id\": \"654ba425-fc4c-481b-b168-654e0c40c999\",\r\n        \"name\": \"default-roles-gamify-it\",\r\n        \"description\": \"${role_default-roles}\",\r\n        \"composite\": true,\r\n        \"composites\": {\r\n          \"realm\": [\r\n            \"offline_access\",\r\n            \"uma_authorization\"\r\n          ],\r\n          \"client\": {\r\n            \"account\": [\r\n              \"view-profile\",\r\n              \"manage-account\"\r\n            ]\r\n          }\r\n        },\r\n        \"clientRole\": false,\r\n        \"containerId\": \"b1fffe98-6c87-4c74-9607-fb4b4c6f837d\",\r\n        \"attributes\": {}\r\n      },\r\n      {\r\n        \"id\": \"7c446627-c000-48a7-917d-4ab618270cbc\",\r\n        \"name\": \"offline_access\",\r\n        \"description\": \"${role_offline-access}\",\r\n        \"composite\": false,\r\n        \"clientRole\": false,\r\n        \"containerId\": \"b1fffe98-6c87-4c74-9607-fb4b4c6f837d\",\r\n        \"attributes\": {}\r\n      },\r\n      {\r\n        \"id\": \"35e5e115-c817-4f3d-bceb-3caa0b647865\",\r\n        \"name\": \"uma_authorization\",\r\n        \"description\": \"${role_uma_authorization}\",\r\n        \"composite\": false,\r\n        \"clientRole\": false,\r\n        \"containerId\": \"b1fffe98-6c87-4c74-9607-fb4b4c6f837d\",\r\n        \"attributes\": {}\r\n      }\r\n    ],\r\n    \"client\": {\r\n      \"game\": [],\r\n      \"realm-management\": [\r\n        {\r\n          \"id\": \"dee80479-f196-4320-bac0-99de63225e5e\",\r\n          \"name\": \"uma_protection\",\r\n          \"composite\": false,\r\n          \"clientRole\": true,\r\n          \"containerId\": \"eb0ad8ca-7cbf-4f33-9710-7b0c31ba7635\",\r\n          \"attributes\": {}\r\n        },\r\n        {\r\n          \"id\": \"475670c9-3f69-422e-92b6-61d26bd7d865\",\r\n          \"name\": \"view-identity-providers\",\r\n          \"description\": \"${role_view-identity-providers}\",\r\n          \"composite\": false,\r\n          \"clientRole\": true,\r\n          \"containerId\": \"eb0ad8ca-7cbf-4f33-9710-7b0c31ba7635\",\r\n          \"attributes\": {}\r\n        },\r\n        {\r\n          \"id\": \"cdfa020d-483c-49a8-9634-fce08607cd0a\",\r\n          \"name\": \"impersonation\",\r\n          \"description\": \"${role_impersonation}\",\r\n          \"composite\": false,\r\n          \"clientRole\": true,\r\n          \"containerId\": \"eb0ad8ca-7cbf-4f33-9710-7b0c31ba7635\",\r\n          \"attributes\": {}\r\n        },\r\n        {\r\n          \"id\": \"d97913e9-22db-4185-aa18-8b09e7b952f8\",\r\n          \"name\": \"manage-clients\",\r\n          \"description\": \"${role_manage-clients}\",\r\n          \"composite\": false,\r\n          \"clientRole\": true,\r\n          \"containerId\": \"eb0ad8ca-7cbf-4f33-9710-7b0c31ba7635\",\r\n          \"attributes\": {}\r\n        },\r\n        {\r\n          \"id\": \"f4160b07-c8b7-4444-830b-7dec4313477b\",\r\n          \"name\": \"query-clients\",\r\n          \"description\": \"${role_query-clients}\",\r\n          \"composite\": false,\r\n          \"clientRole\": true,\r\n          \"containerId\": \"eb0ad8ca-7cbf-4f33-9710-7b0c31ba7635\",\r\n          \"attributes\": {}\r\n        },\r\n        {\r\n          \"id\": \"fd67e561-3262-4017-8f5c-63f21c5e263f\",\r\n          \"name\": \"view-clients\",\r\n          \"description\": \"${role_view-clients}\",\r\n          \"composite\": true,\r\n          \"composites\": {\r\n            \"client\": {\r\n              \"realm-management\": [\r\n                \"query-clients\"\r\n              ]\r\n            }\r\n          },\r\n          \"clientRole\": true,\r\n          \"containerId\": \"eb0ad8ca-7cbf-4f33-9710-7b0c31ba7635\",\r\n          \"attributes\": {}\r\n        },\r\n        {\r\n          \"id\": \"f1db7999-dc9e-46d3-8648-9c52a5b8141a\",\r\n          \"name\": \"query-users\",\r\n          \"description\": \"${role_query-users}\",\r\n          \"composite\": false,\r\n          \"clientRole\": true,\r\n          \"containerId\": \"eb0ad8ca-7cbf-4f33-9710-7b0c31ba7635\",\r\n          \"attributes\": {}\r\n        },\r\n        {\r\n          \"id\": \"85c52485-3d3f-4349-a55f-9afd4e386adb\",\r\n          \"name\": \"view-users\",\r\n          \"description\": \"${role_view-users}\",\r\n          \"composite\": true,\r\n          \"composites\": {\r\n            \"client\": {\r\n              \"realm-management\": [\r\n                \"query-groups\",\r\n                \"query-users\"\r\n              ]\r\n            }\r\n          },\r\n          \"clientRole\": true,\r\n          \"containerId\": \"eb0ad8ca-7cbf-4f33-9710-7b0c31ba7635\",\r\n          \"attributes\": {}\r\n        },\r\n        {\r\n          \"id\": \"bbb55348-3e5f-46d0-ac5f-99139e1f3a58\",\r\n          \"name\": \"view-authorization\",\r\n          \"description\": \"${role_view-authorization}\",\r\n          \"composite\": false,\r\n          \"clientRole\": true,\r\n          \"containerId\": \"eb0ad8ca-7cbf-4f33-9710-7b0c31ba7635\",\r\n          \"attributes\": {}\r\n        },\r\n        {\r\n          \"id\": \"75140e4c-fa81-465d-9177-173c4f573081\",\r\n          \"name\": \"manage-realm\",\r\n          \"description\": \"${role_manage-realm}\",\r\n          \"composite\": false,\r\n          \"clientRole\": true,\r\n          \"containerId\": \"eb0ad8ca-7cbf-4f33-9710-7b0c31ba7635\",\r\n          \"attributes\": {}\r\n        },\r\n        {\r\n          \"id\": \"81d210b8-ca5e-4248-906f-1b6987782ba0\",\r\n          \"name\": \"manage-authorization\",\r\n          \"description\": \"${role_manage-authorization}\",\r\n          \"composite\": false,\r\n          \"clientRole\": true,\r\n          \"containerId\": \"eb0ad8ca-7cbf-4f33-9710-7b0c31ba7635\",\r\n          \"attributes\": {}\r\n        },\r\n        {\r\n          \"id\": \"38bbc04b-5bf6-4daf-8a7a-20082cfe8fb6\",\r\n          \"name\": \"manage-events\",\r\n          \"description\": \"${role_manage-events}\",\r\n          \"composite\": false,\r\n          \"clientRole\": true,\r\n          \"containerId\": \"eb0ad8ca-7cbf-4f33-9710-7b0c31ba7635\",\r\n          \"attributes\": {}\r\n        },\r\n        {\r\n          \"id\": \"36ef9676-d3d0-4208-9b16-53b5625ec6db\",\r\n          \"name\": \"manage-users\",\r\n          \"description\": \"${role_manage-users}\",\r\n          \"composite\": false,\r\n          \"clientRole\": true,\r\n          \"containerId\": \"eb0ad8ca-7cbf-4f33-9710-7b0c31ba7635\",\r\n          \"attributes\": {}\r\n        },\r\n        {\r\n          \"id\": \"a89d26ad-6453-45e4-9cc1-4ccd297d33dc\",\r\n          \"name\": \"query-groups\",\r\n          \"description\": \"${role_query-groups}\",\r\n          \"composite\": false,\r\n          \"clientRole\": true,\r\n          \"containerId\": \"eb0ad8ca-7cbf-4f33-9710-7b0c31ba7635\",\r\n          \"attributes\": {}\r\n        },\r\n        {\r\n          \"id\": \"299fad7b-e690-47f7-8eb7-8cb2d247516f\",\r\n          \"name\": \"create-client\",\r\n          \"description\": \"${role_create-client}\",\r\n          \"composite\": false,\r\n          \"clientRole\": true,\r\n          \"containerId\": \"eb0ad8ca-7cbf-4f33-9710-7b0c31ba7635\",\r\n          \"attributes\": {}\r\n        },\r\n        {\r\n          \"id\": \"9adf61eb-d9d7-4625-9e17-f90a99502b49\",\r\n          \"name\": \"view-events\",\r\n          \"description\": \"${role_view-events}\",\r\n          \"composite\": false,\r\n          \"clientRole\": true,\r\n          \"containerId\": \"eb0ad8ca-7cbf-4f33-9710-7b0c31ba7635\",\r\n          \"attributes\": {}\r\n        },\r\n        {\r\n          \"id\": \"25989b86-e43c-41bc-b427-56e871a78ae5\",\r\n          \"name\": \"realm-admin\",\r\n          \"description\": \"${role_realm-admin}\",\r\n          \"composite\": true,\r\n          \"composites\": {\r\n            \"client\": {\r\n              \"realm-management\": [\r\n                \"view-identity-providers\",\r\n                \"impersonation\",\r\n                \"manage-clients\",\r\n                \"query-clients\",\r\n                \"view-clients\",\r\n                \"query-users\",\r\n                \"view-users\",\r\n                \"view-authorization\",\r\n                \"manage-realm\",\r\n                \"manage-authorization\",\r\n                \"manage-events\",\r\n                \"manage-users\",\r\n                \"query-groups\",\r\n                \"create-client\",\r\n                \"view-events\",\r\n                \"manage-identity-providers\",\r\n                \"query-realms\",\r\n                \"view-realm\"\r\n              ]\r\n            }\r\n          },\r\n          \"clientRole\": true,\r\n          \"containerId\": \"eb0ad8ca-7cbf-4f33-9710-7b0c31ba7635\",\r\n          \"attributes\": {}\r\n        },\r\n        {\r\n          \"id\": \"ac6c93c0-bb01-4eb1-9320-15e02f37d3f8\",\r\n          \"name\": \"manage-identity-providers\",\r\n          \"description\": \"${role_manage-identity-providers}\",\r\n          \"composite\": false,\r\n          \"clientRole\": true,\r\n          \"containerId\": \"eb0ad8ca-7cbf-4f33-9710-7b0c31ba7635\",\r\n          \"attributes\": {}\r\n        },\r\n        {\r\n          \"id\": \"d1963094-19fb-4f8f-8d10-f60cbd163444\",\r\n          \"name\": \"query-realms\",\r\n          \"description\": \"${role_query-realms}\",\r\n          \"composite\": false,\r\n          \"clientRole\": true,\r\n          \"containerId\": \"eb0ad8ca-7cbf-4f33-9710-7b0c31ba7635\",\r\n          \"attributes\": {}\r\n        },\r\n        {\r\n          \"id\": \"6b2e9301-8256-42dc-ba12-3b607cf82276\",\r\n          \"name\": \"view-realm\",\r\n          \"description\": \"${role_view-realm}\",\r\n          \"composite\": false,\r\n          \"clientRole\": true,\r\n          \"containerId\": \"eb0ad8ca-7cbf-4f33-9710-7b0c31ba7635\",\r\n          \"attributes\": {}\r\n        }\r\n      ],\r\n      \"fileserver\": [],\r\n      \"security-admin-console\": [],\r\n      \"admin-cli\": [],\r\n      \"account-console\": [],\r\n      \"broker\": [\r\n        {\r\n          \"id\": \"62fce896-82ea-479e-843c-ee5d7c1ff3a6\",\r\n          \"name\": \"read-token\",\r\n          \"description\": \"${role_read-token}\",\r\n          \"composite\": false,\r\n          \"clientRole\": true,\r\n          \"containerId\": \"df8f2cb2-62da-4d73-88a8-7a540b093cc6\",\r\n          \"attributes\": {}\r\n        }\r\n      ],\r\n      \"account\": [\r\n        {\r\n          \"id\": \"10f98462-9a11-41e2-8225-68884730961a\",\r\n          \"name\": \"view-profile\",\r\n          \"description\": \"${role_view-profile}\",\r\n          \"composite\": false,\r\n          \"clientRole\": true,\r\n          \"containerId\": \"cb8e206d-aed8-4b85-9cea-9bc7406a935c\",\r\n          \"attributes\": {}\r\n        },\r\n        {\r\n          \"id\": \"73fbdebe-248e-46db-affb-b05bc0bea081\",\r\n          \"name\": \"manage-consent\",\r\n          \"description\": \"${role_manage-consent}\",\r\n          \"composite\": true,\r\n          \"composites\": {\r\n            \"client\": {\r\n              \"account\": [\r\n                \"view-consent\"\r\n              ]\r\n            }\r\n          },\r\n          \"clientRole\": true,\r\n          \"containerId\": \"cb8e206d-aed8-4b85-9cea-9bc7406a935c\",\r\n          \"attributes\": {}\r\n        },\r\n        {\r\n          \"id\": \"14102941-0bb3-4188-babf-a25a89f98b10\",\r\n          \"name\": \"manage-account\",\r\n          \"description\": \"${role_manage-account}\",\r\n          \"composite\": true,\r\n          \"composites\": {\r\n            \"client\": {\r\n              \"account\": [\r\n                \"manage-account-links\"\r\n              ]\r\n            }\r\n          },\r\n          \"clientRole\": true,\r\n          \"containerId\": \"cb8e206d-aed8-4b85-9cea-9bc7406a935c\",\r\n          \"attributes\": {}\r\n        },\r\n        {\r\n          \"id\": \"13bd6176-a5a4-4551-b257-c5cec5ecefd1\",\r\n          \"name\": \"manage-account-links\",\r\n          \"description\": \"${role_manage-account-links}\",\r\n          \"composite\": false,\r\n          \"clientRole\": true,\r\n          \"containerId\": \"cb8e206d-aed8-4b85-9cea-9bc7406a935c\",\r\n          \"attributes\": {}\r\n        },\r\n        {\r\n          \"id\": \"e281d421-5984-4313-9821-050b8539d695\",\r\n          \"name\": \"view-groups\",\r\n          \"description\": \"${role_view-groups}\",\r\n          \"composite\": false,\r\n          \"clientRole\": true,\r\n          \"containerId\": \"cb8e206d-aed8-4b85-9cea-9bc7406a935c\",\r\n          \"attributes\": {}\r\n        },\r\n        {\r\n          \"id\": \"1735071f-ff8a-4978-9860-9067bab1a948\",\r\n          \"name\": \"view-applications\",\r\n          \"description\": \"${role_view-applications}\",\r\n          \"composite\": false,\r\n          \"clientRole\": true,\r\n          \"containerId\": \"cb8e206d-aed8-4b85-9cea-9bc7406a935c\",\r\n          \"attributes\": {}\r\n        },\r\n        {\r\n          \"id\": \"4f515e28-9891-4dc1-8678-8fb0befe2261\",\r\n          \"name\": \"delete-account\",\r\n          \"description\": \"${role_delete-account}\",\r\n          \"composite\": false,\r\n          \"clientRole\": true,\r\n          \"containerId\": \"cb8e206d-aed8-4b85-9cea-9bc7406a935c\",\r\n          \"attributes\": {}\r\n        },\r\n        {\r\n          \"id\": \"ade3198c-99b5-45e1-b0bb-7d3edeb3857e\",\r\n          \"name\": \"view-consent\",\r\n          \"description\": \"${role_view-consent}\",\r\n          \"composite\": false,\r\n          \"clientRole\": true,\r\n          \"containerId\": \"cb8e206d-aed8-4b85-9cea-9bc7406a935c\",\r\n          \"attributes\": {}\r\n        }\r\n      ]\r\n    }\r\n  },\r\n  \"groups\": [\r\n    {\r\n      \"id\": \"3e88da54-c351-47dd-84c2-435c3bccd3ef\",\r\n      \"name\": \"lecturer\",\r\n      \"path\": \"/lecturer\",\r\n      \"subGroups\": [],\r\n      \"attributes\": {},\r\n      \"realmRoles\": [\r\n        \"lecturer\"\r\n      ],\r\n      \"clientRoles\": {}\r\n    },\r\n    {\r\n      \"id\": \"444d2793-bdbc-4669-bf22-896d8ea78274\",\r\n      \"name\": \"student\",\r\n      \"path\": \"/student\",\r\n      \"subGroups\": [],\r\n      \"attributes\": {},\r\n      \"realmRoles\": [\r\n        \"student\"\r\n      ],\r\n      \"clientRoles\": {}\r\n    }\r\n  ],\r\n  \"defaultRole\": {\r\n    \"id\": \"654ba425-fc4c-481b-b168-654e0c40c999\",\r\n    \"name\": \"default-roles-gamify-it\",\r\n    \"description\": \"${role_default-roles}\",\r\n    \"composite\": true,\r\n    \"clientRole\": false,\r\n    \"containerId\": \"b1fffe98-6c87-4c74-9607-fb4b4c6f837d\"\r\n  },\r\n  \"defaultGroups\": [\r\n    \"/student\"\r\n  ],\r\n  \"requiredCredentials\": [\r\n    \"password\"\r\n  ],\r\n  \"otpPolicyType\": \"totp\",\r\n  \"otpPolicyAlgorithm\": \"HmacSHA1\",\r\n  \"otpPolicyInitialCounter\": 0,\r\n  \"otpPolicyDigits\": 6,\r\n  \"otpPolicyLookAheadWindow\": 1,\r\n  \"otpPolicyPeriod\": 30,\r\n  \"otpPolicyCodeReusable\": false,\r\n  \"otpSupportedApplications\": [\r\n    \"totpAppFreeOTPName\",\r\n    \"totpAppGoogleName\",\r\n    \"totpAppMicrosoftAuthenticatorName\"\r\n  ],\r\n  \"localizationTexts\": {},\r\n  \"webAuthnPolicyRpEntityName\": \"keycloak\",\r\n  \"webAuthnPolicySignatureAlgorithms\": [\r\n    \"ES256\"\r\n  ],\r\n  \"webAuthnPolicyRpId\": \"\",\r\n  \"webAuthnPolicyAttestationConveyancePreference\": \"not specified\",\r\n  \"webAuthnPolicyAuthenticatorAttachment\": \"not specified\",\r\n  \"webAuthnPolicyRequireResidentKey\": \"not specified\",\r\n  \"webAuthnPolicyUserVerificationRequirement\": \"not specified\",\r\n  \"webAuthnPolicyCreateTimeout\": 0,\r\n  \"webAuthnPolicyAvoidSameAuthenticatorRegister\": false,\r\n  \"webAuthnPolicyAcceptableAaguids\": [],\r\n  \"webAuthnPolicyExtraOrigins\": [],\r\n  \"webAuthnPolicyPasswordlessRpEntityName\": \"keycloak\",\r\n  \"webAuthnPolicyPasswordlessSignatureAlgorithms\": [\r\n    \"ES256\"\r\n  ],\r\n  \"webAuthnPolicyPasswordlessRpId\": \"\",\r\n  \"webAuthnPolicyPasswordlessAttestationConveyancePreference\": \"not specified\",\r\n  \"webAuthnPolicyPasswordlessAuthenticatorAttachment\": \"not specified\",\r\n  \"webAuthnPolicyPasswordlessRequireResidentKey\": \"not specified\",\r\n  \"webAuthnPolicyPasswordlessUserVerificationRequirement\": \"not specified\",\r\n  \"webAuthnPolicyPasswordlessCreateTimeout\": 0,\r\n  \"webAuthnPolicyPasswordlessAvoidSameAuthenticatorRegister\": false,\r\n  \"webAuthnPolicyPasswordlessAcceptableAaguids\": [],\r\n  \"webAuthnPolicyPasswordlessExtraOrigins\": [],\r\n  \"users\": [\r\n    {\r\n      \"id\": \"8b321456-bd21-477a-be47-6d3c6f91c614\",\r\n      \"username\": \"service-account-realm-management\",\r\n      \"emailVerified\": false,\r\n      \"createdTimestamp\": 1728644827219,\r\n      \"enabled\": true,\r\n      \"totp\": false,\r\n      \"serviceAccountClientId\": \"realm-management\",\r\n      \"disableableCredentialTypes\": [],\r\n      \"requiredActions\": [],\r\n      \"realmRoles\": [\r\n        \"default-roles-gamify-it\"\r\n      ],\r\n      \"clientRoles\": {\r\n        \"realm-management\": [\r\n          \"uma_protection\"\r\n        ]\r\n      },\r\n      \"notBefore\": 0,\r\n      \"groups\": [\r\n        \"/student\"\r\n      ]\r\n    }\r\n  ],\r\n  \"scopeMappings\": [\r\n    {\r\n      \"clientScope\": \"offline_access\",\r\n      \"roles\": [\r\n        \"offline_access\"\r\n      ]\r\n    }\r\n  ],\r\n  \"clientScopeMappings\": {\r\n    \"account\": [\r\n      {\r\n        \"client\": \"account-console\",\r\n        \"roles\": [\r\n          \"manage-account\",\r\n          \"view-groups\"\r\n        ]\r\n      }\r\n    ]\r\n  },\r\n  \"clients\": [\r\n    {\r\n      \"id\": \"cb8e206d-aed8-4b85-9cea-9bc7406a935c\",\r\n      \"clientId\": \"account\",\r\n      \"name\": \"${client_account}\",\r\n      \"rootUrl\": \"${authBaseUrl}\",\r\n      \"baseUrl\": \"/realms/Gamify-IT/account/\",\r\n      \"surrogateAuthRequired\": false,\r\n      \"enabled\": true,\r\n      \"alwaysDisplayInConsole\": false,\r\n      \"clientAuthenticatorType\": \"client-secret\",\r\n      \"redirectUris\": [\r\n        \"/realms/Gamify-IT/account/*\"\r\n      ],\r\n      \"webOrigins\": [],\r\n      \"notBefore\": 0,\r\n      \"bearerOnly\": false,\r\n      \"consentRequired\": false,\r\n      \"standardFlowEnabled\": true,\r\n      \"implicitFlowEnabled\": false,\r\n      \"directAccessGrantsEnabled\": false,\r\n      \"serviceAccountsEnabled\": false,\r\n      \"publicClient\": true,\r\n      \"frontchannelLogout\": false,\r\n      \"protocol\": \"openid-connect\",\r\n      \"attributes\": {\r\n        \"realm_client\": \"false\",\r\n        \"post.logout.redirect.uris\": \"+\"\r\n      },\r\n      \"authenticationFlowBindingOverrides\": {},\r\n      \"fullScopeAllowed\": false,\r\n      \"nodeReRegistrationTimeout\": 0,\r\n      \"defaultClientScopes\": [\r\n        \"web-origins\",\r\n        \"acr\",\r\n        \"roles\",\r\n        \"profile\",\r\n        \"basic\",\r\n        \"email\"\r\n      ],\r\n      \"optionalClientScopes\": [\r\n        \"address\",\r\n        \"phone\",\r\n        \"offline_access\",\r\n        \"microprofile-jwt\"\r\n      ]\r\n    },\r\n    {\r\n      \"id\": \"5811e4e5-a6f7-4aac-8def-8a53bd91600d\",\r\n      \"clientId\": \"account-console\",\r\n      \"name\": \"${client_account-console}\",\r\n      \"rootUrl\": \"${authBaseUrl}\",\r\n      \"baseUrl\": \"/realms/Gamify-IT/account/\",\r\n      \"surrogateAuthRequired\": false,\r\n      \"enabled\": true,\r\n      \"alwaysDisplayInConsole\": false,\r\n      \"clientAuthenticatorType\": \"client-secret\",\r\n      \"redirectUris\": [\r\n        \"/realms/Gamify-IT/account/*\"\r\n      ],\r\n      \"webOrigins\": [],\r\n      \"notBefore\": 0,\r\n      \"bearerOnly\": false,\r\n      \"consentRequired\": false,\r\n      \"standardFlowEnabled\": true,\r\n      \"implicitFlowEnabled\": false,\r\n      \"directAccessGrantsEnabled\": false,\r\n      \"serviceAccountsEnabled\": false,\r\n      \"publicClient\": true,\r\n      \"frontchannelLogout\": false,\r\n      \"protocol\": \"openid-connect\",\r\n      \"attributes\": {\r\n        \"realm_client\": \"false\",\r\n        \"post.logout.redirect.uris\": \"+\",\r\n        \"pkce.code.challenge.method\": \"S256\"\r\n      },\r\n      \"authenticationFlowBindingOverrides\": {},\r\n      \"fullScopeAllowed\": false,\r\n      \"nodeReRegistrationTimeout\": 0,\r\n      \"protocolMappers\": [\r\n        {\r\n          \"id\": \"22b9c6bb-c16d-4ca6-8a61-574fed100671\",\r\n          \"name\": \"audience resolve\",\r\n          \"protocol\": \"openid-connect\",\r\n          \"protocolMapper\": \"oidc-audience-resolve-mapper\",\r\n          \"consentRequired\": false,\r\n          \"config\": {}\r\n        }\r\n      ],\r\n      \"defaultClientScopes\": [\r\n        \"web-origins\",\r\n        \"acr\",\r\n        \"roles\",\r\n        \"profile\",\r\n        \"basic\",\r\n        \"email\"\r\n      ],\r\n      \"optionalClientScopes\": [\r\n        \"address\",\r\n        \"phone\",\r\n        \"offline_access\",\r\n        \"microprofile-jwt\"\r\n      ]\r\n    },\r\n    {\r\n      \"id\": \"8082411c-4141-4356-9a32-02ca2d393c64\",\r\n      \"clientId\": \"admin-cli\",\r\n      \"name\": \"${client_admin-cli}\",\r\n      \"surrogateAuthRequired\": false,\r\n      \"enabled\": true,\r\n      \"alwaysDisplayInConsole\": false,\r\n      \"clientAuthenticatorType\": \"client-secret\",\r\n      \"redirectUris\": [],\r\n      \"webOrigins\": [],\r\n      \"notBefore\": 0,\r\n      \"bearerOnly\": false,\r\n      \"consentRequired\": false,\r\n      \"standardFlowEnabled\": false,\r\n      \"implicitFlowEnabled\": false,\r\n      \"directAccessGrantsEnabled\": true,\r\n      \"serviceAccountsEnabled\": false,\r\n      \"publicClient\": true,\r\n      \"frontchannelLogout\": false,\r\n      \"protocol\": \"openid-connect\",\r\n      \"attributes\": {\r\n        \"realm_client\": \"false\",\r\n        \"client.use.lightweight.access.token.enabled\": \"true\",\r\n        \"post.logout.redirect.uris\": \"+\"\r\n      },\r\n      \"authenticationFlowBindingOverrides\": {},\r\n      \"fullScopeAllowed\": true,\r\n      \"nodeReRegistrationTimeout\": 0,\r\n      \"defaultClientScopes\": [\r\n        \"web-origins\",\r\n        \"acr\",\r\n        \"roles\",\r\n        \"profile\",\r\n        \"basic\",\r\n        \"email\"\r\n      ],\r\n      \"optionalClientScopes\": [\r\n        \"address\",\r\n        \"phone\",\r\n        \"offline_access\",\r\n        \"microprofile-jwt\"\r\n      ]\r\n    },\r\n    {\r\n      \"id\": \"df8f2cb2-62da-4d73-88a8-7a540b093cc6\",\r\n      \"clientId\": \"broker\",\r\n      \"name\": \"${client_broker}\",\r\n      \"surrogateAuthRequired\": false,\r\n      \"enabled\": true,\r\n      \"alwaysDisplayInConsole\": false,\r\n      \"clientAuthenticatorType\": \"client-secret\",\r\n      \"redirectUris\": [],\r\n      \"webOrigins\": [],\r\n      \"notBefore\": 0,\r\n      \"bearerOnly\": true,\r\n      \"consentRequired\": false,\r\n      \"standardFlowEnabled\": true,\r\n      \"implicitFlowEnabled\": false,\r\n      \"directAccessGrantsEnabled\": false,\r\n      \"serviceAccountsEnabled\": false,\r\n      \"publicClient\": false,\r\n      \"frontchannelLogout\": false,\r\n      \"protocol\": \"openid-connect\",\r\n      \"attributes\": {\r\n        \"realm_client\": \"true\",\r\n        \"post.logout.redirect.uris\": \"+\"\r\n      },\r\n      \"authenticationFlowBindingOverrides\": {},\r\n      \"fullScopeAllowed\": false,\r\n      \"nodeReRegistrationTimeout\": 0,\r\n      \"defaultClientScopes\": [\r\n        \"web-origins\",\r\n        \"acr\",\r\n        \"roles\",\r\n        \"profile\",\r\n        \"email\"\r\n      ],\r\n      \"optionalClientScopes\": [\r\n        \"address\",\r\n        \"phone\",\r\n        \"offline_access\",\r\n        \"microprofile-jwt\"\r\n      ]\r\n    },\r\n    {\r\n      \"id\": \"5ae7f038-f784-4d35-a768-93f6a80cd419\",\r\n      \"clientId\": \"fileserver\",\r\n      \"surrogateAuthRequired\": false,\r\n      \"enabled\": true,\r\n      \"alwaysDisplayInConsole\": false,\r\n      \"clientAuthenticatorType\": \"client-secret\",\r\n      \"secret\": \"**********\",\r\n      \"redirectUris\": [\r\n        \"/*\"\r\n      ],\r\n      \"webOrigins\": [\r\n        \"+\"\r\n      ],\r\n      \"notBefore\": 0,\r\n      \"bearerOnly\": false,\r\n      \"consentRequired\": false,\r\n      \"standardFlowEnabled\": true,\r\n      \"implicitFlowEnabled\": false,\r\n      \"directAccessGrantsEnabled\": false,\r\n      \"serviceAccountsEnabled\": false,\r\n      \"publicClient\": false,\r\n      \"frontchannelLogout\": true,\r\n      \"protocol\": \"openid-connect\",\r\n      \"attributes\": {\r\n        \"realm_client\": \"false\",\r\n        \"client.secret.creation.time\": \"1728644825\",\r\n        \"post.logout.redirect.uris\": \"+\"\r\n      },\r\n      \"authenticationFlowBindingOverrides\": {},\r\n      \"fullScopeAllowed\": true,\r\n      \"nodeReRegistrationTimeout\": -1,\r\n      \"defaultClientScopes\": [\r\n        \"web-origins\",\r\n        \"acr\",\r\n        \"roles\",\r\n        \"profile\",\r\n        \"basic\",\r\n        \"email\"\r\n      ],\r\n      \"optionalClientScopes\": [\r\n        \"address\",\r\n        \"phone\",\r\n        \"offline_access\",\r\n        \"microprofile-jwt\"\r\n      ]\r\n    },\r\n    {\r\n      \"id\": \"8fb05d82-5c4d-40f3-9bb3-8439e9612224\",\r\n      \"clientId\": \"game\",\r\n      \"name\": \"Client for the Gamify-IT game login\",\r\n      \"description\": \"\",\r\n      \"rootUrl\": \"\",\r\n      \"adminUrl\": \"\",\r\n      \"baseUrl\": \"/\",\r\n      \"surrogateAuthRequired\": false,\r\n      \"enabled\": true,\r\n      \"alwaysDisplayInConsole\": false,\r\n      \"clientAuthenticatorType\": \"client-secret\",\r\n      \"redirectUris\": [\r\n        \"/*\"\r\n      ],\r\n      \"webOrigins\": [],\r\n      \"notBefore\": 0,\r\n      \"bearerOnly\": false,\r\n      \"consentRequired\": false,\r\n      \"standardFlowEnabled\": true,\r\n      \"implicitFlowEnabled\": false,\r\n      \"directAccessGrantsEnabled\": false,\r\n      \"serviceAccountsEnabled\": false,\r\n      \"publicClient\": true,\r\n      \"frontchannelLogout\": true,\r\n      \"protocol\": \"openid-connect\",\r\n      \"attributes\": {\r\n        \"realm_client\": \"false\",\r\n        \"oidc.ciba.grant.enabled\": \"false\",\r\n        \"backchannel.logout.session.required\": \"true\",\r\n        \"post.logout.redirect.uris\": \"+\",\r\n        \"display.on.consent.screen\": \"false\",\r\n        \"oauth2.device.authorization.grant.enabled\": \"false\",\r\n        \"backchannel.logout.revoke.offline.tokens\": \"false\"\r\n      },\r\n      \"authenticationFlowBindingOverrides\": {},\r\n      \"fullScopeAllowed\": true,\r\n      \"nodeReRegistrationTimeout\": -1,\r\n      \"defaultClientScopes\": [\r\n        \"web-origins\",\r\n        \"acr\",\r\n        \"roles\",\r\n        \"profile\",\r\n        \"basic\",\r\n        \"email\"\r\n      ],\r\n      \"optionalClientScopes\": [\r\n        \"address\",\r\n        \"phone\",\r\n        \"offline_access\",\r\n        \"microprofile-jwt\"\r\n      ]\r\n    },\r\n    {\r\n      \"id\": \"eb0ad8ca-7cbf-4f33-9710-7b0c31ba7635\",\r\n      \"clientId\": \"realm-management\",\r\n      \"name\": \"${client_realm-management}\",\r\n      \"surrogateAuthRequired\": false,\r\n      \"enabled\": true,\r\n      \"alwaysDisplayInConsole\": false,\r\n      \"clientAuthenticatorType\": \"client-secret\",\r\n      \"redirectUris\": [],\r\n      \"webOrigins\": [],\r\n      \"notBefore\": 0,\r\n      \"bearerOnly\": false,\r\n      \"consentRequired\": false,\r\n      \"standardFlowEnabled\": true,\r\n      \"implicitFlowEnabled\": false,\r\n      \"directAccessGrantsEnabled\": false,\r\n      \"serviceAccountsEnabled\": true,\r\n      \"authorizationServicesEnabled\": true,\r\n      \"publicClient\": false,\r\n      \"frontchannelLogout\": false,\r\n      \"protocol\": \"openid-connect\",\r\n      \"attributes\": {\r\n        \"realm_client\": \"true\",\r\n        \"post.logout.redirect.uris\": \"+\"\r\n      },\r\n      \"authenticationFlowBindingOverrides\": {},\r\n      \"fullScopeAllowed\": false,\r\n      \"nodeReRegistrationTimeout\": 0,\r\n      \"protocolMappers\": [\r\n        {\r\n          \"id\": \"592f7d68-0514-43a6-bb92-997878ecbe37\",\r\n          \"name\": \"Client Host\",\r\n          \"protocol\": \"openid-connect\",\r\n          \"protocolMapper\": \"oidc-usersessionmodel-note-mapper\",\r\n          \"consentRequired\": false,\r\n          \"config\": {\r\n            \"user.session.note\": \"clientHost\",\r\n            \"id.token.claim\": \"true\",\r\n            \"introspection.token.claim\": \"true\",\r\n            \"access.token.claim\": \"true\",\r\n            \"claim.name\": \"clientHost\",\r\n            \"jsonType.label\": \"String\"\r\n          }\r\n        },\r\n        {\r\n          \"id\": \"7b983649-c33a-4dab-bb1b-db0c3f5a0aad\",\r\n          \"name\": \"Client IP Address\",\r\n          \"protocol\": \"openid-connect\",\r\n          \"protocolMapper\": \"oidc-usersessionmodel-note-mapper\",\r\n          \"consentRequired\": false,\r\n          \"config\": {\r\n            \"user.session.note\": \"clientAddress\",\r\n            \"id.token.claim\": \"true\",\r\n            \"introspection.token.claim\": \"true\",\r\n            \"access.token.claim\": \"true\",\r\n            \"claim.name\": \"clientAddress\",\r\n            \"jsonType.label\": \"String\"\r\n          }\r\n        },\r\n        {\r\n          \"id\": \"7d5934c4-d7b2-4aee-8c07-142947043bf6\",\r\n          \"name\": \"Client ID\",\r\n          \"protocol\": \"openid-connect\",\r\n          \"protocolMapper\": \"oidc-usersessionmodel-note-mapper\",\r\n          \"consentRequired\": false,\r\n          \"config\": {\r\n            \"user.session.note\": \"client_id\",\r\n            \"id.token.claim\": \"true\",\r\n            \"introspection.token.claim\": \"true\",\r\n            \"access.token.claim\": \"true\",\r\n            \"claim.name\": \"client_id\",\r\n            \"jsonType.label\": \"String\"\r\n          }\r\n        }\r\n      ],\r\n      \"defaultClientScopes\": [\r\n        \"web-origins\",\r\n        \"acr\",\r\n        \"roles\",\r\n        \"profile\",\r\n        \"basic\",\r\n        \"email\"\r\n      ],\r\n      \"optionalClientScopes\": [\r\n        \"address\",\r\n        \"phone\",\r\n        \"offline_access\",\r\n        \"microprofile-jwt\"\r\n      ],\r\n      \"authorizationSettings\": {\r\n        \"allowRemoteResourceManagement\": false,\r\n        \"policyEnforcementMode\": \"ENFORCING\",\r\n        \"resources\": [],\r\n        \"policies\": [],\r\n        \"scopes\": [\r\n          {\r\n            \"name\": \"manage\"\r\n          },\r\n          {\r\n            \"name\": \"view\"\r\n          },\r\n          {\r\n            \"name\": \"manage-members\"\r\n          },\r\n          {\r\n            \"name\": \"view-members\"\r\n          },\r\n          {\r\n            \"name\": \"manage-membership\"\r\n          }\r\n        ],\r\n        \"decisionStrategy\": \"UNANIMOUS\"\r\n      }\r\n    },\r\n    {\r\n      \"id\": \"740be63d-cd29-4660-892e-12ad842087d8\",\r\n      \"clientId\": \"security-admin-console\",\r\n      \"name\": \"${client_security-admin-console}\",\r\n      \"rootUrl\": \"${authAdminUrl}\",\r\n      \"baseUrl\": \"/admin/Gamify-IT/console/\",\r\n      \"surrogateAuthRequired\": false,\r\n      \"enabled\": true,\r\n      \"alwaysDisplayInConsole\": false,\r\n      \"clientAuthenticatorType\": \"client-secret\",\r\n      \"redirectUris\": [\r\n        \"/admin/Gamify-IT/console/*\"\r\n      ],\r\n      \"webOrigins\": [\r\n        \"+\"\r\n      ],\r\n      \"notBefore\": 0,\r\n      \"bearerOnly\": false,\r\n      \"consentRequired\": false,\r\n      \"standardFlowEnabled\": true,\r\n      \"implicitFlowEnabled\": false,\r\n      \"directAccessGrantsEnabled\": false,\r\n      \"serviceAccountsEnabled\": false,\r\n      \"publicClient\": true,\r\n      \"frontchannelLogout\": false,\r\n      \"protocol\": \"openid-connect\",\r\n      \"attributes\": {\r\n        \"realm_client\": \"false\",\r\n        \"client.use.lightweight.access.token.enabled\": \"true\",\r\n        \"post.logout.redirect.uris\": \"+\",\r\n        \"pkce.code.challenge.method\": \"S256\"\r\n      },\r\n      \"authenticationFlowBindingOverrides\": {},\r\n      \"fullScopeAllowed\": true,\r\n      \"nodeReRegistrationTimeout\": 0,\r\n      \"protocolMappers\": [\r\n        {\r\n          \"id\": \"3bda37c6-dbf5-47bd-b039-bc1f10e4494f\",\r\n          \"name\": \"locale\",\r\n          \"protocol\": \"openid-connect\",\r\n          \"protocolMapper\": \"oidc-usermodel-attribute-mapper\",\r\n          \"consentRequired\": false,\r\n          \"config\": {\r\n            \"user.attribute\": \"locale\",\r\n            \"id.token.claim\": \"true\",\r\n            \"access.token.claim\": \"true\",\r\n            \"claim.name\": \"locale\",\r\n            \"jsonType.label\": \"String\",\r\n            \"userinfo.token.claim\": \"true\"\r\n          }\r\n        }\r\n      ],\r\n      \"defaultClientScopes\": [\r\n        \"web-origins\",\r\n        \"acr\",\r\n        \"roles\",\r\n        \"profile\",\r\n        \"basic\",\r\n        \"email\"\r\n      ],\r\n      \"optionalClientScopes\": [\r\n        \"address\",\r\n        \"phone\",\r\n        \"offline_access\",\r\n        \"microprofile-jwt\"\r\n      ]\r\n    }\r\n  ],\r\n  \"clientScopes\": [\r\n    {\r\n      \"id\": \"eeaae055-ca73-41c2-8eee-161f108c7e2c\",\r\n      \"name\": \"role_list\",\r\n      \"description\": \"SAML role list\",\r\n      \"protocol\": \"saml\",\r\n      \"attributes\": {\r\n        \"consent.screen.text\": \"${samlRoleListScopeConsentText}\",\r\n        \"display.on.consent.screen\": \"true\"\r\n      },\r\n      \"protocolMappers\": [\r\n        {\r\n          \"id\": \"bedda6d0-60dc-41cf-86d7-0801b2898c53\",\r\n          \"name\": \"role list\",\r\n          \"protocol\": \"saml\",\r\n          \"protocolMapper\": \"saml-role-list-mapper\",\r\n          \"consentRequired\": false,\r\n          \"config\": {\r\n            \"single\": \"false\",\r\n            \"attribute.nameformat\": \"Basic\",\r\n            \"attribute.name\": \"Role\"\r\n          }\r\n        }\r\n      ]\r\n    },\r\n    {\r\n      \"id\": \"035ff955-1590-4737-846e-8d279c463d6f\",\r\n      \"name\": \"email\",\r\n      \"description\": \"OpenID Connect built-in scope: email\",\r\n      \"protocol\": \"openid-connect\",\r\n      \"attributes\": {\r\n        \"include.in.token.scope\": \"true\",\r\n        \"consent.screen.text\": \"${emailScopeConsentText}\",\r\n        \"display.on.consent.screen\": \"true\"\r\n      },\r\n      \"protocolMappers\": [\r\n        {\r\n          \"id\": \"7005a0f4-5c93-40cf-bb91-02c4dc4a3ec9\",\r\n          \"name\": \"email\",\r\n          \"protocol\": \"openid-connect\",\r\n          \"protocolMapper\": \"oidc-usermodel-property-mapper\",\r\n          \"consentRequired\": false,\r\n          \"config\": {\r\n            \"user.attribute\": \"email\",\r\n            \"id.token.claim\": \"true\",\r\n            \"access.token.claim\": \"true\",\r\n            \"claim.name\": \"email\",\r\n            \"jsonType.label\": \"String\",\r\n            \"userinfo.token.claim\": \"true\"\r\n          }\r\n        },\r\n        {\r\n          \"id\": \"36c3622e-53e9-48f6-a890-7bfccc18276e\",\r\n          \"name\": \"email verified\",\r\n          \"protocol\": \"openid-connect\",\r\n          \"protocolMapper\": \"oidc-usermodel-property-mapper\",\r\n          \"consentRequired\": false,\r\n          \"config\": {\r\n            \"user.attribute\": \"emailVerified\",\r\n            \"id.token.claim\": \"true\",\r\n            \"access.token.claim\": \"true\",\r\n            \"claim.name\": \"email_verified\",\r\n            \"jsonType.label\": \"boolean\",\r\n            \"userinfo.token.claim\": \"true\"\r\n          }\r\n        }\r\n      ]\r\n    },\r\n    {\r\n      \"id\": \"752e8de6-366f-4545-8a08-b11d1ae514f2\",\r\n      \"name\": \"roles\",\r\n      \"description\": \"OpenID Connect scope for add user roles to the access token\",\r\n      \"protocol\": \"openid-connect\",\r\n      \"attributes\": {\r\n        \"include.in.token.scope\": \"false\",\r\n        \"consent.screen.text\": \"${rolesScopeConsentText}\",\r\n        \"display.on.consent.screen\": \"true\"\r\n      },\r\n      \"protocolMappers\": [\r\n        {\r\n          \"id\": \"d3c1a769-4a66-41f0-a08f-7b70b7958ad1\",\r\n          \"name\": \"audience resolve\",\r\n          \"protocol\": \"openid-connect\",\r\n          \"protocolMapper\": \"oidc-audience-resolve-mapper\",\r\n          \"consentRequired\": false,\r\n          \"config\": {}\r\n        },\r\n        {\r\n          \"id\": \"2e1d08d7-0a37-45bc-a759-9e8a12d60c2d\",\r\n          \"name\": \"realm roles\",\r\n          \"protocol\": \"openid-connect\",\r\n          \"protocolMapper\": \"oidc-usermodel-realm-role-mapper\",\r\n          \"consentRequired\": false,\r\n          \"config\": {\r\n            \"id.token.claim\": \"true\",\r\n            \"access.token.claim\": \"true\",\r\n            \"claim.name\": \"realm_access.roles\",\r\n            \"jsonType.label\": \"String\",\r\n            \"multivalued\": \"true\",\r\n            \"userinfo.token.claim\": \"true\"\r\n          }\r\n        },\r\n        {\r\n          \"id\": \"2f76b7a6-9f73-499f-b0e6-5159e311883b\",\r\n          \"name\": \"client roles\",\r\n          \"protocol\": \"openid-connect\",\r\n          \"protocolMapper\": \"oidc-usermodel-client-role-mapper\",\r\n          \"consentRequired\": false,\r\n          \"config\": {\r\n            \"user.attribute\": \"foo\",\r\n            \"access.token.claim\": \"true\",\r\n            \"claim.name\": \"resource_access.${client_id}.roles\",\r\n            \"jsonType.label\": \"String\",\r\n            \"multivalued\": \"true\"\r\n          }\r\n        }\r\n      ]\r\n    },\r\n    {\r\n      \"id\": \"0e112aba-7593-4cb2-8e0b-c50683d92061\",\r\n      \"name\": \"web-origins\",\r\n      \"description\": \"OpenID Connect scope for add allowed web origins to the access token\",\r\n      \"protocol\": \"openid-connect\",\r\n      \"attributes\": {\r\n        \"include.in.token.scope\": \"false\",\r\n        \"consent.screen.text\": \"\",\r\n        \"display.on.consent.screen\": \"false\"\r\n      },\r\n      \"protocolMappers\": [\r\n        {\r\n          \"id\": \"7eb374a6-cf6f-4092-98b0-501196cf2bbf\",\r\n          \"name\": \"allowed web origins\",\r\n          \"protocol\": \"openid-connect\",\r\n          \"protocolMapper\": \"oidc-allowed-origins-mapper\",\r\n          \"consentRequired\": false,\r\n          \"config\": {}\r\n        }\r\n      ]\r\n    },\r\n    {\r\n      \"id\": \"889d6a9c-3645-4003-b641-718f8dd493c7\",\r\n      \"name\": \"offline_access\",\r\n      \"description\": \"OpenID Connect built-in scope: offline_access\",\r\n      \"protocol\": \"openid-connect\",\r\n      \"attributes\": {\r\n        \"consent.screen.text\": \"${offlineAccessScopeConsentText}\",\r\n        \"display.on.consent.screen\": \"true\"\r\n      }\r\n    },\r\n    {\r\n      \"id\": \"472442b2-d0b4-42d0-bff4-76d5496ac4f7\",\r\n      \"name\": \"basic\",\r\n      \"description\": \"OpenID Connect scope for add all basic claims to the token\",\r\n      \"protocol\": \"openid-connect\",\r\n      \"attributes\": {\r\n        \"include.in.token.scope\": \"false\",\r\n        \"display.on.consent.screen\": \"false\"\r\n      },\r\n      \"protocolMappers\": [\r\n        {\r\n          \"id\": \"fb90955f-97a8-496a-90ce-d026deb823f6\",\r\n          \"name\": \"sub\",\r\n          \"protocol\": \"openid-connect\",\r\n          \"protocolMapper\": \"oidc-sub-mapper\",\r\n          \"consentRequired\": false,\r\n          \"config\": {\r\n            \"introspection.token.claim\": \"true\",\r\n            \"access.token.claim\": \"true\"\r\n          }\r\n        },\r\n        {\r\n          \"id\": \"80f8382b-a4c2-4b7c-bd0e-e742872a53ab\",\r\n          \"name\": \"auth_time\",\r\n          \"protocol\": \"openid-connect\",\r\n          \"protocolMapper\": \"oidc-usersessionmodel-note-mapper\",\r\n          \"consentRequired\": false,\r\n          \"config\": {\r\n            \"user.session.note\": \"AUTH_TIME\",\r\n            \"id.token.claim\": \"true\",\r\n            \"introspection.token.claim\": \"true\",\r\n            \"access.token.claim\": \"true\",\r\n            \"claim.name\": \"auth_time\",\r\n            \"jsonType.label\": \"long\"\r\n          }\r\n        }\r\n      ]\r\n    },\r\n    {\r\n      \"id\": \"0693ee26-b2ed-4ed5-a8de-ebf41fd9b78b\",\r\n      \"name\": \"profile\",\r\n      \"description\": \"OpenID Connect built-in scope: profile\",\r\n      \"protocol\": \"openid-connect\",\r\n      \"attributes\": {\r\n        \"include.in.token.scope\": \"true\",\r\n        \"consent.screen.text\": \"${profileScopeConsentText}\",\r\n        \"display.on.consent.screen\": \"true\"\r\n      },\r\n      \"protocolMappers\": [\r\n        {\r\n          \"id\": \"43a2606c-a865-4e1b-818f-64129e153c52\",\r\n          \"name\": \"profile\",\r\n          \"protocol\": \"openid-connect\",\r\n          \"protocolMapper\": \"oidc-usermodel-attribute-mapper\",\r\n          \"consentRequired\": false,\r\n          \"config\": {\r\n            \"user.attribute\": \"profile\",\r\n            \"id.token.claim\": \"true\",\r\n            \"access.token.claim\": \"true\",\r\n            \"claim.name\": \"profile\",\r\n            \"jsonType.label\": \"String\",\r\n            \"userinfo.token.claim\": \"true\"\r\n          }\r\n        },\r\n        {\r\n          \"id\": \"c20380ec-cd05-427a-886c-603af48779c6\",\r\n          \"name\": \"zoneinfo\",\r\n          \"protocol\": \"openid-connect\",\r\n          \"protocolMapper\": \"oidc-usermodel-attribute-mapper\",\r\n          \"consentRequired\": false,\r\n          \"config\": {\r\n            \"user.attribute\": \"zoneinfo\",\r\n            \"id.token.claim\": \"true\",\r\n            \"access.token.claim\": \"true\",\r\n            \"claim.name\": \"zoneinfo\",\r\n            \"jsonType.label\": \"String\",\r\n            \"userinfo.token.claim\": \"true\"\r\n          }\r\n        },\r\n        {\r\n          \"id\": \"01ad18a4-152d-45a9-87f6-5119127f8e80\",\r\n          \"name\": \"birthdate\",\r\n          \"protocol\": \"openid-connect\",\r\n          \"protocolMapper\": \"oidc-usermodel-attribute-mapper\",\r\n          \"consentRequired\": false,\r\n          \"config\": {\r\n            \"user.attribute\": \"birthdate\",\r\n            \"id.token.claim\": \"true\",\r\n            \"access.token.claim\": \"true\",\r\n            \"claim.name\": \"birthdate\",\r\n            \"jsonType.label\": \"String\",\r\n            \"userinfo.token.claim\": \"true\"\r\n          }\r\n        },\r\n        {\r\n          \"id\": \"e8d37724-1c94-4ee3-b1a1-6c48a33e1315\",\r\n          \"name\": \"family name\",\r\n          \"protocol\": \"openid-connect\",\r\n          \"protocolMapper\": \"oidc-usermodel-property-mapper\",\r\n          \"consentRequired\": false,\r\n          \"config\": {\r\n            \"user.attribute\": \"lastName\",\r\n            \"id.token.claim\": \"true\",\r\n            \"access.token.claim\": \"true\",\r\n            \"claim.name\": \"family_name\",\r\n            \"jsonType.label\": \"String\",\r\n            \"userinfo.token.claim\": \"true\"\r\n          }\r\n        },\r\n        {\r\n          \"id\": \"b3ab879b-d316-41b4-b2b2-dbeb5d4e1ffe\",\r\n          \"name\": \"middle name\",\r\n          \"protocol\": \"openid-connect\",\r\n          \"protocolMapper\": \"oidc-usermodel-attribute-mapper\",\r\n          \"consentRequired\": false,\r\n          \"config\": {\r\n            \"user.attribute\": \"middleName\",\r\n            \"id.token.claim\": \"true\",\r\n            \"access.token.claim\": \"true\",\r\n            \"claim.name\": \"middle_name\",\r\n            \"jsonType.label\": \"String\",\r\n            \"userinfo.token.claim\": \"true\"\r\n          }\r\n        },\r\n        {\r\n          \"id\": \"abec68a4-7146-44bc-a6f3-a6865a6b0761\",\r\n          \"name\": \"full name\",\r\n          \"protocol\": \"openid-connect\",\r\n          \"protocolMapper\": \"oidc-full-name-mapper\",\r\n          \"consentRequired\": false,\r\n          \"config\": {\r\n            \"id.token.claim\": \"true\",\r\n            \"access.token.claim\": \"true\",\r\n            \"userinfo.token.claim\": \"true\"\r\n          }\r\n        },\r\n        {\r\n          \"id\": \"4551efe4-34cd-4800-b12d-8fb950814bd9\",\r\n          \"name\": \"picture\",\r\n          \"protocol\": \"openid-connect\",\r\n          \"protocolMapper\": \"oidc-usermodel-attribute-mapper\",\r\n          \"consentRequired\": false,\r\n          \"config\": {\r\n            \"user.attribute\": \"picture\",\r\n            \"id.token.claim\": \"true\",\r\n            \"access.token.claim\": \"true\",\r\n            \"claim.name\": \"picture\",\r\n            \"jsonType.label\": \"String\",\r\n            \"userinfo.token.claim\": \"true\"\r\n          }\r\n        },\r\n        {\r\n          \"id\": \"c37c96e0-870e-403a-bb23-b61eff8b9bd3\",\r\n          \"name\": \"gender\",\r\n          \"protocol\": \"openid-connect\",\r\n          \"protocolMapper\": \"oidc-usermodel-attribute-mapper\",\r\n          \"consentRequired\": false,\r\n          \"config\": {\r\n            \"user.attribute\": \"gender\",\r\n            \"id.token.claim\": \"true\",\r\n            \"access.token.claim\": \"true\",\r\n            \"claim.name\": \"gender\",\r\n            \"jsonType.label\": \"String\",\r\n            \"userinfo.token.claim\": \"true\"\r\n          }\r\n        },\r\n        {\r\n          \"id\": \"cb9cc9cf-cfa5-4830-9c28-4363588f9bd6\",\r\n          \"name\": \"website\",\r\n          \"protocol\": \"openid-connect\",\r\n          \"protocolMapper\": \"oidc-usermodel-attribute-mapper\",\r\n          \"consentRequired\": false,\r\n          \"config\": {\r\n            \"user.attribute\": \"website\",\r\n            \"id.token.claim\": \"true\",\r\n            \"access.token.claim\": \"true\",\r\n            \"claim.name\": \"website\",\r\n            \"jsonType.label\": \"String\",\r\n            \"userinfo.token.claim\": \"true\"\r\n          }\r\n        },\r\n        {\r\n          \"id\": \"b050916d-df6a-42da-b2c5-9ecc42c6e937\",\r\n          \"name\": \"given name\",\r\n          \"protocol\": \"openid-connect\",\r\n          \"protocolMapper\": \"oidc-usermodel-property-mapper\",\r\n          \"consentRequired\": false,\r\n          \"config\": {\r\n            \"user.attribute\": \"firstName\",\r\n            \"id.token.claim\": \"true\",\r\n            \"access.token.claim\": \"true\",\r\n            \"claim.name\": \"given_name\",\r\n            \"jsonType.label\": \"String\",\r\n            \"userinfo.token.claim\": \"true\"\r\n          }\r\n        },\r\n        {\r\n          \"id\": \"fe4b7605-02f8-4e69-afbd-6ed5a86fa1f0\",\r\n          \"name\": \"updated at\",\r\n          \"protocol\": \"openid-connect\",\r\n          \"protocolMapper\": \"oidc-usermodel-attribute-mapper\",\r\n          \"consentRequired\": false,\r\n          \"config\": {\r\n            \"user.attribute\": \"updatedAt\",\r\n            \"id.token.claim\": \"true\",\r\n            \"access.token.claim\": \"true\",\r\n            \"claim.name\": \"updated_at\",\r\n            \"jsonType.label\": \"long\",\r\n            \"userinfo.token.claim\": \"true\"\r\n          }\r\n        },\r\n        {\r\n          \"id\": \"090b4ac3-b7f7-45c2-aa30-de6692e85b78\",\r\n          \"name\": \"username\",\r\n          \"protocol\": \"openid-connect\",\r\n          \"protocolMapper\": \"oidc-usermodel-property-mapper\",\r\n          \"consentRequired\": false,\r\n          \"config\": {\r\n            \"user.attribute\": \"username\",\r\n            \"id.token.claim\": \"true\",\r\n            \"access.token.claim\": \"true\",\r\n            \"claim.name\": \"preferred_username\",\r\n            \"jsonType.label\": \"String\",\r\n            \"userinfo.token.claim\": \"true\"\r\n          }\r\n        },\r\n        {\r\n          \"id\": \"083150f6-9184-4f67-a58d-4b2955dce883\",\r\n          \"name\": \"nickname\",\r\n          \"protocol\": \"openid-connect\",\r\n          \"protocolMapper\": \"oidc-usermodel-attribute-mapper\",\r\n          \"consentRequired\": false,\r\n          \"config\": {\r\n            \"user.attribute\": \"nickname\",\r\n            \"id.token.claim\": \"true\",\r\n            \"access.token.claim\": \"true\",\r\n            \"claim.name\": \"nickname\",\r\n            \"jsonType.label\": \"String\",\r\n            \"userinfo.token.claim\": \"true\"\r\n          }\r\n        },\r\n        {\r\n          \"id\": \"6831b867-e5c8-41e9-affc-a312048979f5\",\r\n          \"name\": \"locale\",\r\n          \"protocol\": \"openid-connect\",\r\n          \"protocolMapper\": \"oidc-usermodel-attribute-mapper\",\r\n          \"consentRequired\": false,\r\n          \"config\": {\r\n            \"user.attribute\": \"locale\",\r\n            \"id.token.claim\": \"true\",\r\n            \"access.token.claim\": \"true\",\r\n            \"claim.name\": \"locale\",\r\n            \"jsonType.label\": \"String\",\r\n            \"userinfo.token.claim\": \"true\"\r\n          }\r\n        }\r\n      ]\r\n    },\r\n    {\r\n      \"id\": \"def1ebe5-93f9-4f98-838e-4976aac26672\",\r\n      \"name\": \"acr\",\r\n      \"description\": \"OpenID Connect scope for add acr (authentication context class reference) to the token\",\r\n      \"protocol\": \"openid-connect\",\r\n      \"attributes\": {\r\n        \"include.in.token.scope\": \"false\",\r\n        \"display.on.consent.screen\": \"false\"\r\n      },\r\n      \"protocolMappers\": [\r\n        {\r\n          \"id\": \"b2ff121f-64c8-4943-addb-b2b2d238f14b\",\r\n          \"name\": \"acr loa level\",\r\n          \"protocol\": \"openid-connect\",\r\n          \"protocolMapper\": \"oidc-acr-mapper\",\r\n          \"consentRequired\": false,\r\n          \"config\": {\r\n            \"id.token.claim\": \"true\",\r\n            \"access.token.claim\": \"true\",\r\n            \"userinfo.token.claim\": \"true\"\r\n          }\r\n        }\r\n      ]\r\n    },\r\n    {\r\n      \"id\": \"a0d7dfad-6ae2-41c9-b5e1-3d9dcd707589\",\r\n      \"name\": \"address\",\r\n      \"description\": \"OpenID Connect built-in scope: address\",\r\n      \"protocol\": \"openid-connect\",\r\n      \"attributes\": {\r\n        \"include.in.token.scope\": \"true\",\r\n        \"consent.screen.text\": \"${addressScopeConsentText}\",\r\n        \"display.on.consent.screen\": \"true\"\r\n      },\r\n      \"protocolMappers\": [\r\n        {\r\n          \"id\": \"acd40983-572b-41c6-bf4a-f8cd0ae9773e\",\r\n          \"name\": \"address\",\r\n          \"protocol\": \"openid-connect\",\r\n          \"protocolMapper\": \"oidc-address-mapper\",\r\n          \"consentRequired\": false,\r\n          \"config\": {\r\n            \"user.attribute.formatted\": \"formatted\",\r\n            \"user.attribute.country\": \"country\",\r\n            \"user.attribute.postal_code\": \"postal_code\",\r\n            \"userinfo.token.claim\": \"true\",\r\n            \"user.attribute.street\": \"street\",\r\n            \"id.token.claim\": \"true\",\r\n            \"user.attribute.region\": \"region\",\r\n            \"access.token.claim\": \"true\",\r\n            \"user.attribute.locality\": \"locality\"\r\n          }\r\n        }\r\n      ]\r\n    },\r\n    {\r\n      \"id\": \"1edf3b1e-fd4f-465b-8207-9242139b806f\",\r\n      \"name\": \"phone\",\r\n      \"description\": \"OpenID Connect built-in scope: phone\",\r\n      \"protocol\": \"openid-connect\",\r\n      \"attributes\": {\r\n        \"include.in.token.scope\": \"true\",\r\n        \"consent.screen.text\": \"${phoneScopeConsentText}\",\r\n        \"display.on.consent.screen\": \"true\"\r\n      },\r\n      \"protocolMappers\": [\r\n        {\r\n          \"id\": \"5a995a7b-853c-4945-a757-b23d04010215\",\r\n          \"name\": \"phone number\",\r\n          \"protocol\": \"openid-connect\",\r\n          \"protocolMapper\": \"oidc-usermodel-attribute-mapper\",\r\n          \"consentRequired\": false,\r\n          \"config\": {\r\n            \"user.attribute\": \"phoneNumber\",\r\n            \"id.token.claim\": \"true\",\r\n            \"access.token.claim\": \"true\",\r\n            \"claim.name\": \"phone_number\",\r\n            \"jsonType.label\": \"String\",\r\n            \"userinfo.token.claim\": \"true\"\r\n          }\r\n        },\r\n        {\r\n          \"id\": \"36325ac8-8971-4a8a-8f04-8f513b410885\",\r\n          \"name\": \"phone number verified\",\r\n          \"protocol\": \"openid-connect\",\r\n          \"protocolMapper\": \"oidc-usermodel-attribute-mapper\",\r\n          \"consentRequired\": false,\r\n          \"config\": {\r\n            \"user.attribute\": \"phoneNumberVerified\",\r\n            \"id.token.claim\": \"true\",\r\n            \"access.token.claim\": \"true\",\r\n            \"claim.name\": \"phone_number_verified\",\r\n            \"jsonType.label\": \"boolean\",\r\n            \"userinfo.token.claim\": \"true\"\r\n          }\r\n        }\r\n      ]\r\n    },\r\n    {\r\n      \"id\": \"f90833df-a9ce-4f42-b567-bd91b38a9b37\",\r\n      \"name\": \"microprofile-jwt\",\r\n      \"description\": \"Microprofile - JWT built-in scope\",\r\n      \"protocol\": \"openid-connect\",\r\n      \"attributes\": {\r\n        \"include.in.token.scope\": \"true\",\r\n        \"display.on.consent.screen\": \"false\"\r\n      },\r\n      \"protocolMappers\": [\r\n        {\r\n          \"id\": \"02a5e3a6-25ab-425c-8418-82ddbc27d25a\",\r\n          \"name\": \"groups\",\r\n          \"protocol\": \"openid-connect\",\r\n          \"protocolMapper\": \"oidc-usermodel-realm-role-mapper\",\r\n          \"consentRequired\": false,\r\n          \"config\": {\r\n            \"multivalued\": \"true\",\r\n            \"userinfo.token.claim\": \"true\",\r\n            \"user.attribute\": \"foo\",\r\n            \"id.token.claim\": \"true\",\r\n            \"access.token.claim\": \"true\",\r\n            \"claim.name\": \"groups\",\r\n            \"jsonType.label\": \"String\"\r\n          }\r\n        },\r\n        {\r\n          \"id\": \"1c20b97d-8ba3-46a2-9bfa-828ec821a237\",\r\n          \"name\": \"upn\",\r\n          \"protocol\": \"openid-connect\",\r\n          \"protocolMapper\": \"oidc-usermodel-property-mapper\",\r\n          \"consentRequired\": false,\r\n          \"config\": {\r\n            \"user.attribute\": \"username\",\r\n            \"id.token.claim\": \"true\",\r\n            \"access.token.claim\": \"true\",\r\n            \"claim.name\": \"upn\",\r\n            \"jsonType.label\": \"String\",\r\n            \"userinfo.token.claim\": \"true\"\r\n          }\r\n        }\r\n      ]\r\n    }\r\n  ],\r\n  \"defaultDefaultClientScopes\": [\r\n    \"role_list\",\r\n    \"profile\",\r\n    \"email\",\r\n    \"roles\",\r\n    \"web-origins\",\r\n    \"acr\",\r\n    \"basic\"\r\n  ],\r\n  \"defaultOptionalClientScopes\": [\r\n    \"offline_access\",\r\n    \"address\",\r\n    \"phone\",\r\n    \"microprofile-jwt\"\r\n  ],\r\n  \"browserSecurityHeaders\": {\r\n    \"contentSecurityPolicyReportOnly\": \"\",\r\n    \"xContentTypeOptions\": \"nosniff\",\r\n    \"referrerPolicy\": \"no-referrer\",\r\n    \"xRobotsTag\": \"none\",\r\n    \"xFrameOptions\": \"SAMEORIGIN\",\r\n    \"contentSecurityPolicy\": \"frame-src 'self'; frame-ancestors 'self'; object-src 'none';\",\r\n    \"xXSSProtection\": \"1; mode=block\",\r\n    \"strictTransportSecurity\": \"max-age=31536000; includeSubDomains\"\r\n  },\r\n  \"smtpServer\": {},\r\n  \"loginTheme\": \"keycloak\",\r\n  \"accountTheme\": \"\",\r\n  \"adminTheme\": \"\",\r\n  \"emailTheme\": \"\",\r\n  \"eventsEnabled\": false,\r\n  \"eventsListeners\": [\r\n    \"jboss-logging\"\r\n  ],\r\n  \"enabledEventTypes\": [],\r\n  \"adminEventsEnabled\": false,\r\n  \"adminEventsDetailsEnabled\": false,\r\n  \"identityProviders\": [],\r\n  \"identityProviderMappers\": [],\r\n  \"components\": {\r\n    \"org.keycloak.services.clientregistration.policy.ClientRegistrationPolicy\": [\r\n      {\r\n        \"id\": \"5a4309d9-1bcf-46cb-ba0b-e6ed085356c9\",\r\n        \"name\": \"Full Scope Disabled\",\r\n        \"providerId\": \"scope\",\r\n        \"subType\": \"anonymous\",\r\n        \"subComponents\": {},\r\n        \"config\": {}\r\n      },\r\n      {\r\n        \"id\": \"69ef2ab4-977d-4452-918e-8c91e0b2ab23\",\r\n        \"name\": \"Allowed Protocol Mapper Types\",\r\n        \"providerId\": \"allowed-protocol-mappers\",\r\n        \"subType\": \"anonymous\",\r\n        \"subComponents\": {},\r\n        \"config\": {\r\n          \"allowed-protocol-mapper-types\": [\r\n            \"saml-user-property-mapper\",\r\n            \"oidc-usermodel-attribute-mapper\",\r\n            \"saml-user-attribute-mapper\",\r\n            \"oidc-full-name-mapper\",\r\n            \"saml-role-list-mapper\",\r\n            \"oidc-usermodel-property-mapper\",\r\n            \"oidc-sha256-pairwise-sub-mapper\",\r\n            \"oidc-address-mapper\"\r\n          ]\r\n        }\r\n      },\r\n      {\r\n        \"id\": \"5fa5a9e6-f413-480d-be0d-0074e7c3f239\",\r\n        \"name\": \"Consent Required\",\r\n        \"providerId\": \"consent-required\",\r\n        \"subType\": \"anonymous\",\r\n        \"subComponents\": {},\r\n        \"config\": {}\r\n      },\r\n      {\r\n        \"id\": \"1dc89aad-7148-4d4b-a8ed-02fb7e42382c\",\r\n        \"name\": \"Max Clients Limit\",\r\n        \"providerId\": \"max-clients\",\r\n        \"subType\": \"anonymous\",\r\n        \"subComponents\": {},\r\n        \"config\": {\r\n          \"max-clients\": [\r\n            \"200\"\r\n          ]\r\n        }\r\n      },\r\n      {\r\n        \"id\": \"9ed397b8-79b2-43a2-b64f-de4c5bae1e99\",\r\n        \"name\": \"Allowed Client Scopes\",\r\n        \"providerId\": \"allowed-client-templates\",\r\n        \"subType\": \"authenticated\",\r\n        \"subComponents\": {},\r\n        \"config\": {\r\n          \"allow-default-scopes\": [\r\n            \"true\"\r\n          ]\r\n        }\r\n      },\r\n      {\r\n        \"id\": \"d9faaa94-fd77-45ed-80ec-17ad4625ea41\",\r\n        \"name\": \"Allowed Client Scopes\",\r\n        \"providerId\": \"allowed-client-templates\",\r\n        \"subType\": \"anonymous\",\r\n        \"subComponents\": {},\r\n        \"config\": {\r\n          \"allow-default-scopes\": [\r\n            \"true\"\r\n          ]\r\n        }\r\n      },\r\n      {\r\n        \"id\": \"04602d6c-153d-4a60-b2df-f5518544ccc7\",\r\n        \"name\": \"Trusted Hosts\",\r\n        \"providerId\": \"trusted-hosts\",\r\n        \"subType\": \"anonymous\",\r\n        \"subComponents\": {},\r\n        \"config\": {\r\n          \"host-sending-registration-request-must-match\": [\r\n            \"true\"\r\n          ],\r\n          \"client-uris-must-match\": [\r\n            \"true\"\r\n          ]\r\n        }\r\n      },\r\n      {\r\n        \"id\": \"dce12884-91e3-4118-8b60-99166c3e707a\",\r\n        \"name\": \"Allowed Protocol Mapper Types\",\r\n        \"providerId\": \"allowed-protocol-mappers\",\r\n        \"subType\": \"authenticated\",\r\n        \"subComponents\": {},\r\n        \"config\": {\r\n          \"allowed-protocol-mapper-types\": [\r\n            \"saml-user-attribute-mapper\",\r\n            \"oidc-full-name-mapper\",\r\n            \"oidc-usermodel-attribute-mapper\",\r\n            \"saml-user-property-mapper\",\r\n            \"oidc-address-mapper\",\r\n            \"oidc-sha256-pairwise-sub-mapper\",\r\n            \"saml-role-list-mapper\",\r\n            \"oidc-usermodel-property-mapper\"\r\n          ]\r\n        }\r\n      }\r\n    ],\r\n    \"org.keycloak.userprofile.UserProfileProvider\": [\r\n      {\r\n        \"id\": \"e281eec6-4fcc-46ad-865a-75e34687da32\",\r\n        \"providerId\": \"declarative-user-profile\",\r\n        \"subComponents\": {},\r\n        \"config\": {\r\n          \"kc.user.profile.config\": [\r\n            \"{\\\"attributes\\\":[{\\\"name\\\":\\\"username\\\",\\\"displayName\\\":\\\"${username}\\\",\\\"validations\\\":{\\\"length\\\":{\\\"min\\\":3,\\\"max\\\":255},\\\"username-prohibited-characters\\\":{},\\\"up-username-not-idn-homograph\\\":{}},\\\"permissions\\\":{\\\"view\\\":[\\\"admin\\\",\\\"user\\\"],\\\"edit\\\":[\\\"admin\\\",\\\"user\\\"]},\\\"multivalued\\\":false},{\\\"name\\\":\\\"email\\\",\\\"displayName\\\":\\\"${email}\\\",\\\"validations\\\":{\\\"email\\\":{},\\\"length\\\":{\\\"max\\\":255}},\\\"required\\\":{\\\"roles\\\":[\\\"user\\\"]},\\\"permissions\\\":{\\\"view\\\":[\\\"admin\\\",\\\"user\\\"],\\\"edit\\\":[\\\"admin\\\",\\\"user\\\"]},\\\"multivalued\\\":false},{\\\"name\\\":\\\"firstName\\\",\\\"displayName\\\":\\\"${firstName}\\\",\\\"validations\\\":{\\\"length\\\":{\\\"max\\\":255},\\\"person-name-prohibited-characters\\\":{}},\\\"required\\\":{\\\"roles\\\":[\\\"user\\\"]},\\\"permissions\\\":{\\\"view\\\":[\\\"admin\\\",\\\"user\\\"],\\\"edit\\\":[\\\"admin\\\",\\\"user\\\"]},\\\"multivalued\\\":false},{\\\"name\\\":\\\"lastName\\\",\\\"displayName\\\":\\\"${lastName}\\\",\\\"validations\\\":{\\\"length\\\":{\\\"max\\\":255},\\\"person-name-prohibited-characters\\\":{}},\\\"required\\\":{\\\"roles\\\":[\\\"user\\\"]},\\\"permissions\\\":{\\\"view\\\":[\\\"admin\\\",\\\"user\\\"],\\\"edit\\\":[\\\"admin\\\",\\\"user\\\"]},\\\"multivalued\\\":false}],\\\"groups\\\":[{\\\"name\\\":\\\"user-metadata\\\",\\\"displayHeader\\\":\\\"User metadata\\\",\\\"displayDescription\\\":\\\"Attributes, which refer to user metadata\\\"}],\\\"unmanagedAttributePolicy\\\":\\\"ENABLED\\\"}\"\r\n          ]\r\n        }\r\n      }\r\n    ],\r\n    \"org.keycloak.keys.KeyProvider\": [\r\n      {\r\n        \"id\": \"ac084138-b998-4f7d-b0ef-c54b6da0e705\",\r\n        \"name\": \"aes-generated\",\r\n        \"providerId\": \"aes-generated\",\r\n        \"subComponents\": {},\r\n        \"config\": {\r\n          \"priority\": [\r\n            \"100\"\r\n          ]\r\n        }\r\n      },\r\n      {\r\n        \"id\": \"d87ab943-4d5c-4029-987d-cfccf6be5e34\",\r\n        \"name\": \"hmac-generated-hs512\",\r\n        \"providerId\": \"hmac-generated\",\r\n        \"subComponents\": {},\r\n        \"config\": {\r\n          \"priority\": [\r\n            \"100\"\r\n          ],\r\n          \"algorithm\": [\r\n            \"HS512\"\r\n          ]\r\n        }\r\n      },\r\n      {\r\n        \"id\": \"1b59c659-be84-4680-be76-89589f566804\",\r\n        \"name\": \"rsa-generated\",\r\n        \"providerId\": \"rsa-generated\",\r\n        \"subComponents\": {},\r\n        \"config\": {\r\n          \"priority\": [\r\n            \"100\"\r\n          ]\r\n        }\r\n      },\r\n      {\r\n        \"id\": \"d533731c-5e7f-4d84-8d5a-6c6bcb399e6b\",\r\n        \"name\": \"rsa-enc-generated\",\r\n        \"providerId\": \"rsa-enc-generated\",\r\n        \"subComponents\": {},\r\n        \"config\": {\r\n          \"priority\": [\r\n            \"100\"\r\n          ],\r\n          \"algorithm\": [\r\n            \"RSA-OAEP\"\r\n          ]\r\n        }\r\n      },\r\n      {\r\n        \"id\": \"346742b7-3ad1-4e7b-9207-99b7a47bd550\",\r\n        \"name\": \"hmac-generated\",\r\n        \"providerId\": \"hmac-generated\",\r\n        \"subComponents\": {},\r\n        \"config\": {\r\n          \"priority\": [\r\n            \"100\"\r\n          ],\r\n          \"algorithm\": [\r\n            \"HS256\"\r\n          ]\r\n        }\r\n      }\r\n    ]\r\n  },\r\n  \"internationalizationEnabled\": false,\r\n  \"supportedLocales\": [],\r\n  \"authenticationFlows\": [\r\n    {\r\n      \"id\": \"583ddfd6-89f7-4c2e-9cdb-ca0d4ba9a82b\",\r\n      \"alias\": \"Account verification options\",\r\n      \"description\": \"Method with which to verity the existing account\",\r\n      \"providerId\": \"basic-flow\",\r\n      \"topLevel\": false,\r\n      \"builtIn\": true,\r\n      \"authenticationExecutions\": [\r\n        {\r\n          \"authenticator\": \"idp-email-verification\",\r\n          \"authenticatorFlow\": false,\r\n          \"requirement\": \"ALTERNATIVE\",\r\n          \"priority\": 10,\r\n          \"autheticatorFlow\": false,\r\n          \"userSetupAllowed\": false\r\n        },\r\n        {\r\n          \"authenticatorFlow\": true,\r\n          \"requirement\": \"ALTERNATIVE\",\r\n          \"priority\": 20,\r\n          \"autheticatorFlow\": true,\r\n          \"flowAlias\": \"Verify Existing Account by Re-authentication\",\r\n          \"userSetupAllowed\": false\r\n        }\r\n      ]\r\n    },\r\n    {\r\n      \"id\": \"3afca6c2-377e-49cd-a8c5-363117afa5fc\",\r\n      \"alias\": \"Browser - Conditional OTP\",\r\n      \"description\": \"Flow to determine if the OTP is required for the authentication\",\r\n      \"providerId\": \"basic-flow\",\r\n      \"topLevel\": false,\r\n      \"builtIn\": true,\r\n      \"authenticationExecutions\": [\r\n        {\r\n          \"authenticator\": \"conditional-user-configured\",\r\n          \"authenticatorFlow\": false,\r\n          \"requirement\": \"REQUIRED\",\r\n          \"priority\": 10,\r\n          \"autheticatorFlow\": false,\r\n          \"userSetupAllowed\": false\r\n        },\r\n        {\r\n          \"authenticator\": \"auth-otp-form\",\r\n          \"authenticatorFlow\": false,\r\n          \"requirement\": \"REQUIRED\",\r\n          \"priority\": 20,\r\n          \"autheticatorFlow\": false,\r\n          \"userSetupAllowed\": false\r\n        }\r\n      ]\r\n    },\r\n    {\r\n      \"id\": \"379409f3-efd7-4a87-8c49-058d1c4ea21b\",\r\n      \"alias\": \"Direct Grant - Conditional OTP\",\r\n      \"description\": \"Flow to determine if the OTP is required for the authentication\",\r\n      \"providerId\": \"basic-flow\",\r\n      \"topLevel\": false,\r\n      \"builtIn\": true,\r\n      \"authenticationExecutions\": [\r\n        {\r\n          \"authenticator\": \"conditional-user-configured\",\r\n          \"authenticatorFlow\": false,\r\n          \"requirement\": \"REQUIRED\",\r\n          \"priority\": 10,\r\n          \"autheticatorFlow\": false,\r\n          \"userSetupAllowed\": false\r\n        },\r\n        {\r\n          \"authenticator\": \"direct-grant-validate-otp\",\r\n          \"authenticatorFlow\": false,\r\n          \"requirement\": \"REQUIRED\",\r\n          \"priority\": 20,\r\n          \"autheticatorFlow\": false,\r\n          \"userSetupAllowed\": false\r\n        }\r\n      ]\r\n    },\r\n    {\r\n      \"id\": \"d2da2d2e-d14a-4b9f-8577-ed6c9b025b3a\",\r\n      \"alias\": \"First broker login - Conditional OTP\",\r\n      \"description\": \"Flow to determine if the OTP is required for the authentication\",\r\n      \"providerId\": \"basic-flow\",\r\n      \"topLevel\": false,\r\n      \"builtIn\": true,\r\n      \"authenticationExecutions\": [\r\n        {\r\n          \"authenticator\": \"conditional-user-configured\",\r\n          \"authenticatorFlow\": false,\r\n          \"requirement\": \"REQUIRED\",\r\n          \"priority\": 10,\r\n          \"autheticatorFlow\": false,\r\n          \"userSetupAllowed\": false\r\n        },\r\n        {\r\n          \"authenticator\": \"auth-otp-form\",\r\n          \"authenticatorFlow\": false,\r\n          \"requirement\": \"REQUIRED\",\r\n          \"priority\": 20,\r\n          \"autheticatorFlow\": false,\r\n          \"userSetupAllowed\": false\r\n        }\r\n      ]\r\n    },\r\n    {\r\n      \"id\": \"93543b13-c316-4755-8a76-f4d788ebc97a\",\r\n      \"alias\": \"Handle Existing Account\",\r\n      \"description\": \"Handle what to do if there is existing account with same email/username like authenticated identity provider\",\r\n      \"providerId\": \"basic-flow\",\r\n      \"topLevel\": false,\r\n      \"builtIn\": true,\r\n      \"authenticationExecutions\": [\r\n        {\r\n          \"authenticator\": \"idp-confirm-link\",\r\n          \"authenticatorFlow\": false,\r\n          \"requirement\": \"REQUIRED\",\r\n          \"priority\": 10,\r\n          \"autheticatorFlow\": false,\r\n          \"userSetupAllowed\": false\r\n        },\r\n        {\r\n          \"authenticatorFlow\": true,\r\n          \"requirement\": \"REQUIRED\",\r\n          \"priority\": 20,\r\n          \"autheticatorFlow\": true,\r\n          \"flowAlias\": \"Account verification options\",\r\n          \"userSetupAllowed\": false\r\n        }\r\n      ]\r\n    },\r\n    {\r\n      \"id\": \"dc71d962-3f7c-434f-a961-b1f3c675fec2\",\r\n      \"alias\": \"Reset - Conditional OTP\",\r\n      \"description\": \"Flow to determine if the OTP should be reset or not. Set to REQUIRED to force.\",\r\n      \"providerId\": \"basic-flow\",\r\n      \"topLevel\": false,\r\n      \"builtIn\": true,\r\n      \"authenticationExecutions\": [\r\n        {\r\n          \"authenticator\": \"conditional-user-configured\",\r\n          \"authenticatorFlow\": false,\r\n          \"requirement\": \"REQUIRED\",\r\n          \"priority\": 10,\r\n          \"autheticatorFlow\": false,\r\n          \"userSetupAllowed\": false\r\n        },\r\n        {\r\n          \"authenticator\": \"reset-otp\",\r\n          \"authenticatorFlow\": false,\r\n          \"requirement\": \"REQUIRED\",\r\n          \"priority\": 20,\r\n          \"autheticatorFlow\": false,\r\n          \"userSetupAllowed\": false\r\n        }\r\n      ]\r\n    },\r\n    {\r\n      \"id\": \"838ad70d-6e0a-4e24-97f7-2836122003aa\",\r\n      \"alias\": \"User creation or linking\",\r\n      \"description\": \"Flow for the existing/non-existing user alternatives\",\r\n      \"providerId\": \"basic-flow\",\r\n      \"topLevel\": false,\r\n      \"builtIn\": true,\r\n      \"authenticationExecutions\": [\r\n        {\r\n          \"authenticatorConfig\": \"create unique user config\",\r\n          \"authenticator\": \"idp-create-user-if-unique\",\r\n          \"authenticatorFlow\": false,\r\n          \"requirement\": \"ALTERNATIVE\",\r\n          \"priority\": 10,\r\n          \"autheticatorFlow\": false,\r\n          \"userSetupAllowed\": false\r\n        },\r\n        {\r\n          \"authenticatorFlow\": true,\r\n          \"requirement\": \"ALTERNATIVE\",\r\n          \"priority\": 20,\r\n          \"autheticatorFlow\": true,\r\n          \"flowAlias\": \"Handle Existing Account\",\r\n          \"userSetupAllowed\": false\r\n        }\r\n      ]\r\n    },\r\n    {\r\n      \"id\": \"fe4bcddc-31e5-47ac-bff0-03be93746959\",\r\n      \"alias\": \"Verify Existing Account by Re-authentication\",\r\n      \"description\": \"Reauthentication of existing account\",\r\n      \"providerId\": \"basic-flow\",\r\n      \"topLevel\": false,\r\n      \"builtIn\": true,\r\n      \"authenticationExecutions\": [\r\n        {\r\n          \"authenticator\": \"idp-username-password-form\",\r\n          \"authenticatorFlow\": false,\r\n          \"requirement\": \"REQUIRED\",\r\n          \"priority\": 10,\r\n          \"autheticatorFlow\": false,\r\n          \"userSetupAllowed\": false\r\n        },\r\n        {\r\n          \"authenticatorFlow\": true,\r\n          \"requirement\": \"CONDITIONAL\",\r\n          \"priority\": 20,\r\n          \"autheticatorFlow\": true,\r\n          \"flowAlias\": \"First broker login - Conditional OTP\",\r\n          \"userSetupAllowed\": false\r\n        }\r\n      ]\r\n    },\r\n    {\r\n      \"id\": \"c039d103-48d9-4fb4-b6f4-7259be670fc8\",\r\n      \"alias\": \"browser\",\r\n      \"description\": \"browser based authentication\",\r\n      \"providerId\": \"basic-flow\",\r\n      \"topLevel\": true,\r\n      \"builtIn\": true,\r\n      \"authenticationExecutions\": [\r\n        {\r\n          \"authenticator\": \"auth-cookie\",\r\n          \"authenticatorFlow\": false,\r\n          \"requirement\": \"ALTERNATIVE\",\r\n          \"priority\": 10,\r\n          \"autheticatorFlow\": false,\r\n          \"userSetupAllowed\": false\r\n        },\r\n        {\r\n          \"authenticator\": \"auth-spnego\",\r\n          \"authenticatorFlow\": false,\r\n          \"requirement\": \"DISABLED\",\r\n          \"priority\": 20,\r\n          \"autheticatorFlow\": false,\r\n          \"userSetupAllowed\": false\r\n        },\r\n        {\r\n          \"authenticator\": \"identity-provider-redirector\",\r\n          \"authenticatorFlow\": false,\r\n          \"requirement\": \"ALTERNATIVE\",\r\n          \"priority\": 25,\r\n          \"autheticatorFlow\": false,\r\n          \"userSetupAllowed\": false\r\n        },\r\n        {\r\n          \"authenticatorFlow\": true,\r\n          \"requirement\": \"ALTERNATIVE\",\r\n          \"priority\": 30,\r\n          \"autheticatorFlow\": true,\r\n          \"flowAlias\": \"forms\",\r\n          \"userSetupAllowed\": false\r\n        }\r\n      ]\r\n    },\r\n    {\r\n      \"id\": \"057030fc-ba4c-4ef5-b22b-e6e1932ed96e\",\r\n      \"alias\": \"clients\",\r\n      \"description\": \"Base authentication for clients\",\r\n      \"providerId\": \"client-flow\",\r\n      \"topLevel\": true,\r\n      \"builtIn\": true,\r\n      \"authenticationExecutions\": [\r\n        {\r\n          \"authenticator\": \"client-secret\",\r\n          \"authenticatorFlow\": false,\r\n          \"requirement\": \"ALTERNATIVE\",\r\n          \"priority\": 10,\r\n          \"autheticatorFlow\": false,\r\n          \"userSetupAllowed\": false\r\n        },\r\n        {\r\n          \"authenticator\": \"client-jwt\",\r\n          \"authenticatorFlow\": false,\r\n          \"requirement\": \"ALTERNATIVE\",\r\n          \"priority\": 20,\r\n          \"autheticatorFlow\": false,\r\n          \"userSetupAllowed\": false\r\n        },\r\n        {\r\n          \"authenticator\": \"client-secret-jwt\",\r\n          \"authenticatorFlow\": false,\r\n          \"requirement\": \"ALTERNATIVE\",\r\n          \"priority\": 30,\r\n          \"autheticatorFlow\": false,\r\n          \"userSetupAllowed\": false\r\n        },\r\n        {\r\n          \"authenticator\": \"client-x509\",\r\n          \"authenticatorFlow\": false,\r\n          \"requirement\": \"ALTERNATIVE\",\r\n          \"priority\": 40,\r\n          \"autheticatorFlow\": false,\r\n          \"userSetupAllowed\": false\r\n        }\r\n      ]\r\n    },\r\n    {\r\n      \"id\": \"3aaf64b2-a83b-45c8-ab0f-12fb5f28ff30\",\r\n      \"alias\": \"direct grant\",\r\n      \"description\": \"OpenID Connect Resource Owner Grant\",\r\n      \"providerId\": \"basic-flow\",\r\n      \"topLevel\": true,\r\n      \"builtIn\": true,\r\n      \"authenticationExecutions\": [\r\n        {\r\n          \"authenticator\": \"direct-grant-validate-username\",\r\n          \"authenticatorFlow\": false,\r\n          \"requirement\": \"REQUIRED\",\r\n          \"priority\": 10,\r\n          \"autheticatorFlow\": false,\r\n          \"userSetupAllowed\": false\r\n        },\r\n        {\r\n          \"authenticator\": \"direct-grant-validate-password\",\r\n          \"authenticatorFlow\": false,\r\n          \"requirement\": \"REQUIRED\",\r\n          \"priority\": 20,\r\n          \"autheticatorFlow\": false,\r\n          \"userSetupAllowed\": false\r\n        },\r\n        {\r\n          \"authenticatorFlow\": true,\r\n          \"requirement\": \"CONDITIONAL\",\r\n          \"priority\": 30,\r\n          \"autheticatorFlow\": true,\r\n          \"flowAlias\": \"Direct Grant - Conditional OTP\",\r\n          \"userSetupAllowed\": false\r\n        }\r\n      ]\r\n    },\r\n    {\r\n      \"id\": \"9828ce2e-62c3-47e4-bdc0-0bdc39fb0dee\",\r\n      \"alias\": \"docker auth\",\r\n      \"description\": \"Used by Docker clients to authenticate against the IDP\",\r\n      \"providerId\": \"basic-flow\",\r\n      \"topLevel\": true,\r\n      \"builtIn\": true,\r\n      \"authenticationExecutions\": [\r\n        {\r\n          \"authenticator\": \"docker-http-basic-authenticator\",\r\n          \"authenticatorFlow\": false,\r\n          \"requirement\": \"REQUIRED\",\r\n          \"priority\": 10,\r\n          \"autheticatorFlow\": false,\r\n          \"userSetupAllowed\": false\r\n        }\r\n      ]\r\n    },\r\n    {\r\n      \"id\": \"8687e160-9668-466c-bd37-7d6da786a424\",\r\n      \"alias\": \"first broker login\",\r\n      \"description\": \"Actions taken after first broker login with identity provider account, which is not yet linked to any Keycloak account\",\r\n      \"providerId\": \"basic-flow\",\r\n      \"topLevel\": true,\r\n      \"builtIn\": true,\r\n      \"authenticationExecutions\": [\r\n        {\r\n          \"authenticatorConfig\": \"review profile config\",\r\n          \"authenticator\": \"idp-review-profile\",\r\n          \"authenticatorFlow\": false,\r\n          \"requirement\": \"REQUIRED\",\r\n          \"priority\": 10,\r\n          \"autheticatorFlow\": false,\r\n          \"userSetupAllowed\": false\r\n        },\r\n        {\r\n          \"authenticatorFlow\": true,\r\n          \"requirement\": \"REQUIRED\",\r\n          \"priority\": 20,\r\n          \"autheticatorFlow\": true,\r\n          \"flowAlias\": \"User creation or linking\",\r\n          \"userSetupAllowed\": false\r\n        }\r\n      ]\r\n    },\r\n    {\r\n      \"id\": \"52b920c4-b4b2-42bb-a89f-7c8dde867d7c\",\r\n      \"alias\": \"forms\",\r\n      \"description\": \"Username, password, otp and other auth forms.\",\r\n      \"providerId\": \"basic-flow\",\r\n      \"topLevel\": false,\r\n      \"builtIn\": true,\r\n      \"authenticationExecutions\": [\r\n        {\r\n          \"authenticator\": \"auth-username-password-form\",\r\n          \"authenticatorFlow\": false,\r\n          \"requirement\": \"REQUIRED\",\r\n          \"priority\": 10,\r\n          \"autheticatorFlow\": false,\r\n          \"userSetupAllowed\": false\r\n        },\r\n        {\r\n          \"authenticatorFlow\": true,\r\n          \"requirement\": \"CONDITIONAL\",\r\n          \"priority\": 20,\r\n          \"autheticatorFlow\": true,\r\n          \"flowAlias\": \"Browser - Conditional OTP\",\r\n          \"userSetupAllowed\": false\r\n        }\r\n      ]\r\n    },\r\n    {\r\n      \"id\": \"be211627-d131-4272-a4bb-a49e1c4ea75f\",\r\n      \"alias\": \"registration\",\r\n      \"description\": \"registration flow\",\r\n      \"providerId\": \"basic-flow\",\r\n      \"topLevel\": true,\r\n      \"builtIn\": true,\r\n      \"authenticationExecutions\": [\r\n        {\r\n          \"authenticator\": \"registration-page-form\",\r\n          \"authenticatorFlow\": true,\r\n          \"requirement\": \"REQUIRED\",\r\n          \"priority\": 10,\r\n          \"autheticatorFlow\": true,\r\n          \"flowAlias\": \"registration form\",\r\n          \"userSetupAllowed\": false\r\n        }\r\n      ]\r\n    },\r\n    {\r\n      \"id\": \"a5c07230-4bd0-45de-87e9-cdcb3415e159\",\r\n      \"alias\": \"registration form\",\r\n      \"description\": \"registration form\",\r\n      \"providerId\": \"form-flow\",\r\n      \"topLevel\": false,\r\n      \"builtIn\": true,\r\n      \"authenticationExecutions\": [\r\n        {\r\n          \"authenticator\": \"registration-user-creation\",\r\n          \"authenticatorFlow\": false,\r\n          \"requirement\": \"REQUIRED\",\r\n          \"priority\": 20,\r\n          \"autheticatorFlow\": false,\r\n          \"userSetupAllowed\": false\r\n        },\r\n        {\r\n          \"authenticator\": \"registration-password-action\",\r\n          \"authenticatorFlow\": false,\r\n          \"requirement\": \"REQUIRED\",\r\n          \"priority\": 50,\r\n          \"autheticatorFlow\": false,\r\n          \"userSetupAllowed\": false\r\n        },\r\n        {\r\n          \"authenticator\": \"registration-recaptcha-action\",\r\n          \"authenticatorFlow\": false,\r\n          \"requirement\": \"DISABLED\",\r\n          \"priority\": 60,\r\n          \"autheticatorFlow\": false,\r\n          \"userSetupAllowed\": false\r\n        }\r\n      ]\r\n    },\r\n    {\r\n      \"id\": \"acccee70-52e7-4640-8142-f14355aa1c73\",\r\n      \"alias\": \"reset credentials\",\r\n      \"description\": \"Reset credentials for a user if they forgot their password or something\",\r\n      \"providerId\": \"basic-flow\",\r\n      \"topLevel\": true,\r\n      \"builtIn\": true,\r\n      \"authenticationExecutions\": [\r\n        {\r\n          \"authenticator\": \"reset-credentials-choose-user\",\r\n          \"authenticatorFlow\": false,\r\n          \"requirement\": \"REQUIRED\",\r\n          \"priority\": 10,\r\n          \"autheticatorFlow\": false,\r\n          \"userSetupAllowed\": false\r\n        },\r\n        {\r\n          \"authenticator\": \"reset-credential-email\",\r\n          \"authenticatorFlow\": false,\r\n          \"requirement\": \"REQUIRED\",\r\n          \"priority\": 20,\r\n          \"autheticatorFlow\": false,\r\n          \"userSetupAllowed\": false\r\n        },\r\n        {\r\n          \"authenticator\": \"reset-password\",\r\n          \"authenticatorFlow\": false,\r\n          \"requirement\": \"REQUIRED\",\r\n          \"priority\": 30,\r\n          \"autheticatorFlow\": false,\r\n          \"userSetupAllowed\": false\r\n        },\r\n        {\r\n          \"authenticatorFlow\": true,\r\n          \"requirement\": \"CONDITIONAL\",\r\n          \"priority\": 40,\r\n          \"autheticatorFlow\": true,\r\n          \"flowAlias\": \"Reset - Conditional OTP\",\r\n          \"userSetupAllowed\": false\r\n        }\r\n      ]\r\n    },\r\n    {\r\n      \"id\": \"3c12877c-c252-4efe-b5b0-2f37146db6aa\",\r\n      \"alias\": \"saml ecp\",\r\n      \"description\": \"SAML ECP Profile Authentication Flow\",\r\n      \"providerId\": \"basic-flow\",\r\n      \"topLevel\": true,\r\n      \"builtIn\": true,\r\n      \"authenticationExecutions\": [\r\n        {\r\n          \"authenticator\": \"http-basic-authenticator\",\r\n          \"authenticatorFlow\": false,\r\n          \"requirement\": \"REQUIRED\",\r\n          \"priority\": 10,\r\n          \"autheticatorFlow\": false,\r\n          \"userSetupAllowed\": false\r\n        }\r\n      ]\r\n    }\r\n  ],\r\n  \"authenticatorConfig\": [\r\n    {\r\n      \"id\": \"e2d5af92-6b11-4f6c-95dd-f02f90cd9f4a\",\r\n      \"alias\": \"create unique user config\",\r\n      \"config\": {\r\n        \"require.password.update.after.registration\": \"false\"\r\n      }\r\n    },\r\n    {\r\n      \"id\": \"bcd13c99-fe20-4017-a6ea-299612a7b9a3\",\r\n      \"alias\": \"review profile config\",\r\n      \"config\": {\r\n        \"update.profile.on.first.login\": \"missing\"\r\n      }\r\n    }\r\n  ],\r\n  \"requiredActions\": [\r\n    {\r\n      \"alias\": \"CONFIGURE_TOTP\",\r\n      \"name\": \"Configure OTP\",\r\n      \"providerId\": \"CONFIGURE_TOTP\",\r\n      \"enabled\": true,\r\n      \"defaultAction\": false,\r\n      \"priority\": 10,\r\n      \"config\": {}\r\n    },\r\n    {\r\n      \"alias\": \"TERMS_AND_CONDITIONS\",\r\n      \"name\": \"Terms and Conditions\",\r\n      \"providerId\": \"TERMS_AND_CONDITIONS\",\r\n      \"enabled\": false,\r\n      \"defaultAction\": false,\r\n      \"priority\": 20,\r\n      \"config\": {}\r\n    },\r\n    {\r\n      \"alias\": \"UPDATE_PASSWORD\",\r\n      \"name\": \"Update Password\",\r\n      \"providerId\": \"UPDATE_PASSWORD\",\r\n      \"enabled\": true,\r\n      \"defaultAction\": false,\r\n      \"priority\": 30,\r\n      \"config\": {}\r\n    },\r\n    {\r\n      \"alias\": \"UPDATE_PROFILE\",\r\n      \"name\": \"Update Profile\",\r\n      \"providerId\": \"UPDATE_PROFILE\",\r\n      \"enabled\": true,\r\n      \"defaultAction\": false,\r\n      \"priority\": 40,\r\n      \"config\": {}\r\n    },\r\n    {\r\n      \"alias\": \"VERIFY_EMAIL\",\r\n      \"name\": \"Verify Email\",\r\n      \"providerId\": \"VERIFY_EMAIL\",\r\n      \"enabled\": true,\r\n      \"defaultAction\": false,\r\n      \"priority\": 50,\r\n      \"config\": {}\r\n    },\r\n    {\r\n      \"alias\": \"delete_account\",\r\n      \"name\": \"Delete Account\",\r\n      \"providerId\": \"delete_account\",\r\n      \"enabled\": false,\r\n      \"defaultAction\": false,\r\n      \"priority\": 60,\r\n      \"config\": {}\r\n    },\r\n    {\r\n      \"alias\": \"webauthn-register\",\r\n      \"name\": \"Webauthn Register\",\r\n      \"providerId\": \"webauthn-register\",\r\n      \"enabled\": true,\r\n      \"defaultAction\": false,\r\n      \"priority\": 70,\r\n      \"config\": {}\r\n    },\r\n    {\r\n      \"alias\": \"webauthn-register-passwordless\",\r\n      \"name\": \"Webauthn Register Passwordless\",\r\n      \"providerId\": \"webauthn-register-passwordless\",\r\n      \"enabled\": true,\r\n      \"defaultAction\": false,\r\n      \"priority\": 80,\r\n      \"config\": {}\r\n    },\r\n    {\r\n      \"alias\": \"delete_credential\",\r\n      \"name\": \"Delete Credential\",\r\n      \"providerId\": \"delete_credential\",\r\n      \"enabled\": true,\r\n      \"defaultAction\": false,\r\n      \"priority\": 100,\r\n      \"config\": {}\r\n    },\r\n    {\r\n      \"alias\": \"update_user_locale\",\r\n      \"name\": \"Update User Locale\",\r\n      \"providerId\": \"update_user_locale\",\r\n      \"enabled\": true,\r\n      \"defaultAction\": false,\r\n      \"priority\": 1000,\r\n      \"config\": {}\r\n    }\r\n  ],\r\n  \"browserFlow\": \"browser\",\r\n  \"registrationFlow\": \"registration\",\r\n  \"directGrantFlow\": \"direct grant\",\r\n  \"resetCredentialsFlow\": \"reset credentials\",\r\n  \"clientAuthenticationFlow\": \"clients\",\r\n  \"dockerAuthenticationFlow\": \"docker auth\",\r\n  \"firstBrokerLoginFlow\": \"first broker login\",\r\n  \"attributes\": {\r\n    \"cibaBackchannelTokenDeliveryMode\": \"poll\",\r\n    \"cibaExpiresIn\": \"120\",\r\n    \"cibaAuthRequestedUserHint\": \"login_hint\",\r\n    \"oauth2DeviceCodeLifespan\": \"600\",\r\n    \"clientOfflineSessionMaxLifespan\": \"0\",\r\n    \"oauth2DevicePollingInterval\": \"5\",\r\n    \"clientSessionIdleTimeout\": \"0\",\r\n    \"parRequestUriLifespan\": \"60\",\r\n    \"clientSessionMaxLifespan\": \"0\",\r\n    \"clientOfflineSessionIdleTimeout\": \"0\",\r\n    \"cibaInterval\": \"5\",\r\n    \"realmReusableOtpCode\": \"false\"\r\n  },\r\n  \"keycloakVersion\": \"26.0.0\",\r\n  \"userManagedAccessAllowed\": false,\r\n  \"organizationsEnabled\": false,\r\n  \"clientProfiles\": {\r\n    \"profiles\": []\r\n  },\r\n  \"clientPolicies\": {\r\n    \"policies\": []\r\n  }\r\n}"
            },
            "id": "gamify-it/gamify-it-keycloak-realm-config",
            "immutable": false,
            "metadata": [
              {
                "annotations": {},
                "generate_name": "",
                "generation": 0,
                "labels": {},
                "name": "gamify-it-keycloak-realm-config",
                "namespace": "gamify-it",
                "resource_version": "468554124",
                "uid": "047d1373-c8e8-428c-9f5a-639de7790d05"
              }
            ]
          },
          "sensitive_attributes": [],
          "private": "bnVsbA==",
          "dependencies": [
            "kubernetes_namespace.gamify-it"
          ]
        }
      ]
    },
    {
      "mode": "managed",
      "type": "kubernetes_deployment",
      "name": "backend",
      "provider": "provider[\"registry.terraform.io/hashicorp/kubernetes\"]",
      "instances": [
        {
          "index_key": "bugfinder",
          "schema_version": 1,
          "attributes": {
            "id": "gamify-it/gamify-it-bugfinder-backend",
            "metadata": [
              {
                "annotations": {},
                "generate_name": "",
                "generation": 2,
                "labels": {
                  "gamify-it.app": "bugfinder-backend"
                },
                "name": "gamify-it-bugfinder-backend",
                "namespace": "gamify-it",
                "resource_version": "468558413",
                "uid": "1871a145-e727-41d5-ba6b-994a26c0f8a8"
              }
            ],
            "spec": [
              {
                "min_ready_seconds": 0,
                "paused": false,
                "progress_deadline_seconds": 600,
                "replicas": "1",
                "revision_history_limit": 10,
                "selector": [
                  {
                    "match_expressions": [],
                    "match_labels": {
                      "gamify-it.app": "bugfinder-backend"
                    }
                  }
                ],
                "strategy": [
                  {
                    "rolling_update": [
                      {
                        "max_surge": "25%",
                        "max_unavailable": "25%"
                      }
                    ],
                    "type": "RollingUpdate"
                  }
                ],
                "template": [
                  {
                    "metadata": [
                      {
                        "annotations": {},
                        "generate_name": "",
                        "generation": 0,
                        "labels": {
                          "gamify-it.app": "bugfinder-backend"
                        },
                        "name": "",
                        "namespace": "",
                        "resource_version": "",
                        "uid": ""
                      }
                    ],
                    "spec": [
                      {
                        "active_deadline_seconds": 0,
                        "affinity": [],
                        "automount_service_account_token": true,
                        "container": [
                          {
                            "args": [],
                            "command": [],
                            "env": [
                              {
                                "name": "BUGFINDER_URL",
                                "value": "http://gamify-it-bugfinder-backend/api/v1",
                                "value_from": []
                              },
                              {
                                "name": "CHICKENSHOCK_URL",
                                "value": "http://gamify-it-chickenshock-backend/api/v1",
                                "value_from": []
                              },
                              {
                                "name": "CROSSWORDPUZZLE_URL",
                                "value": "http://gamify-it-crosswordpuzzle-backend/api/v1",
                                "value_from": []
                              },
                              {
                                "name": "FINITEQUIZ_URL",
                                "value": "http://gamify-it-finitequiz-backend/api/v1",
                                "value_from": []
                              },
                              {
                                "name": "OVERWORLD_URL",
                                "value": "http://gamify-it-overworld-backend/api/v1",
                                "value_from": []
                              },
                              {
                                "name": "POSTGRES_USER",
                                "value": "postgres",
                                "value_from": []
                              },
                              {
                                "name": "POSTGRES_URL",
                                "value": "postgresql://gamify-it-bugfinder-db:5432/postgres",
                                "value_from": []
                              },
                              {
                                "name": "POSTGRES_PASSWORD",
                                "value": "",
                                "value_from": [
                                  {
                                    "config_map_key_ref": [],
                                    "field_ref": [],
                                    "resource_field_ref": [],
                                    "secret_key_ref": [
                                      {
                                        "key": "password",
                                        "name": "postgres-password-bugfinder",
                                        "optional": false
                                      }
                                    ]
                                  }
                                ]
                              },
                              {
                                "name": "KEYCLOAK_URL",
                                "value": "http://gamify-it-keycloak/keycloak/realms/Gamify-IT",
                                "value_from": []
                              },
                              {
                                "name": "KEYCLOAK_ISSUER",
                                "value": "https://gamifyit.sqa.ddnss.de/keycloak/realms/Gamify-IT",
                                "value_from": []
                              }
                            ],
                            "env_from": [],
                            "image": "ghcr.io/gamify-it/bugfinder-backend:latest",
                            "image_pull_policy": "Always",
                            "lifecycle": [],
                            "liveness_probe": [],
                            "name": "gamify-it-bugfinder-backend",
                            "port": [],
                            "readiness_probe": [],
                            "resources": [
                              {
                                "limits": {},
                                "requests": {}
                              }
                            ],
                            "security_context": [],
                            "startup_probe": [],
                            "stdin": false,
                            "stdin_once": false,
                            "termination_message_path": "/dev/termination-log",
                            "termination_message_policy": "File",
                            "tty": false,
                            "volume_device": [],
                            "volume_mount": [],
                            "working_dir": ""
                          }
                        ],
                        "dns_config": [],
                        "dns_policy": "ClusterFirst",
                        "enable_service_links": true,
                        "host_aliases": [],
                        "host_ipc": false,
                        "host_network": false,
                        "host_pid": false,
                        "hostname": "",
                        "image_pull_secrets": [],
                        "init_container": [],
                        "node_name": "",
                        "node_selector": {},
                        "os": [],
                        "priority_class_name": "",
                        "readiness_gate": [],
                        "restart_policy": "Always",
                        "runtime_class_name": "",
                        "scheduler_name": "default-scheduler",
                        "security_context": [],
                        "service_account_name": "",
                        "share_process_namespace": false,
                        "subdomain": "",
                        "termination_grace_period_seconds": 30,
                        "toleration": [],
                        "topology_spread_constraint": [],
                        "volume": []
                      }
                    ]
                  }
                ]
              }
            ],
            "timeouts": null,
            "wait_for_rollout": true
          },
          "sensitive_attributes": [],
          "private": "eyJlMmJmYjczMC1lY2FhLTExZTYtOGY4OC0zNDM2M2JjN2M0YzAiOnsiY3JlYXRlIjo2MDAwMDAwMDAwMDAsImRlbGV0ZSI6NjAwMDAwMDAwMDAwLCJ1cGRhdGUiOjYwMDAwMDAwMDAwMH0sInNjaGVtYV92ZXJzaW9uIjoiMSJ9",
          "dependencies": [
            "helm_release.postgres_db",
            "kubernetes_namespace.gamify-it",
            "kubernetes_secret.postgres_password_secret",
            "random_password.postgres_password"
          ]
        },
        {
          "index_key": "chickenshock",
          "schema_version": 1,
          "attributes": {
            "id": "gamify-it/gamify-it-chickenshock-backend",
            "metadata": [
              {
                "annotations": {},
                "generate_name": "",
                "generation": 2,
                "labels": {
                  "gamify-it.app": "chickenshock-backend"
                },
                "name": "gamify-it-chickenshock-backend",
                "namespace": "gamify-it",
                "resource_version": "468558453",
                "uid": "a7281f0a-9df5-431d-aae6-ef43aa69c700"
              }
            ],
            "spec": [
              {
                "min_ready_seconds": 0,
                "paused": false,
                "progress_deadline_seconds": 600,
                "replicas": "1",
                "revision_history_limit": 10,
                "selector": [
                  {
                    "match_expressions": [],
                    "match_labels": {
                      "gamify-it.app": "chickenshock-backend"
                    }
                  }
                ],
                "strategy": [
                  {
                    "rolling_update": [
                      {
                        "max_surge": "25%",
                        "max_unavailable": "25%"
                      }
                    ],
                    "type": "RollingUpdate"
                  }
                ],
                "template": [
                  {
                    "metadata": [
                      {
                        "annotations": {},
                        "generate_name": "",
                        "generation": 0,
                        "labels": {
                          "gamify-it.app": "chickenshock-backend"
                        },
                        "name": "",
                        "namespace": "",
                        "resource_version": "",
                        "uid": ""
                      }
                    ],
                    "spec": [
                      {
                        "active_deadline_seconds": 0,
                        "affinity": [],
                        "automount_service_account_token": true,
                        "container": [
                          {
                            "args": [],
                            "command": [],
                            "env": [
                              {
                                "name": "BUGFINDER_URL",
                                "value": "http://gamify-it-bugfinder-backend/api/v1",
                                "value_from": []
                              },
                              {
                                "name": "CHICKENSHOCK_URL",
                                "value": "http://gamify-it-chickenshock-backend/api/v1",
                                "value_from": []
                              },
                              {
                                "name": "CROSSWORDPUZZLE_URL",
                                "value": "http://gamify-it-crosswordpuzzle-backend/api/v1",
                                "value_from": []
                              },
                              {
                                "name": "FINITEQUIZ_URL",
                                "value": "http://gamify-it-finitequiz-backend/api/v1",
                                "value_from": []
                              },
                              {
                                "name": "OVERWORLD_URL",
                                "value": "http://gamify-it-overworld-backend/api/v1",
                                "value_from": []
                              },
                              {
                                "name": "POSTGRES_USER",
                                "value": "postgres",
                                "value_from": []
                              },
                              {
                                "name": "POSTGRES_URL",
                                "value": "postgresql://gamify-it-chickenshock-db:5432/postgres",
                                "value_from": []
                              },
                              {
                                "name": "POSTGRES_PASSWORD",
                                "value": "",
                                "value_from": [
                                  {
                                    "config_map_key_ref": [],
                                    "field_ref": [],
                                    "resource_field_ref": [],
                                    "secret_key_ref": [
                                      {
                                        "key": "password",
                                        "name": "postgres-password-chickenshock",
                                        "optional": false
                                      }
                                    ]
                                  }
                                ]
                              },
                              {
                                "name": "KEYCLOAK_URL",
                                "value": "http://gamify-it-keycloak/keycloak/realms/Gamify-IT",
                                "value_from": []
                              },
                              {
                                "name": "KEYCLOAK_ISSUER",
                                "value": "https://gamifyit.sqa.ddnss.de/keycloak/realms/Gamify-IT",
                                "value_from": []
                              }
                            ],
                            "env_from": [],
                            "image": "ghcr.io/gamify-it/chickenshock-backend:latest",
                            "image_pull_policy": "Always",
                            "lifecycle": [],
                            "liveness_probe": [],
                            "name": "gamify-it-chickenshock-backend",
                            "port": [],
                            "readiness_probe": [],
                            "resources": [
                              {
                                "limits": {},
                                "requests": {}
                              }
                            ],
                            "security_context": [],
                            "startup_probe": [],
                            "stdin": false,
                            "stdin_once": false,
                            "termination_message_path": "/dev/termination-log",
                            "termination_message_policy": "File",
                            "tty": false,
                            "volume_device": [],
                            "volume_mount": [],
                            "working_dir": ""
                          }
                        ],
                        "dns_config": [],
                        "dns_policy": "ClusterFirst",
                        "enable_service_links": true,
                        "host_aliases": [],
                        "host_ipc": false,
                        "host_network": false,
                        "host_pid": false,
                        "hostname": "",
                        "image_pull_secrets": [],
                        "init_container": [],
                        "node_name": "",
                        "node_selector": {},
                        "os": [],
                        "priority_class_name": "",
                        "readiness_gate": [],
                        "restart_policy": "Always",
                        "runtime_class_name": "",
                        "scheduler_name": "default-scheduler",
                        "security_context": [],
                        "service_account_name": "",
                        "share_process_namespace": false,
                        "subdomain": "",
                        "termination_grace_period_seconds": 30,
                        "toleration": [],
                        "topology_spread_constraint": [],
                        "volume": []
                      }
                    ]
                  }
                ]
              }
            ],
            "timeouts": null,
            "wait_for_rollout": true
          },
          "sensitive_attributes": [],
          "private": "eyJlMmJmYjczMC1lY2FhLTExZTYtOGY4OC0zNDM2M2JjN2M0YzAiOnsiY3JlYXRlIjo2MDAwMDAwMDAwMDAsImRlbGV0ZSI6NjAwMDAwMDAwMDAwLCJ1cGRhdGUiOjYwMDAwMDAwMDAwMH0sInNjaGVtYV92ZXJzaW9uIjoiMSJ9",
          "dependencies": [
            "helm_release.postgres_db",
            "kubernetes_namespace.gamify-it",
            "kubernetes_secret.postgres_password_secret",
            "random_password.postgres_password"
          ]
        },
        {
          "index_key": "crosswordpuzzle",
          "schema_version": 1,
          "attributes": {
            "id": "gamify-it/gamify-it-crosswordpuzzle-backend",
            "metadata": [
              {
                "annotations": {},
                "generate_name": "",
                "generation": 2,
                "labels": {
                  "gamify-it.app": "crosswordpuzzle-backend"
                },
                "name": "gamify-it-crosswordpuzzle-backend",
                "namespace": "gamify-it",
                "resource_version": "468558488",
                "uid": "c5d6d19a-d2a1-491b-990d-cbe68dfc4a4a"
              }
            ],
            "spec": [
              {
                "min_ready_seconds": 0,
                "paused": false,
                "progress_deadline_seconds": 600,
                "replicas": "1",
                "revision_history_limit": 10,
                "selector": [
                  {
                    "match_expressions": [],
                    "match_labels": {
                      "gamify-it.app": "crosswordpuzzle-backend"
                    }
                  }
                ],
                "strategy": [
                  {
                    "rolling_update": [
                      {
                        "max_surge": "25%",
                        "max_unavailable": "25%"
                      }
                    ],
                    "type": "RollingUpdate"
                  }
                ],
                "template": [
                  {
                    "metadata": [
                      {
                        "annotations": {},
                        "generate_name": "",
                        "generation": 0,
                        "labels": {
                          "gamify-it.app": "crosswordpuzzle-backend"
                        },
                        "name": "",
                        "namespace": "",
                        "resource_version": "",
                        "uid": ""
                      }
                    ],
                    "spec": [
                      {
                        "active_deadline_seconds": 0,
                        "affinity": [],
                        "automount_service_account_token": true,
                        "container": [
                          {
                            "args": [],
                            "command": [],
                            "env": [
                              {
                                "name": "BUGFINDER_URL",
                                "value": "http://gamify-it-bugfinder-backend/api/v1",
                                "value_from": []
                              },
                              {
                                "name": "CHICKENSHOCK_URL",
                                "value": "http://gamify-it-chickenshock-backend/api/v1",
                                "value_from": []
                              },
                              {
                                "name": "CROSSWORDPUZZLE_URL",
                                "value": "http://gamify-it-crosswordpuzzle-backend/api/v1",
                                "value_from": []
                              },
                              {
                                "name": "FINITEQUIZ_URL",
                                "value": "http://gamify-it-finitequiz-backend/api/v1",
                                "value_from": []
                              },
                              {
                                "name": "OVERWORLD_URL",
                                "value": "http://gamify-it-overworld-backend/api/v1",
                                "value_from": []
                              },
                              {
                                "name": "POSTGRES_USER",
                                "value": "postgres",
                                "value_from": []
                              },
                              {
                                "name": "POSTGRES_URL",
                                "value": "postgresql://gamify-it-crosswordpuzzle-db:5432/postgres",
                                "value_from": []
                              },
                              {
                                "name": "POSTGRES_PASSWORD",
                                "value": "",
                                "value_from": [
                                  {
                                    "config_map_key_ref": [],
                                    "field_ref": [],
                                    "resource_field_ref": [],
                                    "secret_key_ref": [
                                      {
                                        "key": "password",
                                        "name": "postgres-password-crosswordpuzzle",
                                        "optional": false
                                      }
                                    ]
                                  }
                                ]
                              },
                              {
                                "name": "KEYCLOAK_URL",
                                "value": "http://gamify-it-keycloak/keycloak/realms/Gamify-IT",
                                "value_from": []
                              },
                              {
                                "name": "KEYCLOAK_ISSUER",
                                "value": "https://gamifyit.sqa.ddnss.de/keycloak/realms/Gamify-IT",
                                "value_from": []
                              }
                            ],
                            "env_from": [],
                            "image": "ghcr.io/gamify-it/crosswordpuzzle-backend:latest",
                            "image_pull_policy": "Always",
                            "lifecycle": [],
                            "liveness_probe": [],
                            "name": "gamify-it-crosswordpuzzle-backend",
                            "port": [],
                            "readiness_probe": [],
                            "resources": [
                              {
                                "limits": {},
                                "requests": {}
                              }
                            ],
                            "security_context": [],
                            "startup_probe": [],
                            "stdin": false,
                            "stdin_once": false,
                            "termination_message_path": "/dev/termination-log",
                            "termination_message_policy": "File",
                            "tty": false,
                            "volume_device": [],
                            "volume_mount": [],
                            "working_dir": ""
                          }
                        ],
                        "dns_config": [],
                        "dns_policy": "ClusterFirst",
                        "enable_service_links": true,
                        "host_aliases": [],
                        "host_ipc": false,
                        "host_network": false,
                        "host_pid": false,
                        "hostname": "",
                        "image_pull_secrets": [],
                        "init_container": [],
                        "node_name": "",
                        "node_selector": {},
                        "os": [],
                        "priority_class_name": "",
                        "readiness_gate": [],
                        "restart_policy": "Always",
                        "runtime_class_name": "",
                        "scheduler_name": "default-scheduler",
                        "security_context": [],
                        "service_account_name": "",
                        "share_process_namespace": false,
                        "subdomain": "",
                        "termination_grace_period_seconds": 30,
                        "toleration": [],
                        "topology_spread_constraint": [],
                        "volume": []
                      }
                    ]
                  }
                ]
              }
            ],
            "timeouts": null,
            "wait_for_rollout": true
          },
          "sensitive_attributes": [],
          "private": "eyJlMmJmYjczMC1lY2FhLTExZTYtOGY4OC0zNDM2M2JjN2M0YzAiOnsiY3JlYXRlIjo2MDAwMDAwMDAwMDAsImRlbGV0ZSI6NjAwMDAwMDAwMDAwLCJ1cGRhdGUiOjYwMDAwMDAwMDAwMH0sInNjaGVtYV92ZXJzaW9uIjoiMSJ9",
          "dependencies": [
            "helm_release.postgres_db",
            "kubernetes_namespace.gamify-it",
            "kubernetes_secret.postgres_password_secret",
            "random_password.postgres_password"
          ]
        },
        {
          "index_key": "finitequiz",
          "schema_version": 1,
          "attributes": {
            "id": "gamify-it/gamify-it-finitequiz-backend",
            "metadata": [
              {
                "annotations": {},
                "generate_name": "",
                "generation": 2,
                "labels": {
                  "gamify-it.app": "finitequiz-backend"
                },
                "name": "gamify-it-finitequiz-backend",
                "namespace": "gamify-it",
                "resource_version": "468558451",
                "uid": "5e234820-bbeb-49c7-8c2b-f57d976dc1a7"
              }
            ],
            "spec": [
              {
                "min_ready_seconds": 0,
                "paused": false,
                "progress_deadline_seconds": 600,
                "replicas": "1",
                "revision_history_limit": 10,
                "selector": [
                  {
                    "match_expressions": [],
                    "match_labels": {
                      "gamify-it.app": "finitequiz-backend"
                    }
                  }
                ],
                "strategy": [
                  {
                    "rolling_update": [
                      {
                        "max_surge": "25%",
                        "max_unavailable": "25%"
                      }
                    ],
                    "type": "RollingUpdate"
                  }
                ],
                "template": [
                  {
                    "metadata": [
                      {
                        "annotations": {},
                        "generate_name": "",
                        "generation": 0,
                        "labels": {
                          "gamify-it.app": "finitequiz-backend"
                        },
                        "name": "",
                        "namespace": "",
                        "resource_version": "",
                        "uid": ""
                      }
                    ],
                    "spec": [
                      {
                        "active_deadline_seconds": 0,
                        "affinity": [],
                        "automount_service_account_token": true,
                        "container": [
                          {
                            "args": [],
                            "command": [],
                            "env": [
                              {
                                "name": "BUGFINDER_URL",
                                "value": "http://gamify-it-bugfinder-backend/api/v1",
                                "value_from": []
                              },
                              {
                                "name": "CHICKENSHOCK_URL",
                                "value": "http://gamify-it-chickenshock-backend/api/v1",
                                "value_from": []
                              },
                              {
                                "name": "CROSSWORDPUZZLE_URL",
                                "value": "http://gamify-it-crosswordpuzzle-backend/api/v1",
                                "value_from": []
                              },
                              {
                                "name": "FINITEQUIZ_URL",
                                "value": "http://gamify-it-finitequiz-backend/api/v1",
                                "value_from": []
                              },
                              {
                                "name": "OVERWORLD_URL",
                                "value": "http://gamify-it-overworld-backend/api/v1",
                                "value_from": []
                              },
                              {
                                "name": "POSTGRES_USER",
                                "value": "postgres",
                                "value_from": []
                              },
                              {
                                "name": "POSTGRES_URL",
                                "value": "postgresql://gamify-it-finitequiz-db:5432/postgres",
                                "value_from": []
                              },
                              {
                                "name": "POSTGRES_PASSWORD",
                                "value": "",
                                "value_from": [
                                  {
                                    "config_map_key_ref": [],
                                    "field_ref": [],
                                    "resource_field_ref": [],
                                    "secret_key_ref": [
                                      {
                                        "key": "password",
                                        "name": "postgres-password-finitequiz",
                                        "optional": false
                                      }
                                    ]
                                  }
                                ]
                              },
                              {
                                "name": "KEYCLOAK_URL",
                                "value": "http://gamify-it-keycloak/keycloak/realms/Gamify-IT",
                                "value_from": []
                              },
                              {
                                "name": "KEYCLOAK_ISSUER",
                                "value": "https://gamifyit.sqa.ddnss.de/keycloak/realms/Gamify-IT",
                                "value_from": []
                              }
                            ],
                            "env_from": [],
                            "image": "ghcr.io/gamify-it/finitequiz-backend:latest",
                            "image_pull_policy": "Always",
                            "lifecycle": [],
                            "liveness_probe": [],
                            "name": "gamify-it-finitequiz-backend",
                            "port": [],
                            "readiness_probe": [],
                            "resources": [
                              {
                                "limits": {},
                                "requests": {}
                              }
                            ],
                            "security_context": [],
                            "startup_probe": [],
                            "stdin": false,
                            "stdin_once": false,
                            "termination_message_path": "/dev/termination-log",
                            "termination_message_policy": "File",
                            "tty": false,
                            "volume_device": [],
                            "volume_mount": [],
                            "working_dir": ""
                          }
                        ],
                        "dns_config": [],
                        "dns_policy": "ClusterFirst",
                        "enable_service_links": true,
                        "host_aliases": [],
                        "host_ipc": false,
                        "host_network": false,
                        "host_pid": false,
                        "hostname": "",
                        "image_pull_secrets": [],
                        "init_container": [],
                        "node_name": "",
                        "node_selector": {},
                        "os": [],
                        "priority_class_name": "",
                        "readiness_gate": [],
                        "restart_policy": "Always",
                        "runtime_class_name": "",
                        "scheduler_name": "default-scheduler",
                        "security_context": [],
                        "service_account_name": "",
                        "share_process_namespace": false,
                        "subdomain": "",
                        "termination_grace_period_seconds": 30,
                        "toleration": [],
                        "topology_spread_constraint": [],
                        "volume": []
                      }
                    ]
                  }
                ]
              }
            ],
            "timeouts": null,
            "wait_for_rollout": true
          },
          "sensitive_attributes": [],
          "private": "eyJlMmJmYjczMC1lY2FhLTExZTYtOGY4OC0zNDM2M2JjN2M0YzAiOnsiY3JlYXRlIjo2MDAwMDAwMDAwMDAsImRlbGV0ZSI6NjAwMDAwMDAwMDAwLCJ1cGRhdGUiOjYwMDAwMDAwMDAwMH0sInNjaGVtYV92ZXJzaW9uIjoiMSJ9",
          "dependencies": [
            "helm_release.postgres_db",
            "kubernetes_namespace.gamify-it",
            "kubernetes_secret.postgres_password_secret",
            "random_password.postgres_password"
          ]
        },
        {
          "index_key": "memory",
          "schema_version": 1,
          "attributes": {
            "id": "gamify-it/gamify-it-memory-backend",
            "metadata": [
              {
                "annotations": {},
                "generate_name": "",
                "generation": 2,
                "labels": {
                  "gamify-it.app": "memory-backend"
                },
                "name": "gamify-it-memory-backend",
                "namespace": "gamify-it",
                "resource_version": "468558531",
                "uid": "ce4d4ca6-a6a6-4fd4-8fff-fc8e8e8c6845"
              }
            ],
            "spec": [
              {
                "min_ready_seconds": 0,
                "paused": false,
                "progress_deadline_seconds": 600,
                "replicas": "1",
                "revision_history_limit": 10,
                "selector": [
                  {
                    "match_expressions": [],
                    "match_labels": {
                      "gamify-it.app": "memory-backend"
                    }
                  }
                ],
                "strategy": [
                  {
                    "rolling_update": [
                      {
                        "max_surge": "25%",
                        "max_unavailable": "25%"
                      }
                    ],
                    "type": "RollingUpdate"
                  }
                ],
                "template": [
                  {
                    "metadata": [
                      {
                        "annotations": {},
                        "generate_name": "",
                        "generation": 0,
                        "labels": {
                          "gamify-it.app": "memory-backend"
                        },
                        "name": "",
                        "namespace": "",
                        "resource_version": "",
                        "uid": ""
                      }
                    ],
                    "spec": [
                      {
                        "active_deadline_seconds": 0,
                        "affinity": [],
                        "automount_service_account_token": true,
                        "container": [
                          {
                            "args": [],
                            "command": [],
                            "env": [
                              {
                                "name": "BUGFINDER_URL",
                                "value": "http://gamify-it-bugfinder-backend/api/v1",
                                "value_from": []
                              },
                              {
                                "name": "CHICKENSHOCK_URL",
                                "value": "http://gamify-it-chickenshock-backend/api/v1",
                                "value_from": []
                              },
                              {
                                "name": "CROSSWORDPUZZLE_URL",
                                "value": "http://gamify-it-crosswordpuzzle-backend/api/v1",
                                "value_from": []
                              },
                              {
                                "name": "FINITEQUIZ_URL",
                                "value": "http://gamify-it-finitequiz-backend/api/v1",
                                "value_from": []
                              },
                              {
                                "name": "OVERWORLD_URL",
                                "value": "http://gamify-it-overworld-backend/api/v1",
                                "value_from": []
                              },
                              {
                                "name": "POSTGRES_USER",
                                "value": "postgres",
                                "value_from": []
                              },
                              {
                                "name": "POSTGRES_URL",
                                "value": "postgresql://gamify-it-memory-db:5432/postgres",
                                "value_from": []
                              },
                              {
                                "name": "POSTGRES_PASSWORD",
                                "value": "",
                                "value_from": [
                                  {
                                    "config_map_key_ref": [],
                                    "field_ref": [],
                                    "resource_field_ref": [],
                                    "secret_key_ref": [
                                      {
                                        "key": "password",
                                        "name": "postgres-password-memory",
                                        "optional": false
                                      }
                                    ]
                                  }
                                ]
                              },
                              {
                                "name": "KEYCLOAK_URL",
                                "value": "http://gamify-it-keycloak/keycloak/realms/Gamify-IT",
                                "value_from": []
                              },
                              {
                                "name": "KEYCLOAK_ISSUER",
                                "value": "https://gamifyit.sqa.ddnss.de/keycloak/realms/Gamify-IT",
                                "value_from": []
                              }
                            ],
                            "env_from": [],
                            "image": "ghcr.io/gamify-it/memory-backend:latest",
                            "image_pull_policy": "Always",
                            "lifecycle": [],
                            "liveness_probe": [],
                            "name": "gamify-it-memory-backend",
                            "port": [],
                            "readiness_probe": [],
                            "resources": [
                              {
                                "limits": {},
                                "requests": {}
                              }
                            ],
                            "security_context": [],
                            "startup_probe": [],
                            "stdin": false,
                            "stdin_once": false,
                            "termination_message_path": "/dev/termination-log",
                            "termination_message_policy": "File",
                            "tty": false,
                            "volume_device": [],
                            "volume_mount": [],
                            "working_dir": ""
                          }
                        ],
                        "dns_config": [],
                        "dns_policy": "ClusterFirst",
                        "enable_service_links": true,
                        "host_aliases": [],
                        "host_ipc": false,
                        "host_network": false,
                        "host_pid": false,
                        "hostname": "",
                        "image_pull_secrets": [],
                        "init_container": [],
                        "node_name": "",
                        "node_selector": {},
                        "os": [],
                        "priority_class_name": "",
                        "readiness_gate": [],
                        "restart_policy": "Always",
                        "runtime_class_name": "",
                        "scheduler_name": "default-scheduler",
                        "security_context": [],
                        "service_account_name": "",
                        "share_process_namespace": false,
                        "subdomain": "",
                        "termination_grace_period_seconds": 30,
                        "toleration": [],
                        "topology_spread_constraint": [],
                        "volume": []
                      }
                    ]
                  }
                ]
              }
            ],
            "timeouts": null,
            "wait_for_rollout": true
          },
          "sensitive_attributes": [],
          "private": "eyJlMmJmYjczMC1lY2FhLTExZTYtOGY4OC0zNDM2M2JjN2M0YzAiOnsiY3JlYXRlIjo2MDAwMDAwMDAwMDAsImRlbGV0ZSI6NjAwMDAwMDAwMDAwLCJ1cGRhdGUiOjYwMDAwMDAwMDAwMH0sInNjaGVtYV92ZXJzaW9uIjoiMSJ9",
          "dependencies": [
            "helm_release.postgres_db",
            "kubernetes_namespace.gamify-it",
            "kubernetes_secret.postgres_password_secret",
            "random_password.postgres_password"
          ]
        },
        {
          "index_key": "overworld",
          "schema_version": 1,
          "attributes": {
            "id": "gamify-it/gamify-it-overworld-backend",
            "metadata": [
              {
                "annotations": {},
                "generate_name": "",
                "generation": 2,
                "labels": {
                  "gamify-it.app": "overworld-backend"
                },
                "name": "gamify-it-overworld-backend",
                "namespace": "gamify-it",
                "resource_version": "468558549",
                "uid": "0b891f76-7e34-4451-8d36-a2c85e653aa0"
              }
            ],
            "spec": [
              {
                "min_ready_seconds": 0,
                "paused": false,
                "progress_deadline_seconds": 600,
                "replicas": "1",
                "revision_history_limit": 10,
                "selector": [
                  {
                    "match_expressions": [],
                    "match_labels": {
                      "gamify-it.app": "overworld-backend"
                    }
                  }
                ],
                "strategy": [
                  {
                    "rolling_update": [
                      {
                        "max_surge": "25%",
                        "max_unavailable": "25%"
                      }
                    ],
                    "type": "RollingUpdate"
                  }
                ],
                "template": [
                  {
                    "metadata": [
                      {
                        "annotations": {},
                        "generate_name": "",
                        "generation": 0,
                        "labels": {
                          "gamify-it.app": "overworld-backend"
                        },
                        "name": "",
                        "namespace": "",
                        "resource_version": "",
                        "uid": ""
                      }
                    ],
                    "spec": [
                      {
                        "active_deadline_seconds": 0,
                        "affinity": [],
                        "automount_service_account_token": true,
                        "container": [
                          {
                            "args": [],
                            "command": [],
                            "env": [
                              {
                                "name": "BUGFINDER_URL",
                                "value": "http://gamify-it-bugfinder-backend/api/v1",
                                "value_from": []
                              },
                              {
                                "name": "CHICKENSHOCK_URL",
                                "value": "http://gamify-it-chickenshock-backend/api/v1",
                                "value_from": []
                              },
                              {
                                "name": "CROSSWORDPUZZLE_URL",
                                "value": "http://gamify-it-crosswordpuzzle-backend/api/v1",
                                "value_from": []
                              },
                              {
                                "name": "FINITEQUIZ_URL",
                                "value": "http://gamify-it-finitequiz-backend/api/v1",
                                "value_from": []
                              },
                              {
                                "name": "OVERWORLD_URL",
                                "value": "http://gamify-it-overworld-backend/api/v1",
                                "value_from": []
                              },
                              {
                                "name": "POSTGRES_USER",
                                "value": "postgres",
                                "value_from": []
                              },
                              {
                                "name": "POSTGRES_URL",
                                "value": "postgresql://gamify-it-overworld-db:5432/postgres",
                                "value_from": []
                              },
                              {
                                "name": "POSTGRES_PASSWORD",
                                "value": "",
                                "value_from": [
                                  {
                                    "config_map_key_ref": [],
                                    "field_ref": [],
                                    "resource_field_ref": [],
                                    "secret_key_ref": [
                                      {
                                        "key": "password",
                                        "name": "postgres-password-overworld",
                                        "optional": false
                                      }
                                    ]
                                  }
                                ]
                              },
                              {
                                "name": "KEYCLOAK_URL",
                                "value": "http://gamify-it-keycloak/keycloak/realms/Gamify-IT",
                                "value_from": []
                              },
                              {
                                "name": "KEYCLOAK_ISSUER",
                                "value": "https://gamifyit.sqa.ddnss.de/keycloak/realms/Gamify-IT",
                                "value_from": []
                              }
                            ],
                            "env_from": [],
                            "image": "ghcr.io/gamify-it/overworld-backend:latest",
                            "image_pull_policy": "Always",
                            "lifecycle": [],
                            "liveness_probe": [],
                            "name": "gamify-it-overworld-backend",
                            "port": [],
                            "readiness_probe": [],
                            "resources": [
                              {
                                "limits": {},
                                "requests": {}
                              }
                            ],
                            "security_context": [],
                            "startup_probe": [],
                            "stdin": false,
                            "stdin_once": false,
                            "termination_message_path": "/dev/termination-log",
                            "termination_message_policy": "File",
                            "tty": false,
                            "volume_device": [],
                            "volume_mount": [],
                            "working_dir": ""
                          }
                        ],
                        "dns_config": [],
                        "dns_policy": "ClusterFirst",
                        "enable_service_links": true,
                        "host_aliases": [],
                        "host_ipc": false,
                        "host_network": false,
                        "host_pid": false,
                        "hostname": "",
                        "image_pull_secrets": [],
                        "init_container": [],
                        "node_name": "",
                        "node_selector": {},
                        "os": [],
                        "priority_class_name": "",
                        "readiness_gate": [],
                        "restart_policy": "Always",
                        "runtime_class_name": "",
                        "scheduler_name": "default-scheduler",
                        "security_context": [],
                        "service_account_name": "",
                        "share_process_namespace": false,
                        "subdomain": "",
                        "termination_grace_period_seconds": 30,
                        "toleration": [],
                        "topology_spread_constraint": [],
                        "volume": []
                      }
                    ]
                  }
                ]
              }
            ],
            "timeouts": null,
            "wait_for_rollout": true
          },
          "sensitive_attributes": [],
          "private": "eyJlMmJmYjczMC1lY2FhLTExZTYtOGY4OC0zNDM2M2JjN2M0YzAiOnsiY3JlYXRlIjo2MDAwMDAwMDAwMDAsImRlbGV0ZSI6NjAwMDAwMDAwMDAwLCJ1cGRhdGUiOjYwMDAwMDAwMDAwMH0sInNjaGVtYV92ZXJzaW9uIjoiMSJ9",
          "dependencies": [
            "helm_release.postgres_db",
            "kubernetes_namespace.gamify-it",
            "kubernetes_secret.postgres_password_secret",
            "random_password.postgres_password"
          ]
        },
        {
          "index_key": "regexgame",
          "schema_version": 1,
          "attributes": {
            "id": "gamify-it/gamify-it-regexgame-backend",
            "metadata": [
              {
                "annotations": {},
                "generate_name": "",
                "generation": 2,
                "labels": {
                  "gamify-it.app": "regexgame-backend"
                },
                "name": "gamify-it-regexgame-backend",
                "namespace": "gamify-it",
                "resource_version": "468558495",
                "uid": "c9e1f52a-57c7-433f-8b81-5003373b9371"
              }
            ],
            "spec": [
              {
                "min_ready_seconds": 0,
                "paused": false,
                "progress_deadline_seconds": 600,
                "replicas": "1",
                "revision_history_limit": 10,
                "selector": [
                  {
                    "match_expressions": [],
                    "match_labels": {
                      "gamify-it.app": "regexgame-backend"
                    }
                  }
                ],
                "strategy": [
                  {
                    "rolling_update": [
                      {
                        "max_surge": "25%",
                        "max_unavailable": "25%"
                      }
                    ],
                    "type": "RollingUpdate"
                  }
                ],
                "template": [
                  {
                    "metadata": [
                      {
                        "annotations": {},
                        "generate_name": "",
                        "generation": 0,
                        "labels": {
                          "gamify-it.app": "regexgame-backend"
                        },
                        "name": "",
                        "namespace": "",
                        "resource_version": "",
                        "uid": ""
                      }
                    ],
                    "spec": [
                      {
                        "active_deadline_seconds": 0,
                        "affinity": [],
                        "automount_service_account_token": true,
                        "container": [
                          {
                            "args": [],
                            "command": [],
                            "env": [
                              {
                                "name": "BUGFINDER_URL",
                                "value": "http://gamify-it-bugfinder-backend/api/v1",
                                "value_from": []
                              },
                              {
                                "name": "CHICKENSHOCK_URL",
                                "value": "http://gamify-it-chickenshock-backend/api/v1",
                                "value_from": []
                              },
                              {
                                "name": "CROSSWORDPUZZLE_URL",
                                "value": "http://gamify-it-crosswordpuzzle-backend/api/v1",
                                "value_from": []
                              },
                              {
                                "name": "FINITEQUIZ_URL",
                                "value": "http://gamify-it-finitequiz-backend/api/v1",
                                "value_from": []
                              },
                              {
                                "name": "OVERWORLD_URL",
                                "value": "http://gamify-it-overworld-backend/api/v1",
                                "value_from": []
                              },
                              {
                                "name": "POSTGRES_USER",
                                "value": "postgres",
                                "value_from": []
                              },
                              {
                                "name": "POSTGRES_URL",
                                "value": "postgresql://gamify-it-regexgame-db:5432/postgres",
                                "value_from": []
                              },
                              {
                                "name": "POSTGRES_PASSWORD",
                                "value": "",
                                "value_from": [
                                  {
                                    "config_map_key_ref": [],
                                    "field_ref": [],
                                    "resource_field_ref": [],
                                    "secret_key_ref": [
                                      {
                                        "key": "password",
                                        "name": "postgres-password-regexgame",
                                        "optional": false
                                      }
                                    ]
                                  }
                                ]
                              },
                              {
                                "name": "KEYCLOAK_URL",
                                "value": "http://gamify-it-keycloak/keycloak/realms/Gamify-IT",
                                "value_from": []
                              },
                              {
                                "name": "KEYCLOAK_ISSUER",
                                "value": "https://gamifyit.sqa.ddnss.de/keycloak/realms/Gamify-IT",
                                "value_from": []
                              }
                            ],
                            "env_from": [],
                            "image": "ghcr.io/gamify-it/regexgame-backend:latest",
                            "image_pull_policy": "Always",
                            "lifecycle": [],
                            "liveness_probe": [],
                            "name": "gamify-it-regexgame-backend",
                            "port": [],
                            "readiness_probe": [],
                            "resources": [
                              {
                                "limits": {},
                                "requests": {}
                              }
                            ],
                            "security_context": [],
                            "startup_probe": [],
                            "stdin": false,
                            "stdin_once": false,
                            "termination_message_path": "/dev/termination-log",
                            "termination_message_policy": "File",
                            "tty": false,
                            "volume_device": [],
                            "volume_mount": [],
                            "working_dir": ""
                          }
                        ],
                        "dns_config": [],
                        "dns_policy": "ClusterFirst",
                        "enable_service_links": true,
                        "host_aliases": [],
                        "host_ipc": false,
                        "host_network": false,
                        "host_pid": false,
                        "hostname": "",
                        "image_pull_secrets": [],
                        "init_container": [],
                        "node_name": "",
                        "node_selector": {},
                        "os": [],
                        "priority_class_name": "",
                        "readiness_gate": [],
                        "restart_policy": "Always",
                        "runtime_class_name": "",
                        "scheduler_name": "default-scheduler",
                        "security_context": [],
                        "service_account_name": "",
                        "share_process_namespace": false,
                        "subdomain": "",
                        "termination_grace_period_seconds": 30,
                        "toleration": [],
                        "topology_spread_constraint": [],
                        "volume": []
                      }
                    ]
                  }
                ]
              }
            ],
            "timeouts": null,
            "wait_for_rollout": true
          },
          "sensitive_attributes": [],
          "private": "eyJlMmJmYjczMC1lY2FhLTExZTYtOGY4OC0zNDM2M2JjN2M0YzAiOnsiY3JlYXRlIjo2MDAwMDAwMDAwMDAsImRlbGV0ZSI6NjAwMDAwMDAwMDAwLCJ1cGRhdGUiOjYwMDAwMDAwMDAwMH0sInNjaGVtYV92ZXJzaW9uIjoiMSJ9",
          "dependencies": [
            "helm_release.postgres_db",
            "kubernetes_namespace.gamify-it",
            "kubernetes_secret.postgres_password_secret",
            "random_password.postgres_password"
          ]
        },
        {
          "index_key": "towercrush",
          "schema_version": 1,
          "attributes": {
            "id": "gamify-it/gamify-it-towercrush-backend",
            "metadata": [
              {
                "annotations": {},
                "generate_name": "",
                "generation": 2,
                "labels": {
                  "gamify-it.app": "towercrush-backend"
                },
                "name": "gamify-it-towercrush-backend",
                "namespace": "gamify-it",
                "resource_version": "468558527",
                "uid": "01acb7df-0e72-47ea-a583-2ea3d5ece2b8"
              }
            ],
            "spec": [
              {
                "min_ready_seconds": 0,
                "paused": false,
                "progress_deadline_seconds": 600,
                "replicas": "1",
                "revision_history_limit": 10,
                "selector": [
                  {
                    "match_expressions": [],
                    "match_labels": {
                      "gamify-it.app": "towercrush-backend"
                    }
                  }
                ],
                "strategy": [
                  {
                    "rolling_update": [
                      {
                        "max_surge": "25%",
                        "max_unavailable": "25%"
                      }
                    ],
                    "type": "RollingUpdate"
                  }
                ],
                "template": [
                  {
                    "metadata": [
                      {
                        "annotations": {},
                        "generate_name": "",
                        "generation": 0,
                        "labels": {
                          "gamify-it.app": "towercrush-backend"
                        },
                        "name": "",
                        "namespace": "",
                        "resource_version": "",
                        "uid": ""
                      }
                    ],
                    "spec": [
                      {
                        "active_deadline_seconds": 0,
                        "affinity": [],
                        "automount_service_account_token": true,
                        "container": [
                          {
                            "args": [],
                            "command": [],
                            "env": [
                              {
                                "name": "BUGFINDER_URL",
                                "value": "http://gamify-it-bugfinder-backend/api/v1",
                                "value_from": []
                              },
                              {
                                "name": "CHICKENSHOCK_URL",
                                "value": "http://gamify-it-chickenshock-backend/api/v1",
                                "value_from": []
                              },
                              {
                                "name": "CROSSWORDPUZZLE_URL",
                                "value": "http://gamify-it-crosswordpuzzle-backend/api/v1",
                                "value_from": []
                              },
                              {
                                "name": "FINITEQUIZ_URL",
                                "value": "http://gamify-it-finitequiz-backend/api/v1",
                                "value_from": []
                              },
                              {
                                "name": "OVERWORLD_URL",
                                "value": "http://gamify-it-overworld-backend/api/v1",
                                "value_from": []
                              },
                              {
                                "name": "POSTGRES_USER",
                                "value": "postgres",
                                "value_from": []
                              },
                              {
                                "name": "POSTGRES_URL",
                                "value": "postgresql://gamify-it-towercrush-db:5432/postgres",
                                "value_from": []
                              },
                              {
                                "name": "POSTGRES_PASSWORD",
                                "value": "",
                                "value_from": [
                                  {
                                    "config_map_key_ref": [],
                                    "field_ref": [],
                                    "resource_field_ref": [],
                                    "secret_key_ref": [
                                      {
                                        "key": "password",
                                        "name": "postgres-password-towercrush",
                                        "optional": false
                                      }
                                    ]
                                  }
                                ]
                              },
                              {
                                "name": "KEYCLOAK_URL",
                                "value": "http://gamify-it-keycloak/keycloak/realms/Gamify-IT",
                                "value_from": []
                              },
                              {
                                "name": "KEYCLOAK_ISSUER",
                                "value": "https://gamifyit.sqa.ddnss.de/keycloak/realms/Gamify-IT",
                                "value_from": []
                              }
                            ],
                            "env_from": [],
                            "image": "ghcr.io/gamify-it/towercrush-backend:latest",
                            "image_pull_policy": "Always",
                            "lifecycle": [],
                            "liveness_probe": [],
                            "name": "gamify-it-towercrush-backend",
                            "port": [],
                            "readiness_probe": [],
                            "resources": [
                              {
                                "limits": {},
                                "requests": {}
                              }
                            ],
                            "security_context": [],
                            "startup_probe": [],
                            "stdin": false,
                            "stdin_once": false,
                            "termination_message_path": "/dev/termination-log",
                            "termination_message_policy": "File",
                            "tty": false,
                            "volume_device": [],
                            "volume_mount": [],
                            "working_dir": ""
                          }
                        ],
                        "dns_config": [],
                        "dns_policy": "ClusterFirst",
                        "enable_service_links": true,
                        "host_aliases": [],
                        "host_ipc": false,
                        "host_network": false,
                        "host_pid": false,
                        "hostname": "",
                        "image_pull_secrets": [],
                        "init_container": [],
                        "node_name": "",
                        "node_selector": {},
                        "os": [],
                        "priority_class_name": "",
                        "readiness_gate": [],
                        "restart_policy": "Always",
                        "runtime_class_name": "",
                        "scheduler_name": "default-scheduler",
                        "security_context": [],
                        "service_account_name": "",
                        "share_process_namespace": false,
                        "subdomain": "",
                        "termination_grace_period_seconds": 30,
                        "toleration": [],
                        "topology_spread_constraint": [],
                        "volume": []
                      }
                    ]
                  }
                ]
              }
            ],
            "timeouts": null,
            "wait_for_rollout": true
          },
          "sensitive_attributes": [],
          "private": "eyJlMmJmYjczMC1lY2FhLTExZTYtOGY4OC0zNDM2M2JjN2M0YzAiOnsiY3JlYXRlIjo2MDAwMDAwMDAwMDAsImRlbGV0ZSI6NjAwMDAwMDAwMDAwLCJ1cGRhdGUiOjYwMDAwMDAwMDAwMH0sInNjaGVtYV92ZXJzaW9uIjoiMSJ9",
          "dependencies": [
            "helm_release.postgres_db",
            "kubernetes_namespace.gamify-it",
            "kubernetes_secret.postgres_password_secret",
            "random_password.postgres_password"
          ]
        },
        {
          "index_key": "towerdefense",
          "schema_version": 1,
          "attributes": {
            "id": "gamify-it/gamify-it-towerdefense-backend",
            "metadata": [
              {
                "annotations": {},
                "generate_name": "",
                "generation": 2,
                "labels": {
                  "gamify-it.app": "towerdefense-backend"
                },
                "name": "gamify-it-towerdefense-backend",
                "namespace": "gamify-it",
                "resource_version": "468558565",
                "uid": "faeb7c39-b8ac-4925-adcc-99e9673d60eb"
              }
            ],
            "spec": [
              {
                "min_ready_seconds": 0,
                "paused": false,
                "progress_deadline_seconds": 600,
                "replicas": "1",
                "revision_history_limit": 10,
                "selector": [
                  {
                    "match_expressions": [],
                    "match_labels": {
                      "gamify-it.app": "towerdefense-backend"
                    }
                  }
                ],
                "strategy": [
                  {
                    "rolling_update": [
                      {
                        "max_surge": "25%",
                        "max_unavailable": "25%"
                      }
                    ],
                    "type": "RollingUpdate"
                  }
                ],
                "template": [
                  {
                    "metadata": [
                      {
                        "annotations": {},
                        "generate_name": "",
                        "generation": 0,
                        "labels": {
                          "gamify-it.app": "towerdefense-backend"
                        },
                        "name": "",
                        "namespace": "",
                        "resource_version": "",
                        "uid": ""
                      }
                    ],
                    "spec": [
                      {
                        "active_deadline_seconds": 0,
                        "affinity": [],
                        "automount_service_account_token": true,
                        "container": [
                          {
                            "args": [],
                            "command": [],
                            "env": [
                              {
                                "name": "BUGFINDER_URL",
                                "value": "http://gamify-it-bugfinder-backend/api/v1",
                                "value_from": []
                              },
                              {
                                "name": "CHICKENSHOCK_URL",
                                "value": "http://gamify-it-chickenshock-backend/api/v1",
                                "value_from": []
                              },
                              {
                                "name": "CROSSWORDPUZZLE_URL",
                                "value": "http://gamify-it-crosswordpuzzle-backend/api/v1",
                                "value_from": []
                              },
                              {
                                "name": "FINITEQUIZ_URL",
                                "value": "http://gamify-it-finitequiz-backend/api/v1",
                                "value_from": []
                              },
                              {
                                "name": "OVERWORLD_URL",
                                "value": "http://gamify-it-overworld-backend/api/v1",
                                "value_from": []
                              },
                              {
                                "name": "POSTGRES_USER",
                                "value": "postgres",
                                "value_from": []
                              },
                              {
                                "name": "POSTGRES_URL",
                                "value": "postgresql://gamify-it-towerdefense-db:5432/postgres",
                                "value_from": []
                              },
                              {
                                "name": "POSTGRES_PASSWORD",
                                "value": "",
                                "value_from": [
                                  {
                                    "config_map_key_ref": [],
                                    "field_ref": [],
                                    "resource_field_ref": [],
                                    "secret_key_ref": [
                                      {
                                        "key": "password",
                                        "name": "postgres-password-towerdefense",
                                        "optional": false
                                      }
                                    ]
                                  }
                                ]
                              },
                              {
                                "name": "KEYCLOAK_URL",
                                "value": "http://gamify-it-keycloak/keycloak/realms/Gamify-IT",
                                "value_from": []
                              },
                              {
                                "name": "KEYCLOAK_ISSUER",
                                "value": "https://gamifyit.sqa.ddnss.de/keycloak/realms/Gamify-IT",
                                "value_from": []
                              }
                            ],
                            "env_from": [],
                            "image": "ghcr.io/gamify-it/towerdefense-backend:latest",
                            "image_pull_policy": "Always",
                            "lifecycle": [],
                            "liveness_probe": [],
                            "name": "gamify-it-towerdefense-backend",
                            "port": [],
                            "readiness_probe": [],
                            "resources": [
                              {
                                "limits": {},
                                "requests": {}
                              }
                            ],
                            "security_context": [],
                            "startup_probe": [],
                            "stdin": false,
                            "stdin_once": false,
                            "termination_message_path": "/dev/termination-log",
                            "termination_message_policy": "File",
                            "tty": false,
                            "volume_device": [],
                            "volume_mount": [],
                            "working_dir": ""
                          }
                        ],
                        "dns_config": [],
                        "dns_policy": "ClusterFirst",
                        "enable_service_links": true,
                        "host_aliases": [],
                        "host_ipc": false,
                        "host_network": false,
                        "host_pid": false,
                        "hostname": "",
                        "image_pull_secrets": [],
                        "init_container": [],
                        "node_name": "",
                        "node_selector": {},
                        "os": [],
                        "priority_class_name": "",
                        "readiness_gate": [],
                        "restart_policy": "Always",
                        "runtime_class_name": "",
                        "scheduler_name": "default-scheduler",
                        "security_context": [],
                        "service_account_name": "",
                        "share_process_namespace": false,
                        "subdomain": "",
                        "termination_grace_period_seconds": 30,
                        "toleration": [],
                        "topology_spread_constraint": [],
                        "volume": []
                      }
                    ]
                  }
                ]
              }
            ],
            "timeouts": null,
            "wait_for_rollout": true
          },
          "sensitive_attributes": [],
          "private": "eyJlMmJmYjczMC1lY2FhLTExZTYtOGY4OC0zNDM2M2JjN2M0YzAiOnsiY3JlYXRlIjo2MDAwMDAwMDAwMDAsImRlbGV0ZSI6NjAwMDAwMDAwMDAwLCJ1cGRhdGUiOjYwMDAwMDAwMDAwMH0sInNjaGVtYV92ZXJzaW9uIjoiMSJ9",
          "dependencies": [
            "helm_release.postgres_db",
            "kubernetes_namespace.gamify-it",
            "kubernetes_secret.postgres_password_secret",
            "random_password.postgres_password"
          ]
        }
      ]
    },
    {
      "mode": "managed",
      "type": "kubernetes_deployment",
      "name": "frontend",
      "provider": "provider[\"registry.terraform.io/hashicorp/kubernetes\"]",
      "instances": [
        {
          "index_key": "bugfinder",
          "schema_version": 1,
          "attributes": {
            "id": "gamify-it/gamify-it-bugfinder",
            "metadata": [
              {
                "annotations": {},
                "generate_name": "",
                "generation": 1,
                "labels": {
                  "gamify-it.app": "bugfinder"
                },
                "name": "gamify-it-bugfinder",
                "namespace": "gamify-it",
                "resource_version": "468554534",
                "uid": "da3a3e04-0352-4ad4-a3e6-4281f2687369"
              }
            ],
            "spec": [
              {
                "min_ready_seconds": 0,
                "paused": false,
                "progress_deadline_seconds": 600,
                "replicas": "1",
                "revision_history_limit": 10,
                "selector": [
                  {
                    "match_expressions": [],
                    "match_labels": {
                      "gamify-it.app": "bugfinder"
                    }
                  }
                ],
                "strategy": [
                  {
                    "rolling_update": [
                      {
                        "max_surge": "25%",
                        "max_unavailable": "25%"
                      }
                    ],
                    "type": "RollingUpdate"
                  }
                ],
                "template": [
                  {
                    "metadata": [
                      {
                        "annotations": {},
                        "generate_name": "",
                        "generation": 0,
                        "labels": {
                          "gamify-it.app": "bugfinder"
                        },
                        "name": "",
                        "namespace": "",
                        "resource_version": "",
                        "uid": ""
                      }
                    ],
                    "spec": [
                      {
                        "active_deadline_seconds": 0,
                        "affinity": [],
                        "automount_service_account_token": true,
                        "container": [
                          {
                            "args": [],
                            "command": [],
                            "env": [],
                            "env_from": [],
                            "image": "ghcr.io/gamify-it/bugfinder:latest",
                            "image_pull_policy": "Always",
                            "lifecycle": [],
                            "liveness_probe": [],
                            "name": "gamify-it-bugfinder",
                            "port": [],
                            "readiness_probe": [],
                            "resources": [
                              {
                                "limits": {},
                                "requests": {}
                              }
                            ],
                            "security_context": [],
                            "startup_probe": [],
                            "stdin": false,
                            "stdin_once": false,
                            "termination_message_path": "/dev/termination-log",
                            "termination_message_policy": "File",
                            "tty": false,
                            "volume_device": [],
                            "volume_mount": [],
                            "working_dir": ""
                          }
                        ],
                        "dns_config": [],
                        "dns_policy": "ClusterFirst",
                        "enable_service_links": true,
                        "host_aliases": [],
                        "host_ipc": false,
                        "host_network": false,
                        "host_pid": false,
                        "hostname": "",
                        "image_pull_secrets": [],
                        "init_container": [],
                        "node_name": "",
                        "node_selector": {},
                        "os": [],
                        "priority_class_name": "",
                        "readiness_gate": [],
                        "restart_policy": "Always",
                        "runtime_class_name": "",
                        "scheduler_name": "default-scheduler",
                        "security_context": [],
                        "service_account_name": "",
                        "share_process_namespace": false,
                        "subdomain": "",
                        "termination_grace_period_seconds": 30,
                        "toleration": [],
                        "topology_spread_constraint": [],
                        "volume": []
                      }
                    ]
                  }
                ]
              }
            ],
            "timeouts": null,
            "wait_for_rollout": true
          },
          "sensitive_attributes": [],
          "private": "eyJlMmJmYjczMC1lY2FhLTExZTYtOGY4OC0zNDM2M2JjN2M0YzAiOnsiY3JlYXRlIjo2MDAwMDAwMDAwMDAsImRlbGV0ZSI6NjAwMDAwMDAwMDAwLCJ1cGRhdGUiOjYwMDAwMDAwMDAwMH0sInNjaGVtYV92ZXJzaW9uIjoiMSJ9",
          "dependencies": [
            "kubernetes_namespace.gamify-it"
          ]
        },
        {
          "index_key": "chickenshock",
          "schema_version": 1,
          "attributes": {
            "id": "gamify-it/gamify-it-chickenshock",
            "metadata": [
              {
                "annotations": {},
                "generate_name": "",
                "generation": 1,
                "labels": {
                  "gamify-it.app": "chickenshock"
                },
                "name": "gamify-it-chickenshock",
                "namespace": "gamify-it",
                "resource_version": "468554303",
                "uid": "499228be-ba70-45d8-a3e2-5f6393229c41"
              }
            ],
            "spec": [
              {
                "min_ready_seconds": 0,
                "paused": false,
                "progress_deadline_seconds": 600,
                "replicas": "1",
                "revision_history_limit": 10,
                "selector": [
                  {
                    "match_expressions": [],
                    "match_labels": {
                      "gamify-it.app": "chickenshock"
                    }
                  }
                ],
                "strategy": [
                  {
                    "rolling_update": [
                      {
                        "max_surge": "25%",
                        "max_unavailable": "25%"
                      }
                    ],
                    "type": "RollingUpdate"
                  }
                ],
                "template": [
                  {
                    "metadata": [
                      {
                        "annotations": {},
                        "generate_name": "",
                        "generation": 0,
                        "labels": {
                          "gamify-it.app": "chickenshock"
                        },
                        "name": "",
                        "namespace": "",
                        "resource_version": "",
                        "uid": ""
                      }
                    ],
                    "spec": [
                      {
                        "active_deadline_seconds": 0,
                        "affinity": [],
                        "automount_service_account_token": true,
                        "container": [
                          {
                            "args": [],
                            "command": [],
                            "env": [],
                            "env_from": [],
                            "image": "ghcr.io/gamify-it/chickenshock:latest",
                            "image_pull_policy": "Always",
                            "lifecycle": [],
                            "liveness_probe": [],
                            "name": "gamify-it-chickenshock",
                            "port": [],
                            "readiness_probe": [],
                            "resources": [
                              {
                                "limits": {},
                                "requests": {}
                              }
                            ],
                            "security_context": [],
                            "startup_probe": [],
                            "stdin": false,
                            "stdin_once": false,
                            "termination_message_path": "/dev/termination-log",
                            "termination_message_policy": "File",
                            "tty": false,
                            "volume_device": [],
                            "volume_mount": [],
                            "working_dir": ""
                          }
                        ],
                        "dns_config": [],
                        "dns_policy": "ClusterFirst",
                        "enable_service_links": true,
                        "host_aliases": [],
                        "host_ipc": false,
                        "host_network": false,
                        "host_pid": false,
                        "hostname": "",
                        "image_pull_secrets": [],
                        "init_container": [],
                        "node_name": "",
                        "node_selector": {},
                        "os": [],
                        "priority_class_name": "",
                        "readiness_gate": [],
                        "restart_policy": "Always",
                        "runtime_class_name": "",
                        "scheduler_name": "default-scheduler",
                        "security_context": [],
                        "service_account_name": "",
                        "share_process_namespace": false,
                        "subdomain": "",
                        "termination_grace_period_seconds": 30,
                        "toleration": [],
                        "topology_spread_constraint": [],
                        "volume": []
                      }
                    ]
                  }
                ]
              }
            ],
            "timeouts": null,
            "wait_for_rollout": true
          },
          "sensitive_attributes": [],
          "private": "eyJlMmJmYjczMC1lY2FhLTExZTYtOGY4OC0zNDM2M2JjN2M0YzAiOnsiY3JlYXRlIjo2MDAwMDAwMDAwMDAsImRlbGV0ZSI6NjAwMDAwMDAwMDAwLCJ1cGRhdGUiOjYwMDAwMDAwMDAwMH0sInNjaGVtYV92ZXJzaW9uIjoiMSJ9",
          "dependencies": [
            "kubernetes_namespace.gamify-it"
          ]
        },
        {
          "index_key": "crosswordpuzzle",
          "schema_version": 1,
          "attributes": {
            "id": "gamify-it/gamify-it-crosswordpuzzle",
            "metadata": [
              {
                "annotations": {},
                "generate_name": "",
                "generation": 1,
                "labels": {
                  "gamify-it.app": "crosswordpuzzle"
                },
                "name": "gamify-it-crosswordpuzzle",
                "namespace": "gamify-it",
                "resource_version": "468554407",
                "uid": "8ca79090-f09d-40a7-ae8f-725c270fc63f"
              }
            ],
            "spec": [
              {
                "min_ready_seconds": 0,
                "paused": false,
                "progress_deadline_seconds": 600,
                "replicas": "1",
                "revision_history_limit": 10,
                "selector": [
                  {
                    "match_expressions": [],
                    "match_labels": {
                      "gamify-it.app": "crosswordpuzzle"
                    }
                  }
                ],
                "strategy": [
                  {
                    "rolling_update": [
                      {
                        "max_surge": "25%",
                        "max_unavailable": "25%"
                      }
                    ],
                    "type": "RollingUpdate"
                  }
                ],
                "template": [
                  {
                    "metadata": [
                      {
                        "annotations": {},
                        "generate_name": "",
                        "generation": 0,
                        "labels": {
                          "gamify-it.app": "crosswordpuzzle"
                        },
                        "name": "",
                        "namespace": "",
                        "resource_version": "",
                        "uid": ""
                      }
                    ],
                    "spec": [
                      {
                        "active_deadline_seconds": 0,
                        "affinity": [],
                        "automount_service_account_token": true,
                        "container": [
                          {
                            "args": [],
                            "command": [],
                            "env": [],
                            "env_from": [],
                            "image": "ghcr.io/gamify-it/crosswordpuzzle:latest",
                            "image_pull_policy": "Always",
                            "lifecycle": [],
                            "liveness_probe": [],
                            "name": "gamify-it-crosswordpuzzle",
                            "port": [],
                            "readiness_probe": [],
                            "resources": [
                              {
                                "limits": {},
                                "requests": {}
                              }
                            ],
                            "security_context": [],
                            "startup_probe": [],
                            "stdin": false,
                            "stdin_once": false,
                            "termination_message_path": "/dev/termination-log",
                            "termination_message_policy": "File",
                            "tty": false,
                            "volume_device": [],
                            "volume_mount": [],
                            "working_dir": ""
                          }
                        ],
                        "dns_config": [],
                        "dns_policy": "ClusterFirst",
                        "enable_service_links": true,
                        "host_aliases": [],
                        "host_ipc": false,
                        "host_network": false,
                        "host_pid": false,
                        "hostname": "",
                        "image_pull_secrets": [],
                        "init_container": [],
                        "node_name": "",
                        "node_selector": {},
                        "os": [],
                        "priority_class_name": "",
                        "readiness_gate": [],
                        "restart_policy": "Always",
                        "runtime_class_name": "",
                        "scheduler_name": "default-scheduler",
                        "security_context": [],
                        "service_account_name": "",
                        "share_process_namespace": false,
                        "subdomain": "",
                        "termination_grace_period_seconds": 30,
                        "toleration": [],
                        "topology_spread_constraint": [],
                        "volume": []
                      }
                    ]
                  }
                ]
              }
            ],
            "timeouts": null,
            "wait_for_rollout": true
          },
          "sensitive_attributes": [],
          "private": "eyJlMmJmYjczMC1lY2FhLTExZTYtOGY4OC0zNDM2M2JjN2M0YzAiOnsiY3JlYXRlIjo2MDAwMDAwMDAwMDAsImRlbGV0ZSI6NjAwMDAwMDAwMDAwLCJ1cGRhdGUiOjYwMDAwMDAwMDAwMH0sInNjaGVtYV92ZXJzaW9uIjoiMSJ9",
          "dependencies": [
            "kubernetes_namespace.gamify-it"
          ]
        },
        {
          "index_key": "finitequiz",
          "schema_version": 1,
          "attributes": {
            "id": "gamify-it/gamify-it-finitequiz",
            "metadata": [
              {
                "annotations": {},
                "generate_name": "",
                "generation": 1,
                "labels": {
                  "gamify-it.app": "finitequiz"
                },
                "name": "gamify-it-finitequiz",
                "namespace": "gamify-it",
                "resource_version": "468554717",
                "uid": "5bb55704-8846-410b-a53b-d87131eae36d"
              }
            ],
            "spec": [
              {
                "min_ready_seconds": 0,
                "paused": false,
                "progress_deadline_seconds": 600,
                "replicas": "1",
                "revision_history_limit": 10,
                "selector": [
                  {
                    "match_expressions": [],
                    "match_labels": {
                      "gamify-it.app": "finitequiz"
                    }
                  }
                ],
                "strategy": [
                  {
                    "rolling_update": [
                      {
                        "max_surge": "25%",
                        "max_unavailable": "25%"
                      }
                    ],
                    "type": "RollingUpdate"
                  }
                ],
                "template": [
                  {
                    "metadata": [
                      {
                        "annotations": {},
                        "generate_name": "",
                        "generation": 0,
                        "labels": {
                          "gamify-it.app": "finitequiz"
                        },
                        "name": "",
                        "namespace": "",
                        "resource_version": "",
                        "uid": ""
                      }
                    ],
                    "spec": [
                      {
                        "active_deadline_seconds": 0,
                        "affinity": [],
                        "automount_service_account_token": true,
                        "container": [
                          {
                            "args": [],
                            "command": [],
                            "env": [],
                            "env_from": [],
                            "image": "ghcr.io/gamify-it/finitequiz:latest",
                            "image_pull_policy": "Always",
                            "lifecycle": [],
                            "liveness_probe": [],
                            "name": "gamify-it-finitequiz",
                            "port": [],
                            "readiness_probe": [],
                            "resources": [
                              {
                                "limits": {},
                                "requests": {}
                              }
                            ],
                            "security_context": [],
                            "startup_probe": [],
                            "stdin": false,
                            "stdin_once": false,
                            "termination_message_path": "/dev/termination-log",
                            "termination_message_policy": "File",
                            "tty": false,
                            "volume_device": [],
                            "volume_mount": [],
                            "working_dir": ""
                          }
                        ],
                        "dns_config": [],
                        "dns_policy": "ClusterFirst",
                        "enable_service_links": true,
                        "host_aliases": [],
                        "host_ipc": false,
                        "host_network": false,
                        "host_pid": false,
                        "hostname": "",
                        "image_pull_secrets": [],
                        "init_container": [],
                        "node_name": "",
                        "node_selector": {},
                        "os": [],
                        "priority_class_name": "",
                        "readiness_gate": [],
                        "restart_policy": "Always",
                        "runtime_class_name": "",
                        "scheduler_name": "default-scheduler",
                        "security_context": [],
                        "service_account_name": "",
                        "share_process_namespace": false,
                        "subdomain": "",
                        "termination_grace_period_seconds": 30,
                        "toleration": [],
                        "topology_spread_constraint": [],
                        "volume": []
                      }
                    ]
                  }
                ]
              }
            ],
            "timeouts": null,
            "wait_for_rollout": true
          },
          "sensitive_attributes": [],
          "private": "eyJlMmJmYjczMC1lY2FhLTExZTYtOGY4OC0zNDM2M2JjN2M0YzAiOnsiY3JlYXRlIjo2MDAwMDAwMDAwMDAsImRlbGV0ZSI6NjAwMDAwMDAwMDAwLCJ1cGRhdGUiOjYwMDAwMDAwMDAwMH0sInNjaGVtYV92ZXJzaW9uIjoiMSJ9",
          "dependencies": [
            "kubernetes_namespace.gamify-it"
          ]
        },
        {
          "index_key": "landing-page",
          "schema_version": 1,
          "attributes": {
            "id": "gamify-it/gamify-it-landing-page",
            "metadata": [
              {
                "annotations": {},
                "generate_name": "",
                "generation": 1,
                "labels": {
                  "gamify-it.app": "landing-page"
                },
                "name": "gamify-it-landing-page",
                "namespace": "gamify-it",
                "resource_version": "468554403",
                "uid": "f01e7f1e-0f50-4ba9-856e-3a01983876f9"
              }
            ],
            "spec": [
              {
                "min_ready_seconds": 0,
                "paused": false,
                "progress_deadline_seconds": 600,
                "replicas": "1",
                "revision_history_limit": 10,
                "selector": [
                  {
                    "match_expressions": [],
                    "match_labels": {
                      "gamify-it.app": "landing-page"
                    }
                  }
                ],
                "strategy": [
                  {
                    "rolling_update": [
                      {
                        "max_surge": "25%",
                        "max_unavailable": "25%"
                      }
                    ],
                    "type": "RollingUpdate"
                  }
                ],
                "template": [
                  {
                    "metadata": [
                      {
                        "annotations": {},
                        "generate_name": "",
                        "generation": 0,
                        "labels": {
                          "gamify-it.app": "landing-page"
                        },
                        "name": "",
                        "namespace": "",
                        "resource_version": "",
                        "uid": ""
                      }
                    ],
                    "spec": [
                      {
                        "active_deadline_seconds": 0,
                        "affinity": [],
                        "automount_service_account_token": true,
                        "container": [
                          {
                            "args": [],
                            "command": [],
                            "env": [],
                            "env_from": [],
                            "image": "ghcr.io/gamify-it/landing-page:latest",
                            "image_pull_policy": "Always",
                            "lifecycle": [],
                            "liveness_probe": [],
                            "name": "gamify-it-landing-page",
                            "port": [],
                            "readiness_probe": [],
                            "resources": [
                              {
                                "limits": {},
                                "requests": {}
                              }
                            ],
                            "security_context": [],
                            "startup_probe": [],
                            "stdin": false,
                            "stdin_once": false,
                            "termination_message_path": "/dev/termination-log",
                            "termination_message_policy": "File",
                            "tty": false,
                            "volume_device": [],
                            "volume_mount": [],
                            "working_dir": ""
                          }
                        ],
                        "dns_config": [],
                        "dns_policy": "ClusterFirst",
                        "enable_service_links": true,
                        "host_aliases": [],
                        "host_ipc": false,
                        "host_network": false,
                        "host_pid": false,
                        "hostname": "",
                        "image_pull_secrets": [],
                        "init_container": [],
                        "node_name": "",
                        "node_selector": {},
                        "os": [],
                        "priority_class_name": "",
                        "readiness_gate": [],
                        "restart_policy": "Always",
                        "runtime_class_name": "",
                        "scheduler_name": "default-scheduler",
                        "security_context": [],
                        "service_account_name": "",
                        "share_process_namespace": false,
                        "subdomain": "",
                        "termination_grace_period_seconds": 30,
                        "toleration": [],
                        "topology_spread_constraint": [],
                        "volume": []
                      }
                    ]
                  }
                ]
              }
            ],
            "timeouts": null,
            "wait_for_rollout": true
          },
          "sensitive_attributes": [],
          "private": "eyJlMmJmYjczMC1lY2FhLTExZTYtOGY4OC0zNDM2M2JjN2M0YzAiOnsiY3JlYXRlIjo2MDAwMDAwMDAwMDAsImRlbGV0ZSI6NjAwMDAwMDAwMDAwLCJ1cGRhdGUiOjYwMDAwMDAwMDAwMH0sInNjaGVtYV92ZXJzaW9uIjoiMSJ9",
          "dependencies": [
            "kubernetes_namespace.gamify-it"
          ]
        },
        {
          "index_key": "lecturer-interface",
          "schema_version": 1,
          "attributes": {
            "id": "gamify-it/gamify-it-lecturer-interface",
            "metadata": [
              {
                "annotations": {},
                "generate_name": "",
                "generation": 1,
                "labels": {
                  "gamify-it.app": "lecturer-interface"
                },
                "name": "gamify-it-lecturer-interface",
                "namespace": "gamify-it",
                "resource_version": "468554310",
                "uid": "5272345d-08ef-44c1-a88a-bdd104b984ea"
              }
            ],
            "spec": [
              {
                "min_ready_seconds": 0,
                "paused": false,
                "progress_deadline_seconds": 600,
                "replicas": "1",
                "revision_history_limit": 10,
                "selector": [
                  {
                    "match_expressions": [],
                    "match_labels": {
                      "gamify-it.app": "lecturer-interface"
                    }
                  }
                ],
                "strategy": [
                  {
                    "rolling_update": [
                      {
                        "max_surge": "25%",
                        "max_unavailable": "25%"
                      }
                    ],
                    "type": "RollingUpdate"
                  }
                ],
                "template": [
                  {
                    "metadata": [
                      {
                        "annotations": {},
                        "generate_name": "",
                        "generation": 0,
                        "labels": {
                          "gamify-it.app": "lecturer-interface"
                        },
                        "name": "",
                        "namespace": "",
                        "resource_version": "",
                        "uid": ""
                      }
                    ],
                    "spec": [
                      {
                        "active_deadline_seconds": 0,
                        "affinity": [],
                        "automount_service_account_token": true,
                        "container": [
                          {
                            "args": [],
                            "command": [],
                            "env": [],
                            "env_from": [],
                            "image": "ghcr.io/gamify-it/lecturer-interface:latest",
                            "image_pull_policy": "Always",
                            "lifecycle": [],
                            "liveness_probe": [],
                            "name": "gamify-it-lecturer-interface",
                            "port": [],
                            "readiness_probe": [],
                            "resources": [
                              {
                                "limits": {},
                                "requests": {}
                              }
                            ],
                            "security_context": [],
                            "startup_probe": [],
                            "stdin": false,
                            "stdin_once": false,
                            "termination_message_path": "/dev/termination-log",
                            "termination_message_policy": "File",
                            "tty": false,
                            "volume_device": [],
                            "volume_mount": [],
                            "working_dir": ""
                          }
                        ],
                        "dns_config": [],
                        "dns_policy": "ClusterFirst",
                        "enable_service_links": true,
                        "host_aliases": [],
                        "host_ipc": false,
                        "host_network": false,
                        "host_pid": false,
                        "hostname": "",
                        "image_pull_secrets": [],
                        "init_container": [],
                        "node_name": "",
                        "node_selector": {},
                        "os": [],
                        "priority_class_name": "",
                        "readiness_gate": [],
                        "restart_policy": "Always",
                        "runtime_class_name": "",
                        "scheduler_name": "default-scheduler",
                        "security_context": [],
                        "service_account_name": "",
                        "share_process_namespace": false,
                        "subdomain": "",
                        "termination_grace_period_seconds": 30,
                        "toleration": [],
                        "topology_spread_constraint": [],
                        "volume": []
                      }
                    ]
                  }
                ]
              }
            ],
            "timeouts": null,
            "wait_for_rollout": true
          },
          "sensitive_attributes": [],
          "private": "eyJlMmJmYjczMC1lY2FhLTExZTYtOGY4OC0zNDM2M2JjN2M0YzAiOnsiY3JlYXRlIjo2MDAwMDAwMDAwMDAsImRlbGV0ZSI6NjAwMDAwMDAwMDAwLCJ1cGRhdGUiOjYwMDAwMDAwMDAwMH0sInNjaGVtYV92ZXJzaW9uIjoiMSJ9",
          "dependencies": [
            "kubernetes_namespace.gamify-it"
          ]
        },
        {
          "index_key": "memory",
          "schema_version": 1,
          "attributes": {
            "id": "gamify-it/gamify-it-memory",
            "metadata": [
              {
                "annotations": {},
                "generate_name": "",
                "generation": 1,
                "labels": {
                  "gamify-it.app": "memory"
                },
                "name": "gamify-it-memory",
                "namespace": "gamify-it",
                "resource_version": "468554424",
                "uid": "e8235187-f83c-4063-9c3f-33c7f3fcdacf"
              }
            ],
            "spec": [
              {
                "min_ready_seconds": 0,
                "paused": false,
                "progress_deadline_seconds": 600,
                "replicas": "1",
                "revision_history_limit": 10,
                "selector": [
                  {
                    "match_expressions": [],
                    "match_labels": {
                      "gamify-it.app": "memory"
                    }
                  }
                ],
                "strategy": [
                  {
                    "rolling_update": [
                      {
                        "max_surge": "25%",
                        "max_unavailable": "25%"
                      }
                    ],
                    "type": "RollingUpdate"
                  }
                ],
                "template": [
                  {
                    "metadata": [
                      {
                        "annotations": {},
                        "generate_name": "",
                        "generation": 0,
                        "labels": {
                          "gamify-it.app": "memory"
                        },
                        "name": "",
                        "namespace": "",
                        "resource_version": "",
                        "uid": ""
                      }
                    ],
                    "spec": [
                      {
                        "active_deadline_seconds": 0,
                        "affinity": [],
                        "automount_service_account_token": true,
                        "container": [
                          {
                            "args": [],
                            "command": [],
                            "env": [],
                            "env_from": [],
                            "image": "ghcr.io/gamify-it/memory:latest",
                            "image_pull_policy": "Always",
                            "lifecycle": [],
                            "liveness_probe": [],
                            "name": "gamify-it-memory",
                            "port": [],
                            "readiness_probe": [],
                            "resources": [
                              {
                                "limits": {},
                                "requests": {}
                              }
                            ],
                            "security_context": [],
                            "startup_probe": [],
                            "stdin": false,
                            "stdin_once": false,
                            "termination_message_path": "/dev/termination-log",
                            "termination_message_policy": "File",
                            "tty": false,
                            "volume_device": [],
                            "volume_mount": [],
                            "working_dir": ""
                          }
                        ],
                        "dns_config": [],
                        "dns_policy": "ClusterFirst",
                        "enable_service_links": true,
                        "host_aliases": [],
                        "host_ipc": false,
                        "host_network": false,
                        "host_pid": false,
                        "hostname": "",
                        "image_pull_secrets": [],
                        "init_container": [],
                        "node_name": "",
                        "node_selector": {},
                        "os": [],
                        "priority_class_name": "",
                        "readiness_gate": [],
                        "restart_policy": "Always",
                        "runtime_class_name": "",
                        "scheduler_name": "default-scheduler",
                        "security_context": [],
                        "service_account_name": "",
                        "share_process_namespace": false,
                        "subdomain": "",
                        "termination_grace_period_seconds": 30,
                        "toleration": [],
                        "topology_spread_constraint": [],
                        "volume": []
                      }
                    ]
                  }
                ]
              }
            ],
            "timeouts": null,
            "wait_for_rollout": true
          },
          "sensitive_attributes": [],
          "private": "eyJlMmJmYjczMC1lY2FhLTExZTYtOGY4OC0zNDM2M2JjN2M0YzAiOnsiY3JlYXRlIjo2MDAwMDAwMDAwMDAsImRlbGV0ZSI6NjAwMDAwMDAwMDAwLCJ1cGRhdGUiOjYwMDAwMDAwMDAwMH0sInNjaGVtYV92ZXJzaW9uIjoiMSJ9",
          "dependencies": [
            "kubernetes_namespace.gamify-it"
          ]
        },
        {
          "index_key": "overworld",
          "schema_version": 1,
          "attributes": {
            "id": "gamify-it/gamify-it-overworld",
            "metadata": [
              {
                "annotations": {},
                "generate_name": "",
                "generation": 1,
                "labels": {
                  "gamify-it.app": "overworld"
                },
                "name": "gamify-it-overworld",
                "namespace": "gamify-it",
                "resource_version": "468554515",
                "uid": "056d92d7-70ff-43ba-8c1a-27bafccf3230"
              }
            ],
            "spec": [
              {
                "min_ready_seconds": 0,
                "paused": false,
                "progress_deadline_seconds": 600,
                "replicas": "1",
                "revision_history_limit": 10,
                "selector": [
                  {
                    "match_expressions": [],
                    "match_labels": {
                      "gamify-it.app": "overworld"
                    }
                  }
                ],
                "strategy": [
                  {
                    "rolling_update": [
                      {
                        "max_surge": "25%",
                        "max_unavailable": "25%"
                      }
                    ],
                    "type": "RollingUpdate"
                  }
                ],
                "template": [
                  {
                    "metadata": [
                      {
                        "annotations": {},
                        "generate_name": "",
                        "generation": 0,
                        "labels": {
                          "gamify-it.app": "overworld"
                        },
                        "name": "",
                        "namespace": "",
                        "resource_version": "",
                        "uid": ""
                      }
                    ],
                    "spec": [
                      {
                        "active_deadline_seconds": 0,
                        "affinity": [],
                        "automount_service_account_token": true,
                        "container": [
                          {
                            "args": [],
                            "command": [],
                            "env": [],
                            "env_from": [],
                            "image": "ghcr.io/gamify-it/overworld:latest",
                            "image_pull_policy": "Always",
                            "lifecycle": [],
                            "liveness_probe": [],
                            "name": "gamify-it-overworld",
                            "port": [],
                            "readiness_probe": [],
                            "resources": [
                              {
                                "limits": {},
                                "requests": {}
                              }
                            ],
                            "security_context": [],
                            "startup_probe": [],
                            "stdin": false,
                            "stdin_once": false,
                            "termination_message_path": "/dev/termination-log",
                            "termination_message_policy": "File",
                            "tty": false,
                            "volume_device": [],
                            "volume_mount": [],
                            "working_dir": ""
                          }
                        ],
                        "dns_config": [],
                        "dns_policy": "ClusterFirst",
                        "enable_service_links": true,
                        "host_aliases": [],
                        "host_ipc": false,
                        "host_network": false,
                        "host_pid": false,
                        "hostname": "",
                        "image_pull_secrets": [],
                        "init_container": [],
                        "node_name": "",
                        "node_selector": {},
                        "os": [],
                        "priority_class_name": "",
                        "readiness_gate": [],
                        "restart_policy": "Always",
                        "runtime_class_name": "",
                        "scheduler_name": "default-scheduler",
                        "security_context": [],
                        "service_account_name": "",
                        "share_process_namespace": false,
                        "subdomain": "",
                        "termination_grace_period_seconds": 30,
                        "toleration": [],
                        "topology_spread_constraint": [],
                        "volume": []
                      }
                    ]
                  }
                ]
              }
            ],
            "timeouts": null,
            "wait_for_rollout": true
          },
          "sensitive_attributes": [],
          "private": "eyJlMmJmYjczMC1lY2FhLTExZTYtOGY4OC0zNDM2M2JjN2M0YzAiOnsiY3JlYXRlIjo2MDAwMDAwMDAwMDAsImRlbGV0ZSI6NjAwMDAwMDAwMDAwLCJ1cGRhdGUiOjYwMDAwMDAwMDAwMH0sInNjaGVtYV92ZXJzaW9uIjoiMSJ9",
          "dependencies": [
            "kubernetes_namespace.gamify-it"
          ]
        },
        {
          "index_key": "privacy-policy",
          "schema_version": 1,
          "attributes": {
            "id": "gamify-it/gamify-it-privacy-policy",
            "metadata": [
              {
                "annotations": {},
                "generate_name": "",
                "generation": 1,
                "labels": {
                  "gamify-it.app": "privacy-policy"
                },
                "name": "gamify-it-privacy-policy",
                "namespace": "gamify-it",
                "resource_version": "468554422",
                "uid": "0a5fcb28-0238-4454-a39a-faae390430bb"
              }
            ],
            "spec": [
              {
                "min_ready_seconds": 0,
                "paused": false,
                "progress_deadline_seconds": 600,
                "replicas": "1",
                "revision_history_limit": 10,
                "selector": [
                  {
                    "match_expressions": [],
                    "match_labels": {
                      "gamify-it.app": "privacy-policy"
                    }
                  }
                ],
                "strategy": [
                  {
                    "rolling_update": [
                      {
                        "max_surge": "25%",
                        "max_unavailable": "25%"
                      }
                    ],
                    "type": "RollingUpdate"
                  }
                ],
                "template": [
                  {
                    "metadata": [
                      {
                        "annotations": {},
                        "generate_name": "",
                        "generation": 0,
                        "labels": {
                          "gamify-it.app": "privacy-policy"
                        },
                        "name": "",
                        "namespace": "",
                        "resource_version": "",
                        "uid": ""
                      }
                    ],
                    "spec": [
                      {
                        "active_deadline_seconds": 0,
                        "affinity": [],
                        "automount_service_account_token": true,
                        "container": [
                          {
                            "args": [],
                            "command": [],
                            "env": [],
                            "env_from": [],
                            "image": "ghcr.io/gamify-it/privacy-policy:latest",
                            "image_pull_policy": "Always",
                            "lifecycle": [],
                            "liveness_probe": [],
                            "name": "gamify-it-privacy-policy",
                            "port": [],
                            "readiness_probe": [],
                            "resources": [
                              {
                                "limits": {},
                                "requests": {}
                              }
                            ],
                            "security_context": [],
                            "startup_probe": [],
                            "stdin": false,
                            "stdin_once": false,
                            "termination_message_path": "/dev/termination-log",
                            "termination_message_policy": "File",
                            "tty": false,
                            "volume_device": [],
                            "volume_mount": [],
                            "working_dir": ""
                          }
                        ],
                        "dns_config": [],
                        "dns_policy": "ClusterFirst",
                        "enable_service_links": true,
                        "host_aliases": [],
                        "host_ipc": false,
                        "host_network": false,
                        "host_pid": false,
                        "hostname": "",
                        "image_pull_secrets": [],
                        "init_container": [],
                        "node_name": "",
                        "node_selector": {},
                        "os": [],
                        "priority_class_name": "",
                        "readiness_gate": [],
                        "restart_policy": "Always",
                        "runtime_class_name": "",
                        "scheduler_name": "default-scheduler",
                        "security_context": [],
                        "service_account_name": "",
                        "share_process_namespace": false,
                        "subdomain": "",
                        "termination_grace_period_seconds": 30,
                        "toleration": [],
                        "topology_spread_constraint": [],
                        "volume": []
                      }
                    ]
                  }
                ]
              }
            ],
            "timeouts": null,
            "wait_for_rollout": true
          },
          "sensitive_attributes": [],
          "private": "eyJlMmJmYjczMC1lY2FhLTExZTYtOGY4OC0zNDM2M2JjN2M0YzAiOnsiY3JlYXRlIjo2MDAwMDAwMDAwMDAsImRlbGV0ZSI6NjAwMDAwMDAwMDAwLCJ1cGRhdGUiOjYwMDAwMDAwMDAwMH0sInNjaGVtYV92ZXJzaW9uIjoiMSJ9",
          "dependencies": [
            "kubernetes_namespace.gamify-it"
          ]
        },
        {
          "index_key": "regexgame",
          "schema_version": 1,
          "attributes": {
            "id": "gamify-it/gamify-it-regexgame",
            "metadata": [
              {
                "annotations": {},
                "generate_name": "",
                "generation": 1,
                "labels": {
                  "gamify-it.app": "regexgame"
                },
                "name": "gamify-it-regexgame",
                "namespace": "gamify-it",
                "resource_version": "468554518",
                "uid": "67eca001-e41c-477e-a85c-f7268682f302"
              }
            ],
            "spec": [
              {
                "min_ready_seconds": 0,
                "paused": false,
                "progress_deadline_seconds": 600,
                "replicas": "1",
                "revision_history_limit": 10,
                "selector": [
                  {
                    "match_expressions": [],
                    "match_labels": {
                      "gamify-it.app": "regexgame"
                    }
                  }
                ],
                "strategy": [
                  {
                    "rolling_update": [
                      {
                        "max_surge": "25%",
                        "max_unavailable": "25%"
                      }
                    ],
                    "type": "RollingUpdate"
                  }
                ],
                "template": [
                  {
                    "metadata": [
                      {
                        "annotations": {},
                        "generate_name": "",
                        "generation": 0,
                        "labels": {
                          "gamify-it.app": "regexgame"
                        },
                        "name": "",
                        "namespace": "",
                        "resource_version": "",
                        "uid": ""
                      }
                    ],
                    "spec": [
                      {
                        "active_deadline_seconds": 0,
                        "affinity": [],
                        "automount_service_account_token": true,
                        "container": [
                          {
                            "args": [],
                            "command": [],
                            "env": [],
                            "env_from": [],
                            "image": "ghcr.io/gamify-it/regexgame:latest",
                            "image_pull_policy": "Always",
                            "lifecycle": [],
                            "liveness_probe": [],
                            "name": "gamify-it-regexgame",
                            "port": [],
                            "readiness_probe": [],
                            "resources": [
                              {
                                "limits": {},
                                "requests": {}
                              }
                            ],
                            "security_context": [],
                            "startup_probe": [],
                            "stdin": false,
                            "stdin_once": false,
                            "termination_message_path": "/dev/termination-log",
                            "termination_message_policy": "File",
                            "tty": false,
                            "volume_device": [],
                            "volume_mount": [],
                            "working_dir": ""
                          }
                        ],
                        "dns_config": [],
                        "dns_policy": "ClusterFirst",
                        "enable_service_links": true,
                        "host_aliases": [],
                        "host_ipc": false,
                        "host_network": false,
                        "host_pid": false,
                        "hostname": "",
                        "image_pull_secrets": [],
                        "init_container": [],
                        "node_name": "",
                        "node_selector": {},
                        "os": [],
                        "priority_class_name": "",
                        "readiness_gate": [],
                        "restart_policy": "Always",
                        "runtime_class_name": "",
                        "scheduler_name": "default-scheduler",
                        "security_context": [],
                        "service_account_name": "",
                        "share_process_namespace": false,
                        "subdomain": "",
                        "termination_grace_period_seconds": 30,
                        "toleration": [],
                        "topology_spread_constraint": [],
                        "volume": []
                      }
                    ]
                  }
                ]
              }
            ],
            "timeouts": null,
            "wait_for_rollout": true
          },
          "sensitive_attributes": [],
          "private": "eyJlMmJmYjczMC1lY2FhLTExZTYtOGY4OC0zNDM2M2JjN2M0YzAiOnsiY3JlYXRlIjo2MDAwMDAwMDAwMDAsImRlbGV0ZSI6NjAwMDAwMDAwMDAwLCJ1cGRhdGUiOjYwMDAwMDAwMDAwMH0sInNjaGVtYV92ZXJzaW9uIjoiMSJ9",
          "dependencies": [
            "kubernetes_namespace.gamify-it"
          ]
        },
        {
          "index_key": "third-party-license-notice",
          "schema_version": 1,
          "attributes": {
            "id": "gamify-it/gamify-it-third-party-license-notice",
            "metadata": [
              {
                "annotations": {},
                "generate_name": "",
                "generation": 1,
                "labels": {
                  "gamify-it.app": "third-party-license-notice"
                },
                "name": "gamify-it-third-party-license-notice",
                "namespace": "gamify-it",
                "resource_version": "468554452",
                "uid": "200b28fe-3f6c-46fe-86fe-6b97536aa867"
              }
            ],
            "spec": [
              {
                "min_ready_seconds": 0,
                "paused": false,
                "progress_deadline_seconds": 600,
                "replicas": "1",
                "revision_history_limit": 10,
                "selector": [
                  {
                    "match_expressions": [],
                    "match_labels": {
                      "gamify-it.app": "third-party-license-notice"
                    }
                  }
                ],
                "strategy": [
                  {
                    "rolling_update": [
                      {
                        "max_surge": "25%",
                        "max_unavailable": "25%"
                      }
                    ],
                    "type": "RollingUpdate"
                  }
                ],
                "template": [
                  {
                    "metadata": [
                      {
                        "annotations": {},
                        "generate_name": "",
                        "generation": 0,
                        "labels": {
                          "gamify-it.app": "third-party-license-notice"
                        },
                        "name": "",
                        "namespace": "",
                        "resource_version": "",
                        "uid": ""
                      }
                    ],
                    "spec": [
                      {
                        "active_deadline_seconds": 0,
                        "affinity": [],
                        "automount_service_account_token": true,
                        "container": [
                          {
                            "args": [],
                            "command": [],
                            "env": [],
                            "env_from": [],
                            "image": "ghcr.io/gamify-it/third-party-license-notice:latest",
                            "image_pull_policy": "Always",
                            "lifecycle": [],
                            "liveness_probe": [],
                            "name": "gamify-it-third-party-license-notice",
                            "port": [],
                            "readiness_probe": [],
                            "resources": [
                              {
                                "limits": {},
                                "requests": {}
                              }
                            ],
                            "security_context": [],
                            "startup_probe": [],
                            "stdin": false,
                            "stdin_once": false,
                            "termination_message_path": "/dev/termination-log",
                            "termination_message_policy": "File",
                            "tty": false,
                            "volume_device": [],
                            "volume_mount": [],
                            "working_dir": ""
                          }
                        ],
                        "dns_config": [],
                        "dns_policy": "ClusterFirst",
                        "enable_service_links": true,
                        "host_aliases": [],
                        "host_ipc": false,
                        "host_network": false,
                        "host_pid": false,
                        "hostname": "",
                        "image_pull_secrets": [],
                        "init_container": [],
                        "node_name": "",
                        "node_selector": {},
                        "os": [],
                        "priority_class_name": "",
                        "readiness_gate": [],
                        "restart_policy": "Always",
                        "runtime_class_name": "",
                        "scheduler_name": "default-scheduler",
                        "security_context": [],
                        "service_account_name": "",
                        "share_process_namespace": false,
                        "subdomain": "",
                        "termination_grace_period_seconds": 30,
                        "toleration": [],
                        "topology_spread_constraint": [],
                        "volume": []
                      }
                    ]
                  }
                ]
              }
            ],
            "timeouts": null,
            "wait_for_rollout": true
          },
          "sensitive_attributes": [],
          "private": "eyJlMmJmYjczMC1lY2FhLTExZTYtOGY4OC0zNDM2M2JjN2M0YzAiOnsiY3JlYXRlIjo2MDAwMDAwMDAwMDAsImRlbGV0ZSI6NjAwMDAwMDAwMDAwLCJ1cGRhdGUiOjYwMDAwMDAwMDAwMH0sInNjaGVtYV92ZXJzaW9uIjoiMSJ9",
          "dependencies": [
            "kubernetes_namespace.gamify-it"
          ]
        },
        {
          "index_key": "tower-defense",
          "schema_version": 1,
          "attributes": {
            "id": "gamify-it/gamify-it-tower-defense",
            "metadata": [
              {
                "annotations": {},
                "generate_name": "",
                "generation": 1,
                "labels": {
                  "gamify-it.app": "tower-defense"
                },
                "name": "gamify-it-tower-defense",
                "namespace": "gamify-it",
                "resource_version": "468554399",
                "uid": "456928b9-02dc-4563-aa8f-3c7f066ae26f"
              }
            ],
            "spec": [
              {
                "min_ready_seconds": 0,
                "paused": false,
                "progress_deadline_seconds": 600,
                "replicas": "1",
                "revision_history_limit": 10,
                "selector": [
                  {
                    "match_expressions": [],
                    "match_labels": {
                      "gamify-it.app": "tower-defense"
                    }
                  }
                ],
                "strategy": [
                  {
                    "rolling_update": [
                      {
                        "max_surge": "25%",
                        "max_unavailable": "25%"
                      }
                    ],
                    "type": "RollingUpdate"
                  }
                ],
                "template": [
                  {
                    "metadata": [
                      {
                        "annotations": {},
                        "generate_name": "",
                        "generation": 0,
                        "labels": {
                          "gamify-it.app": "tower-defense"
                        },
                        "name": "",
                        "namespace": "",
                        "resource_version": "",
                        "uid": ""
                      }
                    ],
                    "spec": [
                      {
                        "active_deadline_seconds": 0,
                        "affinity": [],
                        "automount_service_account_token": true,
                        "container": [
                          {
                            "args": [],
                            "command": [],
                            "env": [],
                            "env_from": [],
                            "image": "ghcr.io/gamify-it/tower-defense:main",
                            "image_pull_policy": "Always",
                            "lifecycle": [],
                            "liveness_probe": [],
                            "name": "gamify-it-tower-defense",
                            "port": [],
                            "readiness_probe": [],
                            "resources": [
                              {
                                "limits": {},
                                "requests": {}
                              }
                            ],
                            "security_context": [],
                            "startup_probe": [],
                            "stdin": false,
                            "stdin_once": false,
                            "termination_message_path": "/dev/termination-log",
                            "termination_message_policy": "File",
                            "tty": false,
                            "volume_device": [],
                            "volume_mount": [],
                            "working_dir": ""
                          }
                        ],
                        "dns_config": [],
                        "dns_policy": "ClusterFirst",
                        "enable_service_links": true,
                        "host_aliases": [],
                        "host_ipc": false,
                        "host_network": false,
                        "host_pid": false,
                        "hostname": "",
                        "image_pull_secrets": [],
                        "init_container": [],
                        "node_name": "",
                        "node_selector": {},
                        "os": [],
                        "priority_class_name": "",
                        "readiness_gate": [],
                        "restart_policy": "Always",
                        "runtime_class_name": "",
                        "scheduler_name": "default-scheduler",
                        "security_context": [],
                        "service_account_name": "",
                        "share_process_namespace": false,
                        "subdomain": "",
                        "termination_grace_period_seconds": 30,
                        "toleration": [],
                        "topology_spread_constraint": [],
                        "volume": []
                      }
                    ]
                  }
                ]
              }
            ],
            "timeouts": null,
            "wait_for_rollout": true
          },
          "sensitive_attributes": [],
          "private": "eyJlMmJmYjczMC1lY2FhLTExZTYtOGY4OC0zNDM2M2JjN2M0YzAiOnsiY3JlYXRlIjo2MDAwMDAwMDAwMDAsImRlbGV0ZSI6NjAwMDAwMDAwMDAwLCJ1cGRhdGUiOjYwMDAwMDAwMDAwMH0sInNjaGVtYV92ZXJzaW9uIjoiMSJ9",
          "dependencies": [
            "kubernetes_namespace.gamify-it"
          ]
        },
        {
          "index_key": "towercrush",
          "schema_version": 1,
          "attributes": {
            "id": "gamify-it/gamify-it-towercrush",
            "metadata": [
              {
                "annotations": {},
                "generate_name": "",
                "generation": 1,
                "labels": {
                  "gamify-it.app": "towercrush"
                },
                "name": "gamify-it-towercrush",
                "namespace": "gamify-it",
                "resource_version": "468554587",
                "uid": "77029a21-5430-4658-aafd-2dbd0e2a8ff1"
              }
            ],
            "spec": [
              {
                "min_ready_seconds": 0,
                "paused": false,
                "progress_deadline_seconds": 600,
                "replicas": "1",
                "revision_history_limit": 10,
                "selector": [
                  {
                    "match_expressions": [],
                    "match_labels": {
                      "gamify-it.app": "towercrush"
                    }
                  }
                ],
                "strategy": [
                  {
                    "rolling_update": [
                      {
                        "max_surge": "25%",
                        "max_unavailable": "25%"
                      }
                    ],
                    "type": "RollingUpdate"
                  }
                ],
                "template": [
                  {
                    "metadata": [
                      {
                        "annotations": {},
                        "generate_name": "",
                        "generation": 0,
                        "labels": {
                          "gamify-it.app": "towercrush"
                        },
                        "name": "",
                        "namespace": "",
                        "resource_version": "",
                        "uid": ""
                      }
                    ],
                    "spec": [
                      {
                        "active_deadline_seconds": 0,
                        "affinity": [],
                        "automount_service_account_token": true,
                        "container": [
                          {
                            "args": [],
                            "command": [],
                            "env": [],
                            "env_from": [],
                            "image": "ghcr.io/gamify-it/towercrush:latest",
                            "image_pull_policy": "Always",
                            "lifecycle": [],
                            "liveness_probe": [],
                            "name": "gamify-it-towercrush",
                            "port": [],
                            "readiness_probe": [],
                            "resources": [
                              {
                                "limits": {},
                                "requests": {}
                              }
                            ],
                            "security_context": [],
                            "startup_probe": [],
                            "stdin": false,
                            "stdin_once": false,
                            "termination_message_path": "/dev/termination-log",
                            "termination_message_policy": "File",
                            "tty": false,
                            "volume_device": [],
                            "volume_mount": [],
                            "working_dir": ""
                          }
                        ],
                        "dns_config": [],
                        "dns_policy": "ClusterFirst",
                        "enable_service_links": true,
                        "host_aliases": [],
                        "host_ipc": false,
                        "host_network": false,
                        "host_pid": false,
                        "hostname": "",
                        "image_pull_secrets": [],
                        "init_container": [],
                        "node_name": "",
                        "node_selector": {},
                        "os": [],
                        "priority_class_name": "",
                        "readiness_gate": [],
                        "restart_policy": "Always",
                        "runtime_class_name": "",
                        "scheduler_name": "default-scheduler",
                        "security_context": [],
                        "service_account_name": "",
                        "share_process_namespace": false,
                        "subdomain": "",
                        "termination_grace_period_seconds": 30,
                        "toleration": [],
                        "topology_spread_constraint": [],
                        "volume": []
                      }
                    ]
                  }
                ]
              }
            ],
            "timeouts": null,
            "wait_for_rollout": true
          },
          "sensitive_attributes": [],
          "private": "eyJlMmJmYjczMC1lY2FhLTExZTYtOGY4OC0zNDM2M2JjN2M0YzAiOnsiY3JlYXRlIjo2MDAwMDAwMDAwMDAsImRlbGV0ZSI6NjAwMDAwMDAwMDAwLCJ1cGRhdGUiOjYwMDAwMDAwMDAwMH0sInNjaGVtYV92ZXJzaW9uIjoiMSJ9",
          "dependencies": [
            "kubernetes_namespace.gamify-it"
          ]
        }
      ]
    },
    {
      "mode": "managed",
      "type": "kubernetes_deployment",
      "name": "reverse_proxy",
      "provider": "provider[\"registry.terraform.io/hashicorp/kubernetes\"]",
      "instances": [
        {
          "schema_version": 1,
          "attributes": {
            "id": "gamify-it/gamify-it-reverse-proxy",
            "metadata": [
              {
                "annotations": {},
                "generate_name": "",
                "generation": 1,
                "labels": {
                  "gamify-it.app": "reverse-proxy"
                },
                "name": "gamify-it-reverse-proxy",
                "namespace": "gamify-it",
                "resource_version": "468554453",
                "uid": "d06e3e54-c911-4adc-92a7-c79e4c496f41"
              }
            ],
            "spec": [
              {
                "min_ready_seconds": 0,
                "paused": false,
                "progress_deadline_seconds": 600,
                "replicas": "1",
                "revision_history_limit": 10,
                "selector": [
                  {
                    "match_expressions": [],
                    "match_labels": {
                      "gamify-it.app": "reverse-proxy"
                    }
                  }
                ],
                "strategy": [
                  {
                    "rolling_update": [
                      {
                        "max_surge": "25%",
                        "max_unavailable": "25%"
                      }
                    ],
                    "type": "RollingUpdate"
                  }
                ],
                "template": [
                  {
                    "metadata": [
                      {
                        "annotations": {},
                        "generate_name": "",
                        "generation": 0,
                        "labels": {
                          "gamify-it.app": "reverse-proxy"
                        },
                        "name": "",
                        "namespace": "",
                        "resource_version": "",
                        "uid": ""
                      }
                    ],
                    "spec": [
                      {
                        "active_deadline_seconds": 0,
                        "affinity": [],
                        "automount_service_account_token": true,
                        "container": [
                          {
                            "args": [],
                            "command": [],
                            "env": [
                              {
                                "name": "SERVICES",
                                "value": "default keycloak bugfinder chickenshock crosswordpuzzle fileserver finitequiz memory regexgame towercrush",
                                "value_from": []
                              },
                              {
                                "name": "SSL_ENABLED",
                                "value": "false",
                                "value_from": []
                              },
                              {
                                "name": "LOCAL_DOMAIN",
                                "value": ".gamify-it.svc.cluster.local",
                                "value_from": []
                              },
                              {
                                "name": "DNS_NAMESERVER",
                                "value": "kube-dns.kube-system.svc.cluster.local",
                                "value_from": []
                              }
                            ],
                            "env_from": [],
                            "image": "ghcr.io/gamify-it/reverse-proxy:latest",
                            "image_pull_policy": "Always",
                            "lifecycle": [],
                            "liveness_probe": [],
                            "name": "gamify-it-reverse-proxy",
                            "port": [],
                            "readiness_probe": [],
                            "resources": [
                              {
                                "limits": {},
                                "requests": {}
                              }
                            ],
                            "security_context": [],
                            "startup_probe": [],
                            "stdin": false,
                            "stdin_once": false,
                            "termination_message_path": "/dev/termination-log",
                            "termination_message_policy": "File",
                            "tty": false,
                            "volume_device": [],
                            "volume_mount": [],
                            "working_dir": ""
                          }
                        ],
                        "dns_config": [],
                        "dns_policy": "ClusterFirst",
                        "enable_service_links": true,
                        "host_aliases": [],
                        "host_ipc": false,
                        "host_network": false,
                        "host_pid": false,
                        "hostname": "",
                        "image_pull_secrets": [],
                        "init_container": [],
                        "node_name": "",
                        "node_selector": {},
                        "os": [],
                        "priority_class_name": "",
                        "readiness_gate": [],
                        "restart_policy": "Always",
                        "runtime_class_name": "",
                        "scheduler_name": "default-scheduler",
                        "security_context": [],
                        "service_account_name": "",
                        "share_process_namespace": false,
                        "subdomain": "",
                        "termination_grace_period_seconds": 30,
                        "toleration": [],
                        "topology_spread_constraint": [],
                        "volume": []
                      }
                    ]
                  }
                ]
              }
            ],
            "timeouts": null,
            "wait_for_rollout": true
          },
          "sensitive_attributes": [],
          "private": "eyJlMmJmYjczMC1lY2FhLTExZTYtOGY4OC0zNDM2M2JjN2M0YzAiOnsiY3JlYXRlIjo2MDAwMDAwMDAwMDAsImRlbGV0ZSI6NjAwMDAwMDAwMDAwLCJ1cGRhdGUiOjYwMDAwMDAwMDAwMH0sInNjaGVtYV92ZXJzaW9uIjoiMSJ9",
          "dependencies": [
            "kubernetes_namespace.gamify-it"
          ]
        }
      ]
    },
    {
      "mode": "managed",
      "type": "kubernetes_ingress_v1",
      "name": "ingress",
      "provider": "provider[\"registry.terraform.io/hashicorp/kubernetes\"]",
      "instances": [
        {
          "index_key": 0,
          "schema_version": 0,
          "attributes": {
            "id": "gamify-it/ingress",
            "metadata": [
              {
                "annotations": {
                  "cert-manager.io/cluster-issuer": "letsencrypt-production",
                  "kubernetes.io/ingress.class": "nginx"
                },
                "generate_name": "",
                "generation": 1,
                "labels": null,
                "name": "ingress",
                "namespace": "gamify-it",
                "resource_version": "468558212",
                "uid": "95ff036a-eef8-4dc5-9986-70c2286281c5"
              }
            ],
            "spec": [
              {
                "default_backend": [
                  {
                    "resource": [],
                    "service": [
                      {
                        "name": "gamify-it-reverse-proxy",
                        "port": [
                          {
                            "name": "",
                            "number": 80
                          }
                        ]
                      }
                    ]
                  }
                ],
                "ingress_class_name": "",
                "rule": [
                  {
                    "host": "gamifyit.sqa.ddnss.de",
                    "http": [
                      {
                        "path": [
                          {
                            "backend": [
                              {
                                "resource": [],
                                "service": [
                                  {
                                    "name": "gamify-it-reverse-proxy",
                                    "port": [
                                      {
                                        "name": "",
                                        "number": 80
                                      }
                                    ]
                                  }
                                ]
                              }
                            ],
                            "path": "/",
                            "path_type": "ImplementationSpecific"
                          }
                        ]
                      }
                    ]
                  }
                ],
                "tls": [
                  {
                    "hosts": [
                      "gamifyit.sqa.ddnss.de"
                    ],
                    "secret_name": "gamifyit.sqa.ddnss.de-tls"
                  }
                ]
              }
            ],
            "status": [
              {
                "load_balancer": [
                  {
                    "ingress": []
                  }
                ]
              }
            ],
            "timeouts": null,
            "wait_for_load_balancer": null
          },
          "sensitive_attributes": [],
          "private": "eyJlMmJmYjczMC1lY2FhLTExZTYtOGY4OC0zNDM2M2JjN2M0YzAiOnsiY3JlYXRlIjoxMjAwMDAwMDAwMDAwLCJkZWxldGUiOjEyMDAwMDAwMDAwMDB9fQ==",
          "dependencies": [
            "kubernetes_namespace.gamify-it",
            "kubernetes_service.reverse_proxy"
          ]
        }
      ]
    },
    {
      "mode": "managed",
      "type": "kubernetes_namespace",
      "name": "gamify-it",
      "provider": "provider[\"registry.terraform.io/hashicorp/kubernetes\"]",
      "instances": [
        {
          "schema_version": 0,
          "attributes": {
            "id": "gamify-it",
            "metadata": [
              {
                "annotations": {},
                "generate_name": "",
                "generation": 0,
                "labels": {},
                "name": "gamify-it",
                "resource_version": "468554105",
                "uid": "4c368a2f-04d1-47a5-9e0c-2c73bd70d33b"
              }
            ],
            "timeouts": null,
            "wait_for_default_service_account": false
          },
          "sensitive_attributes": [],
          "private": "eyJlMmJmYjczMC1lY2FhLTExZTYtOGY4OC0zNDM2M2JjN2M0YzAiOnsiZGVsZXRlIjozMDAwMDAwMDAwMDB9fQ=="
        }
      ]
    },
    {
      "mode": "managed",
      "type": "kubernetes_secret",
      "name": "postgres_password_secret",
      "provider": "provider[\"registry.terraform.io/hashicorp/kubernetes\"]",
      "instances": [
        {
          "index_key": "bugfinder",
          "schema_version": 0,
          "attributes": {
            "binary_data": null,
            "data": {
              "password": "zlKu1BPdR6UfcwKUNIP9AQoc2zPtz3Lv"
            },
            "id": "gamify-it/postgres-password-bugfinder",
            "immutable": false,
            "metadata": [
              {
                "annotations": {},
                "generate_name": "",
                "generation": 0,
                "labels": {},
                "name": "postgres-password-bugfinder",
                "namespace": "gamify-it",
                "resource_version": "468554777",
                "uid": "6385ebbe-c4aa-4716-8e43-ca869e86a19b"
              }
            ],
            "timeouts": null,
            "type": "Opaque",
            "wait_for_service_account_token": true
          },
          "sensitive_attributes": [
            [
              {
                "type": "get_attr",
                "value": "binary_data"
              }
            ],
            [
              {
                "type": "get_attr",
                "value": "data"
              }
            ],
            [
              {
                "type": "get_attr",
                "value": "data"
              },
              {
                "type": "index",
                "value": {
                  "value": "password",
                  "type": "string"
                }
              }
            ]
          ],
          "private": "eyJlMmJmYjczMC1lY2FhLTExZTYtOGY4OC0zNDM2M2JjN2M0YzAiOnsiY3JlYXRlIjo2MDAwMDAwMDAwMH19",
          "dependencies": [
            "kubernetes_namespace.gamify-it",
            "random_password.postgres_password"
          ]
        },
        {
          "index_key": "chickenshock",
          "schema_version": 0,
          "attributes": {
            "binary_data": null,
            "data": {
              "password": "XlSO3kQeXI1y0PvL5wlXVfe5KXq9SxiB"
            },
            "id": "gamify-it/postgres-password-chickenshock",
            "immutable": false,
            "metadata": [
              {
                "annotations": {},
                "generate_name": "",
                "generation": 0,
                "labels": {},
                "name": "postgres-password-chickenshock",
                "namespace": "gamify-it",
                "resource_version": "468554360",
                "uid": "d575105d-2346-4016-9f8c-85a75ee63e4f"
              }
            ],
            "timeouts": null,
            "type": "Opaque",
            "wait_for_service_account_token": true
          },
          "sensitive_attributes": [
            [
              {
                "type": "get_attr",
                "value": "binary_data"
              }
            ],
            [
              {
                "type": "get_attr",
                "value": "data"
              }
            ],
            [
              {
                "type": "get_attr",
                "value": "data"
              },
              {
                "type": "index",
                "value": {
                  "value": "password",
                  "type": "string"
                }
              }
            ]
          ],
          "private": "eyJlMmJmYjczMC1lY2FhLTExZTYtOGY4OC0zNDM2M2JjN2M0YzAiOnsiY3JlYXRlIjo2MDAwMDAwMDAwMH19",
          "dependencies": [
            "kubernetes_namespace.gamify-it",
            "random_password.postgres_password"
          ]
        },
        {
          "index_key": "crosswordpuzzle",
          "schema_version": 0,
          "attributes": {
            "binary_data": null,
            "data": {
              "password": "6W0PwslhXAZAmsOZiz6aAiblKEYrcvcP"
            },
            "id": "gamify-it/postgres-password-crosswordpuzzle",
            "immutable": false,
            "metadata": [
              {
                "annotations": {},
                "generate_name": "",
                "generation": 0,
                "labels": {},
                "name": "postgres-password-crosswordpuzzle",
                "namespace": "gamify-it",
                "resource_version": "468554614",
                "uid": "96d36d9e-3b6a-4af6-82a6-493f6e22c63f"
              }
            ],
            "timeouts": null,
            "type": "Opaque",
            "wait_for_service_account_token": true
          },
          "sensitive_attributes": [
            [
              {
                "type": "get_attr",
                "value": "data"
              }
            ],
            [
              {
                "type": "get_attr",
                "value": "data"
              },
              {
                "type": "index",
                "value": {
                  "value": "password",
                  "type": "string"
                }
              }
            ],
            [
              {
                "type": "get_attr",
                "value": "binary_data"
              }
            ]
          ],
          "private": "eyJlMmJmYjczMC1lY2FhLTExZTYtOGY4OC0zNDM2M2JjN2M0YzAiOnsiY3JlYXRlIjo2MDAwMDAwMDAwMH19",
          "dependencies": [
            "kubernetes_namespace.gamify-it",
            "random_password.postgres_password"
          ]
        },
        {
          "index_key": "finitequiz",
          "schema_version": 0,
          "attributes": {
            "binary_data": null,
            "data": {
              "password": "kE0xLnIABF7Y0uKMvu8ene4oxVvKv6Tj"
            },
            "id": "gamify-it/postgres-password-finitequiz",
            "immutable": false,
            "metadata": [
              {
                "annotations": {},
                "generate_name": "",
                "generation": 0,
                "labels": {},
                "name": "postgres-password-finitequiz",
                "namespace": "gamify-it",
                "resource_version": "468554612",
                "uid": "f4732ca6-7f77-400f-be64-9fd3ba964e6c"
              }
            ],
            "timeouts": null,
            "type": "Opaque",
            "wait_for_service_account_token": true
          },
          "sensitive_attributes": [
            [
              {
                "type": "get_attr",
                "value": "binary_data"
              }
            ],
            [
              {
                "type": "get_attr",
                "value": "data"
              }
            ],
            [
              {
                "type": "get_attr",
                "value": "data"
              },
              {
                "type": "index",
                "value": {
                  "value": "password",
                  "type": "string"
                }
              }
            ]
          ],
          "private": "eyJlMmJmYjczMC1lY2FhLTExZTYtOGY4OC0zNDM2M2JjN2M0YzAiOnsiY3JlYXRlIjo2MDAwMDAwMDAwMH19",
          "dependencies": [
            "kubernetes_namespace.gamify-it",
            "random_password.postgres_password"
          ]
        },
        {
          "index_key": "memory",
          "schema_version": 0,
          "attributes": {
            "binary_data": null,
            "data": {
              "password": "pfupMukRC0PTS9X72lMPyjSm1tpq8HO4"
            },
            "id": "gamify-it/postgres-password-memory",
            "immutable": false,
            "metadata": [
              {
                "annotations": {},
                "generate_name": "",
                "generation": 0,
                "labels": {},
                "name": "postgres-password-memory",
                "namespace": "gamify-it",
                "resource_version": "468554361",
                "uid": "28b4cebc-ddec-4cbc-8510-23818b138e72"
              }
            ],
            "timeouts": null,
            "type": "Opaque",
            "wait_for_service_account_token": true
          },
          "sensitive_attributes": [
            [
              {
                "type": "get_attr",
                "value": "binary_data"
              }
            ],
            [
              {
                "type": "get_attr",
                "value": "data"
              }
            ],
            [
              {
                "type": "get_attr",
                "value": "data"
              },
              {
                "type": "index",
                "value": {
                  "value": "password",
                  "type": "string"
                }
              }
            ]
          ],
          "private": "eyJlMmJmYjczMC1lY2FhLTExZTYtOGY4OC0zNDM2M2JjN2M0YzAiOnsiY3JlYXRlIjo2MDAwMDAwMDAwMH19",
          "dependencies": [
            "kubernetes_namespace.gamify-it",
            "random_password.postgres_password"
          ]
        },
        {
          "index_key": "overworld",
          "schema_version": 0,
          "attributes": {
            "binary_data": null,
            "data": {
              "password": "RSXl121T6qPbqnGTZZ8nihxKsPoJiGFI"
            },
            "id": "gamify-it/postgres-password-overworld",
            "immutable": false,
            "metadata": [
              {
                "annotations": {},
                "generate_name": "",
                "generation": 0,
                "labels": {},
                "name": "postgres-password-overworld",
                "namespace": "gamify-it",
                "resource_version": "468554359",
                "uid": "520ad247-563b-4ec7-abd0-dcf90aeb0201"
              }
            ],
            "timeouts": null,
            "type": "Opaque",
            "wait_for_service_account_token": true
          },
          "sensitive_attributes": [
            [
              {
                "type": "get_attr",
                "value": "binary_data"
              }
            ],
            [
              {
                "type": "get_attr",
                "value": "data"
              }
            ],
            [
              {
                "type": "get_attr",
                "value": "data"
              },
              {
                "type": "index",
                "value": {
                  "value": "password",
                  "type": "string"
                }
              }
            ]
          ],
          "private": "eyJlMmJmYjczMC1lY2FhLTExZTYtOGY4OC0zNDM2M2JjN2M0YzAiOnsiY3JlYXRlIjo2MDAwMDAwMDAwMH19",
          "dependencies": [
            "kubernetes_namespace.gamify-it",
            "random_password.postgres_password"
          ]
        },
        {
          "index_key": "regexgame",
          "schema_version": 0,
          "attributes": {
            "binary_data": null,
            "data": {
              "password": "jswSPmQfz1Kj39Mub5Uhn8egeeK7rKW9"
            },
            "id": "gamify-it/postgres-password-regexgame",
            "immutable": false,
            "metadata": [
              {
                "annotations": {},
                "generate_name": "",
                "generation": 0,
                "labels": {},
                "name": "postgres-password-regexgame",
                "namespace": "gamify-it",
                "resource_version": "468554625",
                "uid": "f4d513bb-d2f9-4c6e-bce5-905eebcbff54"
              }
            ],
            "timeouts": null,
            "type": "Opaque",
            "wait_for_service_account_token": true
          },
          "sensitive_attributes": [
            [
              {
                "type": "get_attr",
                "value": "binary_data"
              }
            ],
            [
              {
                "type": "get_attr",
                "value": "data"
              }
            ],
            [
              {
                "type": "get_attr",
                "value": "data"
              },
              {
                "type": "index",
                "value": {
                  "value": "password",
                  "type": "string"
                }
              }
            ]
          ],
          "private": "eyJlMmJmYjczMC1lY2FhLTExZTYtOGY4OC0zNDM2M2JjN2M0YzAiOnsiY3JlYXRlIjo2MDAwMDAwMDAwMH19",
          "dependencies": [
            "kubernetes_namespace.gamify-it",
            "random_password.postgres_password"
          ]
        },
        {
          "index_key": "towercrush",
          "schema_version": 0,
          "attributes": {
            "binary_data": null,
            "data": {
              "password": "gsqSi8yHtpl0nKbhMm4VeT93U4rm0UsA"
            },
            "id": "gamify-it/postgres-password-towercrush",
            "immutable": false,
            "metadata": [
              {
                "annotations": {},
                "generate_name": "",
                "generation": 0,
                "labels": {},
                "name": "postgres-password-towercrush",
                "namespace": "gamify-it",
                "resource_version": "468554345",
                "uid": "a49d4f5c-7b0f-4d9e-8bb4-48de97e6ebda"
              }
            ],
            "timeouts": null,
            "type": "Opaque",
            "wait_for_service_account_token": true
          },
          "sensitive_attributes": [
            [
              {
                "type": "get_attr",
                "value": "binary_data"
              }
            ],
            [
              {
                "type": "get_attr",
                "value": "data"
              }
            ],
            [
              {
                "type": "get_attr",
                "value": "data"
              },
              {
                "type": "index",
                "value": {
                  "value": "password",
                  "type": "string"
                }
              }
            ]
          ],
          "private": "eyJlMmJmYjczMC1lY2FhLTExZTYtOGY4OC0zNDM2M2JjN2M0YzAiOnsiY3JlYXRlIjo2MDAwMDAwMDAwMH19",
          "dependencies": [
            "kubernetes_namespace.gamify-it",
            "random_password.postgres_password"
          ]
        },
        {
          "index_key": "towerdefense",
          "schema_version": 0,
          "attributes": {
            "binary_data": null,
            "data": {
              "password": "Um82PxoCugQagQDpFij3kHzNYb4m9HqI"
            },
            "id": "gamify-it/postgres-password-towerdefense",
            "immutable": false,
            "metadata": [
              {
                "annotations": {},
                "generate_name": "",
                "generation": 0,
                "labels": {},
                "name": "postgres-password-towerdefense",
                "namespace": "gamify-it",
                "resource_version": "468554363",
                "uid": "4cdf35ea-eb39-4ae8-b41a-604d70e2526b"
              }
            ],
            "timeouts": null,
            "type": "Opaque",
            "wait_for_service_account_token": true
          },
          "sensitive_attributes": [
            [
              {
                "type": "get_attr",
                "value": "binary_data"
              }
            ],
            [
              {
                "type": "get_attr",
                "value": "data"
              }
            ],
            [
              {
                "type": "get_attr",
                "value": "data"
              },
              {
                "type": "index",
                "value": {
                  "value": "password",
                  "type": "string"
                }
              }
            ]
          ],
          "private": "eyJlMmJmYjczMC1lY2FhLTExZTYtOGY4OC0zNDM2M2JjN2M0YzAiOnsiY3JlYXRlIjo2MDAwMDAwMDAwMH19",
          "dependencies": [
            "kubernetes_namespace.gamify-it",
            "random_password.postgres_password"
          ]
        }
      ]
    },
    {
      "mode": "managed",
      "type": "kubernetes_service",
      "name": "backend",
      "provider": "provider[\"registry.terraform.io/hashicorp/kubernetes\"]",
      "instances": [
        {
          "index_key": "bugfinder",
          "schema_version": 1,
          "attributes": {
            "id": "gamify-it/gamify-it-bugfinder-backend",
            "metadata": [
              {
                "annotations": {},
                "generate_name": "",
                "generation": 0,
                "labels": {
                  "gamify-it.app": "bugfinder-backend"
                },
                "name": "gamify-it-bugfinder-backend",
                "namespace": "gamify-it",
                "resource_version": "468554159",
                "uid": "c575ac75-7f30-402b-8876-cdce5867c4c8"
              }
            ],
            "spec": [
              {
                "allocate_load_balancer_node_ports": true,
                "cluster_ip": "10.233.23.111",
                "cluster_ips": [
                  "10.233.23.111"
                ],
                "external_ips": [],
                "external_name": "",
                "external_traffic_policy": "",
                "health_check_node_port": 0,
                "internal_traffic_policy": "Cluster",
                "ip_families": [
                  "IPv4"
                ],
                "ip_family_policy": "SingleStack",
                "load_balancer_class": "",
                "load_balancer_ip": "",
                "load_balancer_source_ranges": [],
                "port": [
                  {
                    "app_protocol": "",
                    "name": "80",
                    "node_port": 0,
                    "port": 80,
                    "protocol": "TCP",
                    "target_port": "80"
                  }
                ],
                "publish_not_ready_addresses": false,
                "selector": {
                  "gamify-it.app": "bugfinder-backend"
                },
                "session_affinity": "None",
                "session_affinity_config": [],
                "type": "ClusterIP"
              }
            ],
            "status": [
              {
                "load_balancer": [
                  {
                    "ingress": []
                  }
                ]
              }
            ],
            "timeouts": null,
            "wait_for_load_balancer": true
          },
          "sensitive_attributes": [],
          "private": "eyJlMmJmYjczMC1lY2FhLTExZTYtOGY4OC0zNDM2M2JjN2M0YzAiOnsiY3JlYXRlIjo2MDAwMDAwMDAwMDB9LCJzY2hlbWFfdmVyc2lvbiI6IjEifQ==",
          "dependencies": [
            "kubernetes_namespace.gamify-it"
          ]
        },
        {
          "index_key": "chickenshock",
          "schema_version": 1,
          "attributes": {
            "id": "gamify-it/gamify-it-chickenshock-backend",
            "metadata": [
              {
                "annotations": {},
                "generate_name": "",
                "generation": 0,
                "labels": {
                  "gamify-it.app": "chickenshock-backend"
                },
                "name": "gamify-it-chickenshock-backend",
                "namespace": "gamify-it",
                "resource_version": "468554540",
                "uid": "99e46f44-66f1-4696-80cc-c3211727e44c"
              }
            ],
            "spec": [
              {
                "allocate_load_balancer_node_ports": true,
                "cluster_ip": "10.233.62.43",
                "cluster_ips": [
                  "10.233.62.43"
                ],
                "external_ips": [],
                "external_name": "",
                "external_traffic_policy": "",
                "health_check_node_port": 0,
                "internal_traffic_policy": "Cluster",
                "ip_families": [
                  "IPv4"
                ],
                "ip_family_policy": "SingleStack",
                "load_balancer_class": "",
                "load_balancer_ip": "",
                "load_balancer_source_ranges": [],
                "port": [
                  {
                    "app_protocol": "",
                    "name": "80",
                    "node_port": 0,
                    "port": 80,
                    "protocol": "TCP",
                    "target_port": "80"
                  }
                ],
                "publish_not_ready_addresses": false,
                "selector": {
                  "gamify-it.app": "chickenshock-backend"
                },
                "session_affinity": "None",
                "session_affinity_config": [],
                "type": "ClusterIP"
              }
            ],
            "status": [
              {
                "load_balancer": [
                  {
                    "ingress": []
                  }
                ]
              }
            ],
            "timeouts": null,
            "wait_for_load_balancer": true
          },
          "sensitive_attributes": [],
          "private": "eyJlMmJmYjczMC1lY2FhLTExZTYtOGY4OC0zNDM2M2JjN2M0YzAiOnsiY3JlYXRlIjo2MDAwMDAwMDAwMDB9LCJzY2hlbWFfdmVyc2lvbiI6IjEifQ==",
          "dependencies": [
            "kubernetes_namespace.gamify-it"
          ]
        },
        {
          "index_key": "crosswordpuzzle",
          "schema_version": 1,
          "attributes": {
            "id": "gamify-it/gamify-it-crosswordpuzzle-backend",
            "metadata": [
              {
                "annotations": {},
                "generate_name": "",
                "generation": 0,
                "labels": {
                  "gamify-it.app": "crosswordpuzzle-backend"
                },
                "name": "gamify-it-crosswordpuzzle-backend",
                "namespace": "gamify-it",
                "resource_version": "468554321",
                "uid": "376ddf4a-c97d-493c-8f71-0b98802524db"
              }
            ],
            "spec": [
              {
                "allocate_load_balancer_node_ports": true,
                "cluster_ip": "10.233.8.151",
                "cluster_ips": [
                  "10.233.8.151"
                ],
                "external_ips": [],
                "external_name": "",
                "external_traffic_policy": "",
                "health_check_node_port": 0,
                "internal_traffic_policy": "Cluster",
                "ip_families": [
                  "IPv4"
                ],
                "ip_family_policy": "SingleStack",
                "load_balancer_class": "",
                "load_balancer_ip": "",
                "load_balancer_source_ranges": [],
                "port": [
                  {
                    "app_protocol": "",
                    "name": "80",
                    "node_port": 0,
                    "port": 80,
                    "protocol": "TCP",
                    "target_port": "80"
                  }
                ],
                "publish_not_ready_addresses": false,
                "selector": {
                  "gamify-it.app": "crosswordpuzzle-backend"
                },
                "session_affinity": "None",
                "session_affinity_config": [],
                "type": "ClusterIP"
              }
            ],
            "status": [
              {
                "load_balancer": [
                  {
                    "ingress": []
                  }
                ]
              }
            ],
            "timeouts": null,
            "wait_for_load_balancer": true
          },
          "sensitive_attributes": [],
          "private": "eyJlMmJmYjczMC1lY2FhLTExZTYtOGY4OC0zNDM2M2JjN2M0YzAiOnsiY3JlYXRlIjo2MDAwMDAwMDAwMDB9LCJzY2hlbWFfdmVyc2lvbiI6IjEifQ==",
          "dependencies": [
            "kubernetes_namespace.gamify-it"
          ]
        },
        {
          "index_key": "finitequiz",
          "schema_version": 1,
          "attributes": {
            "id": "gamify-it/gamify-it-finitequiz-backend",
            "metadata": [
              {
                "annotations": {},
                "generate_name": "",
                "generation": 0,
                "labels": {
                  "gamify-it.app": "finitequiz-backend"
                },
                "name": "gamify-it-finitequiz-backend",
                "namespace": "gamify-it",
                "resource_version": "468554605",
                "uid": "77d5e563-527a-475e-b8d3-d7a2a54b9f39"
              }
            ],
            "spec": [
              {
                "allocate_load_balancer_node_ports": true,
                "cluster_ip": "10.233.41.213",
                "cluster_ips": [
                  "10.233.41.213"
                ],
                "external_ips": [],
                "external_name": "",
                "external_traffic_policy": "",
                "health_check_node_port": 0,
                "internal_traffic_policy": "Cluster",
                "ip_families": [
                  "IPv4"
                ],
                "ip_family_policy": "SingleStack",
                "load_balancer_class": "",
                "load_balancer_ip": "",
                "load_balancer_source_ranges": [],
                "port": [
                  {
                    "app_protocol": "",
                    "name": "80",
                    "node_port": 0,
                    "port": 80,
                    "protocol": "TCP",
                    "target_port": "80"
                  }
                ],
                "publish_not_ready_addresses": false,
                "selector": {
                  "gamify-it.app": "finitequiz-backend"
                },
                "session_affinity": "None",
                "session_affinity_config": [],
                "type": "ClusterIP"
              }
            ],
            "status": [
              {
                "load_balancer": [
                  {
                    "ingress": []
                  }
                ]
              }
            ],
            "timeouts": null,
            "wait_for_load_balancer": true
          },
          "sensitive_attributes": [],
          "private": "eyJlMmJmYjczMC1lY2FhLTExZTYtOGY4OC0zNDM2M2JjN2M0YzAiOnsiY3JlYXRlIjo2MDAwMDAwMDAwMDB9LCJzY2hlbWFfdmVyc2lvbiI6IjEifQ==",
          "dependencies": [
            "kubernetes_namespace.gamify-it"
          ]
        },
        {
          "index_key": "memory",
          "schema_version": 1,
          "attributes": {
            "id": "gamify-it/gamify-it-memory-backend",
            "metadata": [
              {
                "annotations": {},
                "generate_name": "",
                "generation": 0,
                "labels": {
                  "gamify-it.app": "memory-backend"
                },
                "name": "gamify-it-memory-backend",
                "namespace": "gamify-it",
                "resource_version": "468554325",
                "uid": "0b7ab553-3d09-48f1-b75e-bbedeb27218a"
              }
            ],
            "spec": [
              {
                "allocate_load_balancer_node_ports": true,
                "cluster_ip": "10.233.38.15",
                "cluster_ips": [
                  "10.233.38.15"
                ],
                "external_ips": [],
                "external_name": "",
                "external_traffic_policy": "",
                "health_check_node_port": 0,
                "internal_traffic_policy": "Cluster",
                "ip_families": [
                  "IPv4"
                ],
                "ip_family_policy": "SingleStack",
                "load_balancer_class": "",
                "load_balancer_ip": "",
                "load_balancer_source_ranges": [],
                "port": [
                  {
                    "app_protocol": "",
                    "name": "80",
                    "node_port": 0,
                    "port": 80,
                    "protocol": "TCP",
                    "target_port": "80"
                  }
                ],
                "publish_not_ready_addresses": false,
                "selector": {
                  "gamify-it.app": "memory-backend"
                },
                "session_affinity": "None",
                "session_affinity_config": [],
                "type": "ClusterIP"
              }
            ],
            "status": [
              {
                "load_balancer": [
                  {
                    "ingress": []
                  }
                ]
              }
            ],
            "timeouts": null,
            "wait_for_load_balancer": true
          },
          "sensitive_attributes": [],
          "private": "eyJlMmJmYjczMC1lY2FhLTExZTYtOGY4OC0zNDM2M2JjN2M0YzAiOnsiY3JlYXRlIjo2MDAwMDAwMDAwMDB9LCJzY2hlbWFfdmVyc2lvbiI6IjEifQ==",
          "dependencies": [
            "kubernetes_namespace.gamify-it"
          ]
        },
        {
          "index_key": "overworld",
          "schema_version": 1,
          "attributes": {
            "id": "gamify-it/gamify-it-overworld-backend",
            "metadata": [
              {
                "annotations": {},
                "generate_name": "",
                "generation": 0,
                "labels": {
                  "gamify-it.app": "overworld-backend"
                },
                "name": "gamify-it-overworld-backend",
                "namespace": "gamify-it",
                "resource_version": "468554330",
                "uid": "a15d61c1-be7d-4d40-ad39-81b34bc63e7c"
              }
            ],
            "spec": [
              {
                "allocate_load_balancer_node_ports": true,
                "cluster_ip": "10.233.24.94",
                "cluster_ips": [
                  "10.233.24.94"
                ],
                "external_ips": [],
                "external_name": "",
                "external_traffic_policy": "",
                "health_check_node_port": 0,
                "internal_traffic_policy": "Cluster",
                "ip_families": [
                  "IPv4"
                ],
                "ip_family_policy": "SingleStack",
                "load_balancer_class": "",
                "load_balancer_ip": "",
                "load_balancer_source_ranges": [],
                "port": [
                  {
                    "app_protocol": "",
                    "name": "80",
                    "node_port": 0,
                    "port": 80,
                    "protocol": "TCP",
                    "target_port": "80"
                  }
                ],
                "publish_not_ready_addresses": false,
                "selector": {
                  "gamify-it.app": "overworld-backend"
                },
                "session_affinity": "None",
                "session_affinity_config": [],
                "type": "ClusterIP"
              }
            ],
            "status": [
              {
                "load_balancer": [
                  {
                    "ingress": []
                  }
                ]
              }
            ],
            "timeouts": null,
            "wait_for_load_balancer": true
          },
          "sensitive_attributes": [],
          "private": "eyJlMmJmYjczMC1lY2FhLTExZTYtOGY4OC0zNDM2M2JjN2M0YzAiOnsiY3JlYXRlIjo2MDAwMDAwMDAwMDB9LCJzY2hlbWFfdmVyc2lvbiI6IjEifQ==",
          "dependencies": [
            "kubernetes_namespace.gamify-it"
          ]
        },
        {
          "index_key": "regexgame",
          "schema_version": 1,
          "attributes": {
            "id": "gamify-it/gamify-it-regexgame-backend",
            "metadata": [
              {
                "annotations": {},
                "generate_name": "",
                "generation": 0,
                "labels": {
                  "gamify-it.app": "regexgame-backend"
                },
                "name": "gamify-it-regexgame-backend",
                "namespace": "gamify-it",
                "resource_version": "468554536",
                "uid": "4e3da7b1-aedb-4b8e-a385-7ad359daa6a1"
              }
            ],
            "spec": [
              {
                "allocate_load_balancer_node_ports": true,
                "cluster_ip": "10.233.2.226",
                "cluster_ips": [
                  "10.233.2.226"
                ],
                "external_ips": [],
                "external_name": "",
                "external_traffic_policy": "",
                "health_check_node_port": 0,
                "internal_traffic_policy": "Cluster",
                "ip_families": [
                  "IPv4"
                ],
                "ip_family_policy": "SingleStack",
                "load_balancer_class": "",
                "load_balancer_ip": "",
                "load_balancer_source_ranges": [],
                "port": [
                  {
                    "app_protocol": "",
                    "name": "80",
                    "node_port": 0,
                    "port": 80,
                    "protocol": "TCP",
                    "target_port": "80"
                  }
                ],
                "publish_not_ready_addresses": false,
                "selector": {
                  "gamify-it.app": "regexgame-backend"
                },
                "session_affinity": "None",
                "session_affinity_config": [],
                "type": "ClusterIP"
              }
            ],
            "status": [
              {
                "load_balancer": [
                  {
                    "ingress": []
                  }
                ]
              }
            ],
            "timeouts": null,
            "wait_for_load_balancer": true
          },
          "sensitive_attributes": [],
          "private": "eyJlMmJmYjczMC1lY2FhLTExZTYtOGY4OC0zNDM2M2JjN2M0YzAiOnsiY3JlYXRlIjo2MDAwMDAwMDAwMDB9LCJzY2hlbWFfdmVyc2lvbiI6IjEifQ==",
          "dependencies": [
            "kubernetes_namespace.gamify-it"
          ]
        },
        {
          "index_key": "towercrush",
          "schema_version": 1,
          "attributes": {
            "id": "gamify-it/gamify-it-towercrush-backend",
            "metadata": [
              {
                "annotations": {},
                "generate_name": "",
                "generation": 0,
                "labels": {
                  "gamify-it.app": "towercrush-backend"
                },
                "name": "gamify-it-towercrush-backend",
                "namespace": "gamify-it",
                "resource_version": "468554317",
                "uid": "bfed6c04-4323-4562-9a50-896c8a429046"
              }
            ],
            "spec": [
              {
                "allocate_load_balancer_node_ports": true,
                "cluster_ip": "10.233.26.43",
                "cluster_ips": [
                  "10.233.26.43"
                ],
                "external_ips": [],
                "external_name": "",
                "external_traffic_policy": "",
                "health_check_node_port": 0,
                "internal_traffic_policy": "Cluster",
                "ip_families": [
                  "IPv4"
                ],
                "ip_family_policy": "SingleStack",
                "load_balancer_class": "",
                "load_balancer_ip": "",
                "load_balancer_source_ranges": [],
                "port": [
                  {
                    "app_protocol": "",
                    "name": "80",
                    "node_port": 0,
                    "port": 80,
                    "protocol": "TCP",
                    "target_port": "80"
                  }
                ],
                "publish_not_ready_addresses": false,
                "selector": {
                  "gamify-it.app": "towercrush-backend"
                },
                "session_affinity": "None",
                "session_affinity_config": [],
                "type": "ClusterIP"
              }
            ],
            "status": [
              {
                "load_balancer": [
                  {
                    "ingress": []
                  }
                ]
              }
            ],
            "timeouts": null,
            "wait_for_load_balancer": true
          },
          "sensitive_attributes": [],
          "private": "eyJlMmJmYjczMC1lY2FhLTExZTYtOGY4OC0zNDM2M2JjN2M0YzAiOnsiY3JlYXRlIjo2MDAwMDAwMDAwMDB9LCJzY2hlbWFfdmVyc2lvbiI6IjEifQ==",
          "dependencies": [
            "kubernetes_namespace.gamify-it"
          ]
        },
        {
          "index_key": "towerdefense",
          "schema_version": 1,
          "attributes": {
            "id": "gamify-it/gamify-it-towerdefense-backend",
            "metadata": [
              {
                "annotations": {},
                "generate_name": "",
                "generation": 0,
                "labels": {
                  "gamify-it.app": "towerdefense-backend"
                },
                "name": "gamify-it-towerdefense-backend",
                "namespace": "gamify-it",
                "resource_version": "468554592",
                "uid": "a6d6ee5f-4e9b-4d14-b160-505b029ed0f4"
              }
            ],
            "spec": [
              {
                "allocate_load_balancer_node_ports": true,
                "cluster_ip": "10.233.10.221",
                "cluster_ips": [
                  "10.233.10.221"
                ],
                "external_ips": [],
                "external_name": "",
                "external_traffic_policy": "",
                "health_check_node_port": 0,
                "internal_traffic_policy": "Cluster",
                "ip_families": [
                  "IPv4"
                ],
                "ip_family_policy": "SingleStack",
                "load_balancer_class": "",
                "load_balancer_ip": "",
                "load_balancer_source_ranges": [],
                "port": [
                  {
                    "app_protocol": "",
                    "name": "80",
                    "node_port": 0,
                    "port": 80,
                    "protocol": "TCP",
                    "target_port": "80"
                  }
                ],
                "publish_not_ready_addresses": false,
                "selector": {
                  "gamify-it.app": "towerdefense-backend"
                },
                "session_affinity": "None",
                "session_affinity_config": [],
                "type": "ClusterIP"
              }
            ],
            "status": [
              {
                "load_balancer": [
                  {
                    "ingress": []
                  }
                ]
              }
            ],
            "timeouts": null,
            "wait_for_load_balancer": true
          },
          "sensitive_attributes": [],
          "private": "eyJlMmJmYjczMC1lY2FhLTExZTYtOGY4OC0zNDM2M2JjN2M0YzAiOnsiY3JlYXRlIjo2MDAwMDAwMDAwMDB9LCJzY2hlbWFfdmVyc2lvbiI6IjEifQ==",
          "dependencies": [
            "kubernetes_namespace.gamify-it"
          ]
        }
      ]
    },
    {
      "mode": "managed",
      "type": "kubernetes_service",
      "name": "frontend",
      "provider": "provider[\"registry.terraform.io/hashicorp/kubernetes\"]",
      "instances": [
        {
          "index_key": "bugfinder",
          "schema_version": 1,
          "attributes": {
            "id": "gamify-it/gamify-it-bugfinder",
            "metadata": [
              {
                "annotations": {},
                "generate_name": "",
                "generation": 0,
                "labels": {
                  "gamify-it.app": "bugfinder"
                },
                "name": "gamify-it-bugfinder",
                "namespace": "gamify-it",
                "resource_version": "468554355",
                "uid": "72576a54-b580-4fa9-81de-8b696a6fd1e5"
              }
            ],
            "spec": [
              {
                "allocate_load_balancer_node_ports": true,
                "cluster_ip": "10.233.55.184",
                "cluster_ips": [
                  "10.233.55.184"
                ],
                "external_ips": [],
                "external_name": "",
                "external_traffic_policy": "",
                "health_check_node_port": 0,
                "internal_traffic_policy": "Cluster",
                "ip_families": [
                  "IPv4"
                ],
                "ip_family_policy": "SingleStack",
                "load_balancer_class": "",
                "load_balancer_ip": "",
                "load_balancer_source_ranges": [],
                "port": [
                  {
                    "app_protocol": "",
                    "name": "80",
                    "node_port": 0,
                    "port": 80,
                    "protocol": "TCP",
                    "target_port": "80"
                  }
                ],
                "publish_not_ready_addresses": false,
                "selector": {
                  "gamify-it.app": "bugfinder"
                },
                "session_affinity": "None",
                "session_affinity_config": [],
                "type": "ClusterIP"
              }
            ],
            "status": [
              {
                "load_balancer": [
                  {
                    "ingress": []
                  }
                ]
              }
            ],
            "timeouts": null,
            "wait_for_load_balancer": true
          },
          "sensitive_attributes": [],
          "private": "eyJlMmJmYjczMC1lY2FhLTExZTYtOGY4OC0zNDM2M2JjN2M0YzAiOnsiY3JlYXRlIjo2MDAwMDAwMDAwMDB9LCJzY2hlbWFfdmVyc2lvbiI6IjEifQ==",
          "dependencies": [
            "kubernetes_namespace.gamify-it"
          ]
        },
        {
          "index_key": "chickenshock",
          "schema_version": 1,
          "attributes": {
            "id": "gamify-it/gamify-it-chickenshock",
            "metadata": [
              {
                "annotations": {},
                "generate_name": "",
                "generation": 0,
                "labels": {
                  "gamify-it.app": "chickenshock"
                },
                "name": "gamify-it-chickenshock",
                "namespace": "gamify-it",
                "resource_version": "468554111",
                "uid": "c7e1f1eb-893b-40bf-9060-f5c82c2c091d"
              }
            ],
            "spec": [
              {
                "allocate_load_balancer_node_ports": true,
                "cluster_ip": "10.233.36.83",
                "cluster_ips": [
                  "10.233.36.83"
                ],
                "external_ips": [],
                "external_name": "",
                "external_traffic_policy": "",
                "health_check_node_port": 0,
                "internal_traffic_policy": "Cluster",
                "ip_families": [
                  "IPv4"
                ],
                "ip_family_policy": "SingleStack",
                "load_balancer_class": "",
                "load_balancer_ip": "",
                "load_balancer_source_ranges": [],
                "port": [
                  {
                    "app_protocol": "",
                    "name": "80",
                    "node_port": 0,
                    "port": 80,
                    "protocol": "TCP",
                    "target_port": "80"
                  }
                ],
                "publish_not_ready_addresses": false,
                "selector": {
                  "gamify-it.app": "chickenshock"
                },
                "session_affinity": "None",
                "session_affinity_config": [],
                "type": "ClusterIP"
              }
            ],
            "status": [
              {
                "load_balancer": [
                  {
                    "ingress": []
                  }
                ]
              }
            ],
            "timeouts": null,
            "wait_for_load_balancer": true
          },
          "sensitive_attributes": [],
          "private": "eyJlMmJmYjczMC1lY2FhLTExZTYtOGY4OC0zNDM2M2JjN2M0YzAiOnsiY3JlYXRlIjo2MDAwMDAwMDAwMDB9LCJzY2hlbWFfdmVyc2lvbiI6IjEifQ==",
          "dependencies": [
            "kubernetes_namespace.gamify-it"
          ]
        },
        {
          "index_key": "crosswordpuzzle",
          "schema_version": 1,
          "attributes": {
            "id": "gamify-it/gamify-it-crosswordpuzzle",
            "metadata": [
              {
                "annotations": {},
                "generate_name": "",
                "generation": 0,
                "labels": {
                  "gamify-it.app": "crosswordpuzzle"
                },
                "name": "gamify-it-crosswordpuzzle",
                "namespace": "gamify-it",
                "resource_version": "468554338",
                "uid": "ec3f7347-3d7b-49a3-87c6-53cbe4e51a00"
              }
            ],
            "spec": [
              {
                "allocate_load_balancer_node_ports": true,
                "cluster_ip": "10.233.5.81",
                "cluster_ips": [
                  "10.233.5.81"
                ],
                "external_ips": [],
                "external_name": "",
                "external_traffic_policy": "",
                "health_check_node_port": 0,
                "internal_traffic_policy": "Cluster",
                "ip_families": [
                  "IPv4"
                ],
                "ip_family_policy": "SingleStack",
                "load_balancer_class": "",
                "load_balancer_ip": "",
                "load_balancer_source_ranges": [],
                "port": [
                  {
                    "app_protocol": "",
                    "name": "80",
                    "node_port": 0,
                    "port": 80,
                    "protocol": "TCP",
                    "target_port": "80"
                  }
                ],
                "publish_not_ready_addresses": false,
                "selector": {
                  "gamify-it.app": "crosswordpuzzle"
                },
                "session_affinity": "None",
                "session_affinity_config": [],
                "type": "ClusterIP"
              }
            ],
            "status": [
              {
                "load_balancer": [
                  {
                    "ingress": []
                  }
                ]
              }
            ],
            "timeouts": null,
            "wait_for_load_balancer": true
          },
          "sensitive_attributes": [],
          "private": "eyJlMmJmYjczMC1lY2FhLTExZTYtOGY4OC0zNDM2M2JjN2M0YzAiOnsiY3JlYXRlIjo2MDAwMDAwMDAwMDB9LCJzY2hlbWFfdmVyc2lvbiI6IjEifQ==",
          "dependencies": [
            "kubernetes_namespace.gamify-it"
          ]
        },
        {
          "index_key": "finitequiz",
          "schema_version": 1,
          "attributes": {
            "id": "gamify-it/gamify-it-finitequiz",
            "metadata": [
              {
                "annotations": {},
                "generate_name": "",
                "generation": 0,
                "labels": {
                  "gamify-it.app": "finitequiz"
                },
                "name": "gamify-it-finitequiz",
                "namespace": "gamify-it",
                "resource_version": "468554351",
                "uid": "68bd9117-6652-44b6-a462-2e05f736a9de"
              }
            ],
            "spec": [
              {
                "allocate_load_balancer_node_ports": true,
                "cluster_ip": "10.233.34.6",
                "cluster_ips": [
                  "10.233.34.6"
                ],
                "external_ips": [],
                "external_name": "",
                "external_traffic_policy": "",
                "health_check_node_port": 0,
                "internal_traffic_policy": "Cluster",
                "ip_families": [
                  "IPv4"
                ],
                "ip_family_policy": "SingleStack",
                "load_balancer_class": "",
                "load_balancer_ip": "",
                "load_balancer_source_ranges": [],
                "port": [
                  {
                    "app_protocol": "",
                    "name": "80",
                    "node_port": 0,
                    "port": 80,
                    "protocol": "TCP",
                    "target_port": "80"
                  }
                ],
                "publish_not_ready_addresses": false,
                "selector": {
                  "gamify-it.app": "finitequiz"
                },
                "session_affinity": "None",
                "session_affinity_config": [],
                "type": "ClusterIP"
              }
            ],
            "status": [
              {
                "load_balancer": [
                  {
                    "ingress": []
                  }
                ]
              }
            ],
            "timeouts": null,
            "wait_for_load_balancer": true
          },
          "sensitive_attributes": [],
          "private": "eyJlMmJmYjczMC1lY2FhLTExZTYtOGY4OC0zNDM2M2JjN2M0YzAiOnsiY3JlYXRlIjo2MDAwMDAwMDAwMDB9LCJzY2hlbWFfdmVyc2lvbiI6IjEifQ==",
          "dependencies": [
            "kubernetes_namespace.gamify-it"
          ]
        },
        {
          "index_key": "landing-page",
          "schema_version": 1,
          "attributes": {
            "id": "gamify-it/gamify-it-landing-page",
            "metadata": [
              {
                "annotations": {},
                "generate_name": "",
                "generation": 0,
                "labels": {
                  "gamify-it.app": "landing-page"
                },
                "name": "gamify-it-landing-page",
                "namespace": "gamify-it",
                "resource_version": "468554596",
                "uid": "423962dd-cedb-45d6-b5e0-4aabd4b4596d"
              }
            ],
            "spec": [
              {
                "allocate_load_balancer_node_ports": true,
                "cluster_ip": "10.233.2.5",
                "cluster_ips": [
                  "10.233.2.5"
                ],
                "external_ips": [],
                "external_name": "",
                "external_traffic_policy": "",
                "health_check_node_port": 0,
                "internal_traffic_policy": "Cluster",
                "ip_families": [
                  "IPv4"
                ],
                "ip_family_policy": "SingleStack",
                "load_balancer_class": "",
                "load_balancer_ip": "",
                "load_balancer_source_ranges": [],
                "port": [
                  {
                    "app_protocol": "",
                    "name": "80",
                    "node_port": 0,
                    "port": 80,
                    "protocol": "TCP",
                    "target_port": "80"
                  }
                ],
                "publish_not_ready_addresses": false,
                "selector": {
                  "gamify-it.app": "landing-page"
                },
                "session_affinity": "None",
                "session_affinity_config": [],
                "type": "ClusterIP"
              }
            ],
            "status": [
              {
                "load_balancer": [
                  {
                    "ingress": []
                  }
                ]
              }
            ],
            "timeouts": null,
            "wait_for_load_balancer": true
          },
          "sensitive_attributes": [],
          "private": "eyJlMmJmYjczMC1lY2FhLTExZTYtOGY4OC0zNDM2M2JjN2M0YzAiOnsiY3JlYXRlIjo2MDAwMDAwMDAwMDB9LCJzY2hlbWFfdmVyc2lvbiI6IjEifQ==",
          "dependencies": [
            "kubernetes_namespace.gamify-it"
          ]
        },
        {
          "index_key": "lecturer-interface",
          "schema_version": 1,
          "attributes": {
            "id": "gamify-it/gamify-it-lecturer-interface",
            "metadata": [
              {
                "annotations": {},
                "generate_name": "",
                "generation": 0,
                "labels": {
                  "gamify-it.app": "lecturer-interface"
                },
                "name": "gamify-it-lecturer-interface",
                "namespace": "gamify-it",
                "resource_version": "468554609",
                "uid": "54b0929a-841d-4b2c-9a08-2612b18fad18"
              }
            ],
            "spec": [
              {
                "allocate_load_balancer_node_ports": true,
                "cluster_ip": "10.233.29.2",
                "cluster_ips": [
                  "10.233.29.2"
                ],
                "external_ips": [],
                "external_name": "",
                "external_traffic_policy": "",
                "health_check_node_port": 0,
                "internal_traffic_policy": "Cluster",
                "ip_families": [
                  "IPv4"
                ],
                "ip_family_policy": "SingleStack",
                "load_balancer_class": "",
                "load_balancer_ip": "",
                "load_balancer_source_ranges": [],
                "port": [
                  {
                    "app_protocol": "",
                    "name": "80",
                    "node_port": 0,
                    "port": 80,
                    "protocol": "TCP",
                    "target_port": "80"
                  }
                ],
                "publish_not_ready_addresses": false,
                "selector": {
                  "gamify-it.app": "lecturer-interface"
                },
                "session_affinity": "None",
                "session_affinity_config": [],
                "type": "ClusterIP"
              }
            ],
            "status": [
              {
                "load_balancer": [
                  {
                    "ingress": []
                  }
                ]
              }
            ],
            "timeouts": null,
            "wait_for_load_balancer": true
          },
          "sensitive_attributes": [],
          "private": "eyJlMmJmYjczMC1lY2FhLTExZTYtOGY4OC0zNDM2M2JjN2M0YzAiOnsiY3JlYXRlIjo2MDAwMDAwMDAwMDB9LCJzY2hlbWFfdmVyc2lvbiI6IjEifQ==",
          "dependencies": [
            "kubernetes_namespace.gamify-it"
          ]
        },
        {
          "index_key": "memory",
          "schema_version": 1,
          "attributes": {
            "id": "gamify-it/gamify-it-memory",
            "metadata": [
              {
                "annotations": {},
                "generate_name": "",
                "generation": 0,
                "labels": {
                  "gamify-it.app": "memory"
                },
                "name": "gamify-it-memory",
                "namespace": "gamify-it",
                "resource_version": "468554441",
                "uid": "503a08e6-79c3-40a3-97d4-f8b6360ab876"
              }
            ],
            "spec": [
              {
                "allocate_load_balancer_node_ports": true,
                "cluster_ip": "10.233.37.249",
                "cluster_ips": [
                  "10.233.37.249"
                ],
                "external_ips": [],
                "external_name": "",
                "external_traffic_policy": "",
                "health_check_node_port": 0,
                "internal_traffic_policy": "Cluster",
                "ip_families": [
                  "IPv4"
                ],
                "ip_family_policy": "SingleStack",
                "load_balancer_class": "",
                "load_balancer_ip": "",
                "load_balancer_source_ranges": [],
                "port": [
                  {
                    "app_protocol": "",
                    "name": "80",
                    "node_port": 0,
                    "port": 80,
                    "protocol": "TCP",
                    "target_port": "80"
                  }
                ],
                "publish_not_ready_addresses": false,
                "selector": {
                  "gamify-it.app": "memory"
                },
                "session_affinity": "None",
                "session_affinity_config": [],
                "type": "ClusterIP"
              }
            ],
            "status": [
              {
                "load_balancer": [
                  {
                    "ingress": []
                  }
                ]
              }
            ],
            "timeouts": null,
            "wait_for_load_balancer": true
          },
          "sensitive_attributes": [],
          "private": "eyJlMmJmYjczMC1lY2FhLTExZTYtOGY4OC0zNDM2M2JjN2M0YzAiOnsiY3JlYXRlIjo2MDAwMDAwMDAwMDB9LCJzY2hlbWFfdmVyc2lvbiI6IjEifQ==",
          "dependencies": [
            "kubernetes_namespace.gamify-it"
          ]
        },
        {
          "index_key": "overworld",
          "schema_version": 1,
          "attributes": {
            "id": "gamify-it/gamify-it-overworld",
            "metadata": [
              {
                "annotations": {},
                "generate_name": "",
                "generation": 0,
                "labels": {
                  "gamify-it.app": "overworld"
                },
                "name": "gamify-it-overworld",
                "namespace": "gamify-it",
                "resource_version": "468554456",
                "uid": "b7354e5d-d5d9-4e23-8fee-a88d0abcd406"
              }
            ],
            "spec": [
              {
                "allocate_load_balancer_node_ports": true,
                "cluster_ip": "10.233.10.67",
                "cluster_ips": [
                  "10.233.10.67"
                ],
                "external_ips": [],
                "external_name": "",
                "external_traffic_policy": "",
                "health_check_node_port": 0,
                "internal_traffic_policy": "Cluster",
                "ip_families": [
                  "IPv4"
                ],
                "ip_family_policy": "SingleStack",
                "load_balancer_class": "",
                "load_balancer_ip": "",
                "load_balancer_source_ranges": [],
                "port": [
                  {
                    "app_protocol": "",
                    "name": "80",
                    "node_port": 0,
                    "port": 80,
                    "protocol": "TCP",
                    "target_port": "80"
                  }
                ],
                "publish_not_ready_addresses": false,
                "selector": {
                  "gamify-it.app": "overworld"
                },
                "session_affinity": "None",
                "session_affinity_config": [],
                "type": "ClusterIP"
              }
            ],
            "status": [
              {
                "load_balancer": [
                  {
                    "ingress": []
                  }
                ]
              }
            ],
            "timeouts": null,
            "wait_for_load_balancer": true
          },
          "sensitive_attributes": [],
          "private": "eyJlMmJmYjczMC1lY2FhLTExZTYtOGY4OC0zNDM2M2JjN2M0YzAiOnsiY3JlYXRlIjo2MDAwMDAwMDAwMDB9LCJzY2hlbWFfdmVyc2lvbiI6IjEifQ==",
          "dependencies": [
            "kubernetes_namespace.gamify-it"
          ]
        },
        {
          "index_key": "privacy-policy",
          "schema_version": 1,
          "attributes": {
            "id": "gamify-it/gamify-it-privacy-policy",
            "metadata": [
              {
                "annotations": {},
                "generate_name": "",
                "generation": 0,
                "labels": {
                  "gamify-it.app": "privacy-policy"
                },
                "name": "gamify-it-privacy-policy",
                "namespace": "gamify-it",
                "resource_version": "468554347",
                "uid": "bc44c203-9327-4962-a936-633734489519"
              }
            ],
            "spec": [
              {
                "allocate_load_balancer_node_ports": true,
                "cluster_ip": "10.233.9.255",
                "cluster_ips": [
                  "10.233.9.255"
                ],
                "external_ips": [],
                "external_name": "",
                "external_traffic_policy": "",
                "health_check_node_port": 0,
                "internal_traffic_policy": "Cluster",
                "ip_families": [
                  "IPv4"
                ],
                "ip_family_policy": "SingleStack",
                "load_balancer_class": "",
                "load_balancer_ip": "",
                "load_balancer_source_ranges": [],
                "port": [
                  {
                    "app_protocol": "",
                    "name": "80",
                    "node_port": 0,
                    "port": 80,
                    "protocol": "TCP",
                    "target_port": "80"
                  }
                ],
                "publish_not_ready_addresses": false,
                "selector": {
                  "gamify-it.app": "privacy-policy"
                },
                "session_affinity": "None",
                "session_affinity_config": [],
                "type": "ClusterIP"
              }
            ],
            "status": [
              {
                "load_balancer": [
                  {
                    "ingress": []
                  }
                ]
              }
            ],
            "timeouts": null,
            "wait_for_load_balancer": true
          },
          "sensitive_attributes": [],
          "private": "eyJlMmJmYjczMC1lY2FhLTExZTYtOGY4OC0zNDM2M2JjN2M0YzAiOnsiY3JlYXRlIjo2MDAwMDAwMDAwMDB9LCJzY2hlbWFfdmVyc2lvbiI6IjEifQ==",
          "dependencies": [
            "kubernetes_namespace.gamify-it"
          ]
        },
        {
          "index_key": "regexgame",
          "schema_version": 1,
          "attributes": {
            "id": "gamify-it/gamify-it-regexgame",
            "metadata": [
              {
                "annotations": {},
                "generate_name": "",
                "generation": 0,
                "labels": {
                  "gamify-it.app": "regexgame"
                },
                "name": "gamify-it-regexgame",
                "namespace": "gamify-it",
                "resource_version": "468554601",
                "uid": "e8f7e053-cd97-40fb-8754-46bc0f5fa128"
              }
            ],
            "spec": [
              {
                "allocate_load_balancer_node_ports": true,
                "cluster_ip": "10.233.3.187",
                "cluster_ips": [
                  "10.233.3.187"
                ],
                "external_ips": [],
                "external_name": "",
                "external_traffic_policy": "",
                "health_check_node_port": 0,
                "internal_traffic_policy": "Cluster",
                "ip_families": [
                  "IPv4"
                ],
                "ip_family_policy": "SingleStack",
                "load_balancer_class": "",
                "load_balancer_ip": "",
                "load_balancer_source_ranges": [],
                "port": [
                  {
                    "app_protocol": "",
                    "name": "80",
                    "node_port": 0,
                    "port": 80,
                    "protocol": "TCP",
                    "target_port": "80"
                  }
                ],
                "publish_not_ready_addresses": false,
                "selector": {
                  "gamify-it.app": "regexgame"
                },
                "session_affinity": "None",
                "session_affinity_config": [],
                "type": "ClusterIP"
              }
            ],
            "status": [
              {
                "load_balancer": [
                  {
                    "ingress": []
                  }
                ]
              }
            ],
            "timeouts": null,
            "wait_for_load_balancer": true
          },
          "sensitive_attributes": [],
          "private": "eyJlMmJmYjczMC1lY2FhLTExZTYtOGY4OC0zNDM2M2JjN2M0YzAiOnsiY3JlYXRlIjo2MDAwMDAwMDAwMDB9LCJzY2hlbWFfdmVyc2lvbiI6IjEifQ==",
          "dependencies": [
            "kubernetes_namespace.gamify-it"
          ]
        },
        {
          "index_key": "third-party-license-notice",
          "schema_version": 1,
          "attributes": {
            "id": "gamify-it/gamify-it-third-party-license-notice",
            "metadata": [
              {
                "annotations": {},
                "generate_name": "",
                "generation": 0,
                "labels": {
                  "gamify-it.app": "third-party-license-notice"
                },
                "name": "gamify-it-third-party-license-notice",
                "namespace": "gamify-it",
                "resource_version": "468554342",
                "uid": "2c884d3c-ea9d-4205-a881-c4e902c2dfbe"
              }
            ],
            "spec": [
              {
                "allocate_load_balancer_node_ports": true,
                "cluster_ip": "10.233.39.79",
                "cluster_ips": [
                  "10.233.39.79"
                ],
                "external_ips": [],
                "external_name": "",
                "external_traffic_policy": "",
                "health_check_node_port": 0,
                "internal_traffic_policy": "Cluster",
                "ip_families": [
                  "IPv4"
                ],
                "ip_family_policy": "SingleStack",
                "load_balancer_class": "",
                "load_balancer_ip": "",
                "load_balancer_source_ranges": [],
                "port": [
                  {
                    "app_protocol": "",
                    "name": "80",
                    "node_port": 0,
                    "port": 80,
                    "protocol": "TCP",
                    "target_port": "80"
                  }
                ],
                "publish_not_ready_addresses": false,
                "selector": {
                  "gamify-it.app": "third-party-license-notice"
                },
                "session_affinity": "None",
                "session_affinity_config": [],
                "type": "ClusterIP"
              }
            ],
            "status": [
              {
                "load_balancer": [
                  {
                    "ingress": []
                  }
                ]
              }
            ],
            "timeouts": null,
            "wait_for_load_balancer": true
          },
          "sensitive_attributes": [],
          "private": "eyJlMmJmYjczMC1lY2FhLTExZTYtOGY4OC0zNDM2M2JjN2M0YzAiOnsiY3JlYXRlIjo2MDAwMDAwMDAwMDB9LCJzY2hlbWFfdmVyc2lvbiI6IjEifQ==",
          "dependencies": [
            "kubernetes_namespace.gamify-it"
          ]
        },
        {
          "index_key": "tower-defense",
          "schema_version": 1,
          "attributes": {
            "id": "gamify-it/gamify-it-tower-defense",
            "metadata": [
              {
                "annotations": {},
                "generate_name": "",
                "generation": 0,
                "labels": {
                  "gamify-it.app": "tower-defense"
                },
                "name": "gamify-it-tower-defense",
                "namespace": "gamify-it",
                "resource_version": "468554334",
                "uid": "6ed14251-6c77-4567-89ba-7fd42205457f"
              }
            ],
            "spec": [
              {
                "allocate_load_balancer_node_ports": true,
                "cluster_ip": "10.233.41.251",
                "cluster_ips": [
                  "10.233.41.251"
                ],
                "external_ips": [],
                "external_name": "",
                "external_traffic_policy": "",
                "health_check_node_port": 0,
                "internal_traffic_policy": "Cluster",
                "ip_families": [
                  "IPv4"
                ],
                "ip_family_policy": "SingleStack",
                "load_balancer_class": "",
                "load_balancer_ip": "",
                "load_balancer_source_ranges": [],
                "port": [
                  {
                    "app_protocol": "",
                    "name": "80",
                    "node_port": 0,
                    "port": 80,
                    "protocol": "TCP",
                    "target_port": "80"
                  }
                ],
                "publish_not_ready_addresses": false,
                "selector": {
                  "gamify-it.app": "tower-defense"
                },
                "session_affinity": "None",
                "session_affinity_config": [],
                "type": "ClusterIP"
              }
            ],
            "status": [
              {
                "load_balancer": [
                  {
                    "ingress": []
                  }
                ]
              }
            ],
            "timeouts": null,
            "wait_for_load_balancer": true
          },
          "sensitive_attributes": [],
          "private": "eyJlMmJmYjczMC1lY2FhLTExZTYtOGY4OC0zNDM2M2JjN2M0YzAiOnsiY3JlYXRlIjo2MDAwMDAwMDAwMDB9LCJzY2hlbWFfdmVyc2lvbiI6IjEifQ==",
          "dependencies": [
            "kubernetes_namespace.gamify-it"
          ]
        },
        {
          "index_key": "towercrush",
          "schema_version": 1,
          "attributes": {
            "id": "gamify-it/gamify-it-towercrush",
            "metadata": [
              {
                "annotations": {},
                "generate_name": "",
                "generation": 0,
                "labels": {
                  "gamify-it.app": "towercrush"
                },
                "name": "gamify-it-towercrush",
                "namespace": "gamify-it",
                "resource_version": "468554436",
                "uid": "a3e376d5-b2ce-4008-a004-898ccca195b9"
              }
            ],
            "spec": [
              {
                "allocate_load_balancer_node_ports": true,
                "cluster_ip": "10.233.13.242",
                "cluster_ips": [
                  "10.233.13.242"
                ],
                "external_ips": [],
                "external_name": "",
                "external_traffic_policy": "",
                "health_check_node_port": 0,
                "internal_traffic_policy": "Cluster",
                "ip_families": [
                  "IPv4"
                ],
                "ip_family_policy": "SingleStack",
                "load_balancer_class": "",
                "load_balancer_ip": "",
                "load_balancer_source_ranges": [],
                "port": [
                  {
                    "app_protocol": "",
                    "name": "80",
                    "node_port": 0,
                    "port": 80,
                    "protocol": "TCP",
                    "target_port": "80"
                  }
                ],
                "publish_not_ready_addresses": false,
                "selector": {
                  "gamify-it.app": "towercrush"
                },
                "session_affinity": "None",
                "session_affinity_config": [],
                "type": "ClusterIP"
              }
            ],
            "status": [
              {
                "load_balancer": [
                  {
                    "ingress": []
                  }
                ]
              }
            ],
            "timeouts": null,
            "wait_for_load_balancer": true
          },
          "sensitive_attributes": [],
          "private": "eyJlMmJmYjczMC1lY2FhLTExZTYtOGY4OC0zNDM2M2JjN2M0YzAiOnsiY3JlYXRlIjo2MDAwMDAwMDAwMDB9LCJzY2hlbWFfdmVyc2lvbiI6IjEifQ==",
          "dependencies": [
            "kubernetes_namespace.gamify-it"
          ]
        }
      ]
    },
    {
      "mode": "managed",
      "type": "kubernetes_service",
      "name": "reverse_proxy",
      "provider": "provider[\"registry.terraform.io/hashicorp/kubernetes\"]",
      "instances": [
        {
          "schema_version": 1,
          "attributes": {
            "id": "gamify-it/gamify-it-reverse-proxy",
            "metadata": [
              {
                "annotations": {},
                "generate_name": "",
                "generation": 0,
                "labels": {
                  "gamify-it.app": "reverse-proxy"
                },
                "name": "gamify-it-reverse-proxy",
                "namespace": "gamify-it",
                "resource_version": "468554109",
                "uid": "0f450d42-61a4-4225-bb92-7976c09c143e"
              }
            ],
            "spec": [
              {
                "allocate_load_balancer_node_ports": true,
                "cluster_ip": "10.233.2.222",
                "cluster_ips": [
                  "10.233.2.222"
                ],
                "external_ips": [],
                "external_name": "",
                "external_traffic_policy": "",
                "health_check_node_port": 0,
                "internal_traffic_policy": "Cluster",
                "ip_families": [
                  "IPv4"
                ],
                "ip_family_policy": "SingleStack",
                "load_balancer_class": "",
                "load_balancer_ip": "",
                "load_balancer_source_ranges": [],
                "port": [
                  {
                    "app_protocol": "",
                    "name": "80",
                    "node_port": 0,
                    "port": 80,
                    "protocol": "TCP",
                    "target_port": "80"
                  }
                ],
                "publish_not_ready_addresses": false,
                "selector": {
                  "gamify-it.app": "reverse-proxy"
                },
                "session_affinity": "None",
                "session_affinity_config": [],
                "type": "ClusterIP"
              }
            ],
            "status": [
              {
                "load_balancer": [
                  {
                    "ingress": []
                  }
                ]
              }
            ],
            "timeouts": null,
            "wait_for_load_balancer": true
          },
          "sensitive_attributes": [],
          "private": "eyJlMmJmYjczMC1lY2FhLTExZTYtOGY4OC0zNDM2M2JjN2M0YzAiOnsiY3JlYXRlIjo2MDAwMDAwMDAwMDB9LCJzY2hlbWFfdmVyc2lvbiI6IjEifQ==",
          "dependencies": [
            "kubernetes_namespace.gamify-it"
          ]
        }
      ]
    },
    {
      "mode": "managed",
      "type": "random_password",
      "name": "keycloak_db_password",
      "provider": "provider[\"registry.terraform.io/hashicorp/random\"]",
      "instances": [
        {
          "schema_version": 3,
          "attributes": {
            "bcrypt_hash": "$2a$10$ohAPgrsbJDXXV3I2r2m7d.aUugNKW7mnQPIgcrug3SvpNr7ZT31vm",
            "id": "none",
            "keepers": null,
            "length": 32,
            "lower": true,
            "min_lower": 0,
            "min_numeric": 0,
            "min_special": 0,
            "min_upper": 0,
            "number": true,
            "numeric": true,
            "override_special": null,
            "result": "JZE68rzESNw0Uxnf5FpZFMX9qZA5DFjY",
            "special": false,
            "upper": true
          },
          "sensitive_attributes": [
            [
              {
                "type": "get_attr",
                "value": "result"
              }
            ],
            [
              {
                "type": "get_attr",
                "value": "bcrypt_hash"
              }
            ]
          ]
        }
      ]
    },
    {
      "mode": "managed",
      "type": "random_password",
      "name": "postgres_password",
      "provider": "provider[\"registry.terraform.io/hashicorp/random\"]",
      "instances": [
        {
          "index_key": "bugfinder",
          "schema_version": 3,
          "attributes": {
            "bcrypt_hash": "$2a$10$T8wmEyp6BzeExpHa3V8Y7u6c2att.TfNem.QSGkunc/2K9vJ2rndy",
            "id": "none",
            "keepers": null,
            "length": 32,
            "lower": true,
            "min_lower": 0,
            "min_numeric": 0,
            "min_special": 0,
            "min_upper": 0,
            "number": true,
            "numeric": true,
            "override_special": null,
            "result": "zlKu1BPdR6UfcwKUNIP9AQoc2zPtz3Lv",
            "special": false,
            "upper": true
          },
          "sensitive_attributes": [
            [
              {
                "type": "get_attr",
                "value": "result"
              }
            ],
            [
              {
                "type": "get_attr",
                "value": "bcrypt_hash"
              }
            ]
          ]
        },
        {
          "index_key": "chickenshock",
          "schema_version": 3,
          "attributes": {
            "bcrypt_hash": "$2a$10$cwWqJVJrLwY0txoPqUFBMu2Jwpkg2UqnY2zpc32wGsldttjtjJM5u",
            "id": "none",
            "keepers": null,
            "length": 32,
            "lower": true,
            "min_lower": 0,
            "min_numeric": 0,
            "min_special": 0,
            "min_upper": 0,
            "number": true,
            "numeric": true,
            "override_special": null,
            "result": "XlSO3kQeXI1y0PvL5wlXVfe5KXq9SxiB",
            "special": false,
            "upper": true
          },
          "sensitive_attributes": [
            [
              {
                "type": "get_attr",
                "value": "result"
              }
            ],
            [
              {
                "type": "get_attr",
                "value": "bcrypt_hash"
              }
            ]
          ]
        },
        {
          "index_key": "crosswordpuzzle",
          "schema_version": 3,
          "attributes": {
            "bcrypt_hash": "$2a$10$C57xa22/sMb68rHvdZbThuRH3GyDoOK0WZ0V2jmSpy7CzoWxH1EcS",
            "id": "none",
            "keepers": null,
            "length": 32,
            "lower": true,
            "min_lower": 0,
            "min_numeric": 0,
            "min_special": 0,
            "min_upper": 0,
            "number": true,
            "numeric": true,
            "override_special": null,
            "result": "6W0PwslhXAZAmsOZiz6aAiblKEYrcvcP",
            "special": false,
            "upper": true
          },
          "sensitive_attributes": [
            [
              {
                "type": "get_attr",
                "value": "result"
              }
            ],
            [
              {
                "type": "get_attr",
                "value": "bcrypt_hash"
              }
            ]
          ]
        },
        {
          "index_key": "finitequiz",
          "schema_version": 3,
          "attributes": {
            "bcrypt_hash": "$2a$10$4tr6sj133p61j43ZW.va/.DuNtBJ4GpSTd4Tb4Y8ksPk/5wH8kYFy",
            "id": "none",
            "keepers": null,
            "length": 32,
            "lower": true,
            "min_lower": 0,
            "min_numeric": 0,
            "min_special": 0,
            "min_upper": 0,
            "number": true,
            "numeric": true,
            "override_special": null,
            "result": "kE0xLnIABF7Y0uKMvu8ene4oxVvKv6Tj",
            "special": false,
            "upper": true
          },
          "sensitive_attributes": [
            [
              {
                "type": "get_attr",
                "value": "result"
              }
            ],
            [
              {
                "type": "get_attr",
                "value": "bcrypt_hash"
              }
            ]
          ]
        },
        {
          "index_key": "memory",
          "schema_version": 3,
          "attributes": {
            "bcrypt_hash": "$2a$10$JvNjmqgikhGQhKlNKtEXdOFYVB.OyNyt431M/WtwuP1UrEXiqun5G",
            "id": "none",
            "keepers": null,
            "length": 32,
            "lower": true,
            "min_lower": 0,
            "min_numeric": 0,
            "min_special": 0,
            "min_upper": 0,
            "number": true,
            "numeric": true,
            "override_special": null,
            "result": "pfupMukRC0PTS9X72lMPyjSm1tpq8HO4",
            "special": false,
            "upper": true
          },
          "sensitive_attributes": [
            [
              {
                "type": "get_attr",
                "value": "bcrypt_hash"
              }
            ],
            [
              {
                "type": "get_attr",
                "value": "result"
              }
            ]
          ]
        },
        {
          "index_key": "overworld",
          "schema_version": 3,
          "attributes": {
            "bcrypt_hash": "$2a$10$a8Ppp5VFhEyH3cQwZjG7geqatA2mgHTacgLa9xL1s.Vfyju8M6dx.",
            "id": "none",
            "keepers": null,
            "length": 32,
            "lower": true,
            "min_lower": 0,
            "min_numeric": 0,
            "min_special": 0,
            "min_upper": 0,
            "number": true,
            "numeric": true,
            "override_special": null,
            "result": "RSXl121T6qPbqnGTZZ8nihxKsPoJiGFI",
            "special": false,
            "upper": true
          },
          "sensitive_attributes": [
            [
              {
                "type": "get_attr",
                "value": "result"
              }
            ],
            [
              {
                "type": "get_attr",
                "value": "bcrypt_hash"
              }
            ]
          ]
        },
        {
          "index_key": "regexgame",
          "schema_version": 3,
          "attributes": {
            "bcrypt_hash": "$2a$10$bh.hpj.4U9Zuy6WJ06doZOyUrxJjv4CtuaE9su.sP7UxxnjTZrl.i",
            "id": "none",
            "keepers": null,
            "length": 32,
            "lower": true,
            "min_lower": 0,
            "min_numeric": 0,
            "min_special": 0,
            "min_upper": 0,
            "number": true,
            "numeric": true,
            "override_special": null,
            "result": "jswSPmQfz1Kj39Mub5Uhn8egeeK7rKW9",
            "special": false,
            "upper": true
          },
          "sensitive_attributes": [
            [
              {
                "type": "get_attr",
                "value": "result"
              }
            ],
            [
              {
                "type": "get_attr",
                "value": "bcrypt_hash"
              }
            ]
          ]
        },
        {
          "index_key": "towercrush",
          "schema_version": 3,
          "attributes": {
            "bcrypt_hash": "$2a$10$l88ifsfPgrYSqqWB90NsO.B5d3xLVq4nl/plj.nj5whxXCK282qwS",
            "id": "none",
            "keepers": null,
            "length": 32,
            "lower": true,
            "min_lower": 0,
            "min_numeric": 0,
            "min_special": 0,
            "min_upper": 0,
            "number": true,
            "numeric": true,
            "override_special": null,
            "result": "gsqSi8yHtpl0nKbhMm4VeT93U4rm0UsA",
            "special": false,
            "upper": true
          },
          "sensitive_attributes": [
            [
              {
                "type": "get_attr",
                "value": "bcrypt_hash"
              }
            ],
            [
              {
                "type": "get_attr",
                "value": "result"
              }
            ]
          ]
        },
        {
          "index_key": "towerdefense",
          "schema_version": 3,
          "attributes": {
            "bcrypt_hash": "$2a$10$mVFVrsDCg9XRuYU8DF1.ku60UMZ1YweWD5LgDNmkA041uQLRt5G9u",
            "id": "none",
            "keepers": null,
            "length": 32,
            "lower": true,
            "min_lower": 0,
            "min_numeric": 0,
            "min_special": 0,
            "min_upper": 0,
            "number": true,
            "numeric": true,
            "override_special": null,
            "result": "Um82PxoCugQagQDpFij3kHzNYb4m9HqI",
            "special": false,
            "upper": true
          },
          "sensitive_attributes": [
            [
              {
                "type": "get_attr",
                "value": "result"
              }
            ],
            [
              {
                "type": "get_attr",
                "value": "bcrypt_hash"
              }
            ]
          ]
        }
      ]
    }
  ],
  "check_results": null
}
